// !$*UTF8*$!
{
	archiveVersion = 1;
	classes = {
	};
	objectVersion = 46;
	objects = {

/* Begin PBXBuildFile section */
		B700AB1D1A7ECE280034EF14 /* Main.storyboard in Resources */ = {isa = PBXBuildFile; fileRef = B700AB1C1A7ECE280034EF14 /* Main.storyboard */; };
		B70CC81D1AED8E9B0042F1CE /* Constants.m in Sources */ = {isa = PBXBuildFile; fileRef = B70CC81C1AED8E9B0042F1CE /* Constants.m */; };
		B7275DB71AC259030016D085 /* RMDateSelectionViewController.m in Sources */ = {isa = PBXBuildFile; fileRef = B7275DB61AC259030016D085 /* RMDateSelectionViewController.m */; };
		B72993631A92B2EC00084DAE /* DBManager.m in Sources */ = {isa = PBXBuildFile; fileRef = B72993621A92B2EC00084DAE /* DBManager.m */; };
		B7322A471A8AD3720057B916 /* MenuController.m in Sources */ = {isa = PBXBuildFile; fileRef = B7322A461A8AD3720057B916 /* MenuController.m */; };
		B755187F1B00337600CE23A3 /* AZNotification.m in Sources */ = {isa = PBXBuildFile; fileRef = B755187A1B00337600CE23A3 /* AZNotification.m */; };
		B75518801B00337600CE23A3 /* AZNotificationView.m in Sources */ = {isa = PBXBuildFile; fileRef = B755187C1B00337600CE23A3 /* AZNotificationView.m */; };
		B75518811B00337600CE23A3 /* UIColor+Additions.m in Sources */ = {isa = PBXBuildFile; fileRef = B755187E1B00337600CE23A3 /* UIColor+Additions.m */; };
		B75A08EE1AB945D8009D2056 /* DayPicker.m in Sources */ = {isa = PBXBuildFile; fileRef = B75A08ED1AB945D8009D2056 /* DayPicker.m */; };
		B75A08F11AB9DC79009D2056 /* DayPickerButton.m in Sources */ = {isa = PBXBuildFile; fileRef = B75A08F01AB9DC79009D2056 /* DayPickerButton.m */; };
		B75FAD681A9FBE140094ACE5 /* MissedViewController.m in Sources */ = {isa = PBXBuildFile; fileRef = B75FAD671A9FBE140094ACE5 /* MissedViewController.m */; };
		B76243C11B06E91800FA86AC /* CRGradientNavigationBar.m in Sources */ = {isa = PBXBuildFile; fileRef = B76243C01B06E91800FA86AC /* CRGradientNavigationBar.m */; };
		B764A1941AB9041B0068A119 /* AddMedViewController.m in Sources */ = {isa = PBXBuildFile; fileRef = B764A1931AB9041B0068A119 /* AddMedViewController.m */; };
		B772FC4E1AFD60A2001CB237 /* EditMedsController.m in Sources */ = {isa = PBXBuildFile; fileRef = B772FC4D1AFD60A2001CB237 /* EditMedsController.m */; };
		B78D8C961B07EDCB00FA62F7 /* Parser.m in Sources */ = {isa = PBXBuildFile; fileRef = B78D8C951B07EDCB00FA62F7 /* Parser.m */; };
		B7988D601A7B350A0061DF8C /* MedsCell.m in Sources */ = {isa = PBXBuildFile; fileRef = B7988D5F1A7B350A0061DF8C /* MedsCell.m */; };
		B7988D641A7B38C50061DF8C /* StrikeThroughLabel.m in Sources */ = {isa = PBXBuildFile; fileRef = B7988D631A7B38C50061DF8C /* StrikeThroughLabel.m */; };
		B7A1FD4E1A8298D40003CD52 /* InfoViewController.m in Sources */ = {isa = PBXBuildFile; fileRef = B7A1FD4D1A8298D40003CD52 /* InfoViewController.m */; };
		B7AAC02D1A834A1300BC6B2C /* Medication.m in Sources */ = {isa = PBXBuildFile; fileRef = B7AAC02C1A834A1300BC6B2C /* Medication.m */; };
		B7BF61AF1A8B25EF00F08413 /* CalendarButton.m in Sources */ = {isa = PBXBuildFile; fileRef = B7BF61AE1A8B25EF00F08413 /* CalendarButton.m */; };
		B7C27E1D1A76AA8100DFB416 /* main.m in Sources */ = {isa = PBXBuildFile; fileRef = B7C27E1C1A76AA8100DFB416 /* main.m */; };
		B7C27E201A76AA8100DFB416 /* AppDelegate.m in Sources */ = {isa = PBXBuildFile; fileRef = B7C27E1F1A76AA8100DFB416 /* AppDelegate.m */; };
		B7C27E231A76AA8100DFB416 /* TodayViewController.m in Sources */ = {isa = PBXBuildFile; fileRef = B7C27E221A76AA8100DFB416 /* TodayViewController.m */; };
		B7C27E261A76AA8100DFB416 /* OverviewViewController.m in Sources */ = {isa = PBXBuildFile; fileRef = B7C27E251A76AA8100DFB416 /* OverviewViewController.m */; };
		B7C27E2B1A76AA8100DFB416 /* Images.xcassets in Resources */ = {isa = PBXBuildFile; fileRef = B7C27E2A1A76AA8100DFB416 /* Images.xcassets */; };
		B7C27E3A1A76AA8100DFB416 /* MyMedsTests.m in Sources */ = {isa = PBXBuildFile; fileRef = B7C27E391A76AA8100DFB416 /* MyMedsTests.m */; };
		B7C27E461A76AB0700DFB416 /* UIKit.framework in Frameworks */ = {isa = PBXBuildFile; fileRef = B7C27E451A76AB0700DFB416 /* UIKit.framework */; };
		B7C27E491A76AB2600DFB416 /* libsqlite3.0.dylib in Frameworks */ = {isa = PBXBuildFile; fileRef = B7C27E471A76AB2600DFB416 /* libsqlite3.0.dylib */; };
		B7C27E4A1A76AB2600DFB416 /* libsqlite3.dylib in Frameworks */ = {isa = PBXBuildFile; fileRef = B7C27E481A76AB2600DFB416 /* libsqlite3.dylib */; };
		B7C27E511A76E63200DFB416 /* HistoryViewController.m in Sources */ = {isa = PBXBuildFile; fileRef = B7C27E501A76E63200DFB416 /* HistoryViewController.m */; };
		B7C27E541A76E64100DFB416 /* SettingsViewController.m in Sources */ = {isa = PBXBuildFile; fileRef = B7C27E531A76E64100DFB416 /* SettingsViewController.m */; };
		B7C27E571A76E65A00DFB416 /* AnalyzeViewController.m in Sources */ = {isa = PBXBuildFile; fileRef = B7C27E561A76E65A00DFB416 /* AnalyzeViewController.m */; };
		B7F680571B0D1AE400D99940 /* dailydosedb.sql in Resources */ = {isa = PBXBuildFile; fileRef = B7F680561B0D1AE400D99940 /* dailydosedb.sql */; };
		B7FC56FD1B0E4BAC00A1828A /* CoreData.framework in Frameworks */ = {isa = PBXBuildFile; fileRef = B7FC56FC1B0E4BAC00A1828A /* CoreData.framework */; };
		B7FC56FE1B0E4BBB00A1828A /* SystemConfiguration.framework in Frameworks */ = {isa = PBXBuildFile; fileRef = B784391B1B0C6A6500507D0A /* SystemConfiguration.framework */; };
		B7FC57001B0E4BC400A1828A /* libz.dylib in Frameworks */ = {isa = PBXBuildFile; fileRef = B7FC56FF1B0E4BC400A1828A /* libz.dylib */; };
		B7FC57021B0E4BD500A1828A /* libGoogleAnalyticsServices.a in Frameworks */ = {isa = PBXBuildFile; fileRef = B7FC57011B0E4BD500A1828A /* libGoogleAnalyticsServices.a */; };
		B7FC572D1B0E66A000A1828A /* ParsimmonDecisionTree.m in Sources */ = {isa = PBXBuildFile; fileRef = B7FC571E1B0E66A000A1828A /* ParsimmonDecisionTree.m */; };
		B7FC572E1B0E66A000A1828A /* ParsimmonLemmatizer.m in Sources */ = {isa = PBXBuildFile; fileRef = B7FC57201B0E66A000A1828A /* ParsimmonLemmatizer.m */; };
		B7FC572F1B0E66A000A1828A /* ParsimmonNaiveBayesClassifier.m in Sources */ = {isa = PBXBuildFile; fileRef = B7FC57221B0E66A000A1828A /* ParsimmonNaiveBayesClassifier.m */; };
		B7FC57301B0E66A000A1828A /* ParsimmonNode.m in Sources */ = {isa = PBXBuildFile; fileRef = B7FC57241B0E66A000A1828A /* ParsimmonNode.m */; };
		B7FC57311B0E66A000A1828A /* ParsimmonSeed.m in Sources */ = {isa = PBXBuildFile; fileRef = B7FC57261B0E66A000A1828A /* ParsimmonSeed.m */; };
		B7FC57321B0E66A000A1828A /* ParsimmonTaggedToken.m in Sources */ = {isa = PBXBuildFile; fileRef = B7FC57281B0E66A000A1828A /* ParsimmonTaggedToken.m */; };
		B7FC57331B0E66A000A1828A /* ParsimmonTagger.m in Sources */ = {isa = PBXBuildFile; fileRef = B7FC572A1B0E66A000A1828A /* ParsimmonTagger.m */; };
		B7FC57341B0E66A000A1828A /* ParsimmonTokenizer.m in Sources */ = {isa = PBXBuildFile; fileRef = B7FC572C1B0E66A000A1828A /* ParsimmonTokenizer.m */; };
		B7FC574E1B0E67C000A1828A /* CoreGraphics.framework in Frameworks */ = {isa = PBXBuildFile; fileRef = B78439171B0C6A4E00507D0A /* CoreGraphics.framework */; };
/* End PBXBuildFile section */

/* Begin PBXContainerItemProxy section */
		B7C27E341A76AA8100DFB416 /* PBXContainerItemProxy */ = {
			isa = PBXContainerItemProxy;
			containerPortal = B7C27E0F1A76AA8100DFB416 /* Project object */;
			proxyType = 1;
			remoteGlobalIDString = B7C27E161A76AA8100DFB416;
			remoteInfo = MyMeds;
		};
/* End PBXContainerItemProxy section */

/* Begin PBXFileReference section */
		B700AB1C1A7ECE280034EF14 /* Main.storyboard */ = {isa = PBXFileReference; fileEncoding = 4; lastKnownFileType = file.storyboard; path = Main.storyboard; sourceTree = "<group>"; };
		B70CC81B1AED8E9B0042F1CE /* Constants.h */ = {isa = PBXFileReference; fileEncoding = 4; lastKnownFileType = sourcecode.c.h; path = Constants.h; sourceTree = "<group>"; };
		B70CC81C1AED8E9B0042F1CE /* Constants.m */ = {isa = PBXFileReference; fileEncoding = 4; lastKnownFileType = sourcecode.c.objc; path = Constants.m; sourceTree = "<group>"; };
		B7275DB51AC259030016D085 /* RMDateSelectionViewController.h */ = {isa = PBXFileReference; fileEncoding = 4; lastKnownFileType = sourcecode.c.h; path = RMDateSelectionViewController.h; sourceTree = "<group>"; };
		B7275DB61AC259030016D085 /* RMDateSelectionViewController.m */ = {isa = PBXFileReference; fileEncoding = 4; lastKnownFileType = sourcecode.c.objc; path = RMDateSelectionViewController.m; sourceTree = "<group>"; };
		B72993611A92B2EC00084DAE /* DBManager.h */ = {isa = PBXFileReference; fileEncoding = 4; lastKnownFileType = sourcecode.c.h; path = DBManager.h; sourceTree = "<group>"; };
		B72993621A92B2EC00084DAE /* DBManager.m */ = {isa = PBXFileReference; fileEncoding = 4; lastKnownFileType = sourcecode.c.objc; path = DBManager.m; sourceTree = "<group>"; };
		B7322A451A8AD3720057B916 /* MenuController.h */ = {isa = PBXFileReference; fileEncoding = 4; lastKnownFileType = sourcecode.c.h; path = MenuController.h; sourceTree = "<group>"; };
		B7322A461A8AD3720057B916 /* MenuController.m */ = {isa = PBXFileReference; fileEncoding = 4; lastKnownFileType = sourcecode.c.objc; path = MenuController.m; sourceTree = "<group>"; };
		B75518791B00337600CE23A3 /* AZNotification.h */ = {isa = PBXFileReference; fileEncoding = 4; lastKnownFileType = sourcecode.c.h; path = AZNotification.h; sourceTree = "<group>"; };
		B755187A1B00337600CE23A3 /* AZNotification.m */ = {isa = PBXFileReference; fileEncoding = 4; lastKnownFileType = sourcecode.c.objc; path = AZNotification.m; sourceTree = "<group>"; };
		B755187B1B00337600CE23A3 /* AZNotificationView.h */ = {isa = PBXFileReference; fileEncoding = 4; lastKnownFileType = sourcecode.c.h; path = AZNotificationView.h; sourceTree = "<group>"; };
		B755187C1B00337600CE23A3 /* AZNotificationView.m */ = {isa = PBXFileReference; fileEncoding = 4; lastKnownFileType = sourcecode.c.objc; path = AZNotificationView.m; sourceTree = "<group>"; };
		B755187D1B00337600CE23A3 /* UIColor+Additions.h */ = {isa = PBXFileReference; fileEncoding = 4; lastKnownFileType = sourcecode.c.h; path = "UIColor+Additions.h"; sourceTree = "<group>"; };
		B755187E1B00337600CE23A3 /* UIColor+Additions.m */ = {isa = PBXFileReference; fileEncoding = 4; lastKnownFileType = sourcecode.c.objc; path = "UIColor+Additions.m"; sourceTree = "<group>"; };
		B75A08EC1AB945D8009D2056 /* DayPicker.h */ = {isa = PBXFileReference; fileEncoding = 4; lastKnownFileType = sourcecode.c.h; name = DayPicker.h; path = ../DayPicker.h; sourceTree = "<group>"; };
		B75A08ED1AB945D8009D2056 /* DayPicker.m */ = {isa = PBXFileReference; fileEncoding = 4; lastKnownFileType = sourcecode.c.objc; name = DayPicker.m; path = ../DayPicker.m; sourceTree = "<group>"; };
		B75A08EF1AB9DC79009D2056 /* DayPickerButton.h */ = {isa = PBXFileReference; fileEncoding = 4; lastKnownFileType = sourcecode.c.h; path = DayPickerButton.h; sourceTree = "<group>"; };
		B75A08F01AB9DC79009D2056 /* DayPickerButton.m */ = {isa = PBXFileReference; fileEncoding = 4; lastKnownFileType = sourcecode.c.objc; path = DayPickerButton.m; sourceTree = "<group>"; };
		B75FAD661A9FBE140094ACE5 /* MissedViewController.h */ = {isa = PBXFileReference; fileEncoding = 4; lastKnownFileType = sourcecode.c.h; path = MissedViewController.h; sourceTree = "<group>"; };
		B75FAD671A9FBE140094ACE5 /* MissedViewController.m */ = {isa = PBXFileReference; fileEncoding = 4; lastKnownFileType = sourcecode.c.objc; path = MissedViewController.m; sourceTree = "<group>"; };
		B76243BF1B06E91800FA86AC /* CRGradientNavigationBar.h */ = {isa = PBXFileReference; fileEncoding = 4; lastKnownFileType = sourcecode.c.h; path = CRGradientNavigationBar.h; sourceTree = "<group>"; };
		B76243C01B06E91800FA86AC /* CRGradientNavigationBar.m */ = {isa = PBXFileReference; fileEncoding = 4; lastKnownFileType = sourcecode.c.objc; path = CRGradientNavigationBar.m; sourceTree = "<group>"; };
		B764A1921AB9041B0068A119 /* AddMedViewController.h */ = {isa = PBXFileReference; fileEncoding = 4; lastKnownFileType = sourcecode.c.h; path = AddMedViewController.h; sourceTree = "<group>"; };
		B764A1931AB9041B0068A119 /* AddMedViewController.m */ = {isa = PBXFileReference; fileEncoding = 4; lastKnownFileType = sourcecode.c.objc; path = AddMedViewController.m; sourceTree = "<group>"; };
		B772FC4C1AFD60A2001CB237 /* EditMedsController.h */ = {isa = PBXFileReference; fileEncoding = 4; lastKnownFileType = sourcecode.c.h; path = EditMedsController.h; sourceTree = "<group>"; };
		B772FC4D1AFD60A2001CB237 /* EditMedsController.m */ = {isa = PBXFileReference; fileEncoding = 4; lastKnownFileType = sourcecode.c.objc; path = EditMedsController.m; sourceTree = "<group>"; };
		B78439171B0C6A4E00507D0A /* CoreGraphics.framework */ = {isa = PBXFileReference; lastKnownFileType = wrapper.framework; name = CoreGraphics.framework; path = System/Library/Frameworks/CoreGraphics.framework; sourceTree = SDKROOT; };
		B78439191B0C6A5700507D0A /* Security.framework */ = {isa = PBXFileReference; lastKnownFileType = wrapper.framework; name = Security.framework; path = System/Library/Frameworks/Security.framework; sourceTree = SDKROOT; };
		B784391B1B0C6A6500507D0A /* SystemConfiguration.framework */ = {isa = PBXFileReference; lastKnownFileType = wrapper.framework; name = SystemConfiguration.framework; path = System/Library/Frameworks/SystemConfiguration.framework; sourceTree = SDKROOT; };
		B78D8C941B07EDCB00FA62F7 /* Parser.h */ = {isa = PBXFileReference; fileEncoding = 4; lastKnownFileType = sourcecode.c.h; name = Parser.h; path = ../Parser.h; sourceTree = "<group>"; };
		B78D8C951B07EDCB00FA62F7 /* Parser.m */ = {isa = PBXFileReference; fileEncoding = 4; lastKnownFileType = sourcecode.c.objc; name = Parser.m; path = ../Parser.m; sourceTree = "<group>"; };
		B7988D5E1A7B350A0061DF8C /* MedsCell.h */ = {isa = PBXFileReference; fileEncoding = 4; lastKnownFileType = sourcecode.c.h; path = MedsCell.h; sourceTree = "<group>"; };
		B7988D5F1A7B350A0061DF8C /* MedsCell.m */ = {isa = PBXFileReference; fileEncoding = 4; lastKnownFileType = sourcecode.c.objc; path = MedsCell.m; sourceTree = "<group>"; };
		B7988D621A7B38C50061DF8C /* StrikeThroughLabel.h */ = {isa = PBXFileReference; fileEncoding = 4; lastKnownFileType = sourcecode.c.h; path = StrikeThroughLabel.h; sourceTree = "<group>"; };
		B7988D631A7B38C50061DF8C /* StrikeThroughLabel.m */ = {isa = PBXFileReference; fileEncoding = 4; lastKnownFileType = sourcecode.c.objc; path = StrikeThroughLabel.m; sourceTree = "<group>"; };
		B7A1FD4C1A8298D40003CD52 /* InfoViewController.h */ = {isa = PBXFileReference; fileEncoding = 4; lastKnownFileType = sourcecode.c.h; path = InfoViewController.h; sourceTree = "<group>"; };
		B7A1FD4D1A8298D40003CD52 /* InfoViewController.m */ = {isa = PBXFileReference; fileEncoding = 4; lastKnownFileType = sourcecode.c.objc; path = InfoViewController.m; sourceTree = "<group>"; };
		B7AAC02B1A834A1300BC6B2C /* Medication.h */ = {isa = PBXFileReference; fileEncoding = 4; lastKnownFileType = sourcecode.c.h; path = Medication.h; sourceTree = "<group>"; };
		B7AAC02C1A834A1300BC6B2C /* Medication.m */ = {isa = PBXFileReference; fileEncoding = 4; lastKnownFileType = sourcecode.c.objc; path = Medication.m; sourceTree = "<group>"; };
		B7BF61AD1A8B25EF00F08413 /* CalendarButton.h */ = {isa = PBXFileReference; fileEncoding = 4; lastKnownFileType = sourcecode.c.h; path = CalendarButton.h; sourceTree = "<group>"; };
		B7BF61AE1A8B25EF00F08413 /* CalendarButton.m */ = {isa = PBXFileReference; fileEncoding = 4; lastKnownFileType = sourcecode.c.objc; path = CalendarButton.m; sourceTree = "<group>"; };
		B7C27E171A76AA8100DFB416 /* MyMeds.app */ = {isa = PBXFileReference; explicitFileType = wrapper.application; includeInIndex = 0; path = MyMeds.app; sourceTree = BUILT_PRODUCTS_DIR; };
		B7C27E1B1A76AA8100DFB416 /* Info.plist */ = {isa = PBXFileReference; lastKnownFileType = text.plist.xml; path = Info.plist; sourceTree = "<group>"; };
		B7C27E1C1A76AA8100DFB416 /* main.m */ = {isa = PBXFileReference; lastKnownFileType = sourcecode.c.objc; path = main.m; sourceTree = "<group>"; };
		B7C27E1E1A76AA8100DFB416 /* AppDelegate.h */ = {isa = PBXFileReference; lastKnownFileType = sourcecode.c.h; path = AppDelegate.h; sourceTree = "<group>"; };
		B7C27E1F1A76AA8100DFB416 /* AppDelegate.m */ = {isa = PBXFileReference; lastKnownFileType = sourcecode.c.objc; path = AppDelegate.m; sourceTree = "<group>"; };
		B7C27E211A76AA8100DFB416 /* TodayViewController.h */ = {isa = PBXFileReference; lastKnownFileType = sourcecode.c.h; path = TodayViewController.h; sourceTree = "<group>"; };
		B7C27E221A76AA8100DFB416 /* TodayViewController.m */ = {isa = PBXFileReference; lastKnownFileType = sourcecode.c.objc; path = TodayViewController.m; sourceTree = "<group>"; };
		B7C27E241A76AA8100DFB416 /* OverviewViewController.h */ = {isa = PBXFileReference; lastKnownFileType = sourcecode.c.h; path = OverviewViewController.h; sourceTree = "<group>"; };
		B7C27E251A76AA8100DFB416 /* OverviewViewController.m */ = {isa = PBXFileReference; lastKnownFileType = sourcecode.c.objc; path = OverviewViewController.m; sourceTree = "<group>"; };
		B7C27E2A1A76AA8100DFB416 /* Images.xcassets */ = {isa = PBXFileReference; lastKnownFileType = folder.assetcatalog; path = Images.xcassets; sourceTree = "<group>"; };
		B7C27E2D1A76AA8100DFB416 /* Base */ = {isa = PBXFileReference; lastKnownFileType = file.xib; name = Base; path = Base.lproj/LaunchScreen.xib; sourceTree = "<group>"; };
		B7C27E331A76AA8100DFB416 /* MyMedsTests.xctest */ = {isa = PBXFileReference; explicitFileType = wrapper.cfbundle; includeInIndex = 0; path = MyMedsTests.xctest; sourceTree = BUILT_PRODUCTS_DIR; };
		B7C27E381A76AA8100DFB416 /* Info.plist */ = {isa = PBXFileReference; lastKnownFileType = text.plist.xml; path = Info.plist; sourceTree = "<group>"; };
		B7C27E391A76AA8100DFB416 /* MyMedsTests.m */ = {isa = PBXFileReference; lastKnownFileType = sourcecode.c.objc; path = MyMedsTests.m; sourceTree = "<group>"; };
		B7C27E431A76AAFA00DFB416 /* Foundation.framework */ = {isa = PBXFileReference; lastKnownFileType = wrapper.framework; name = Foundation.framework; path = System/Library/Frameworks/Foundation.framework; sourceTree = SDKROOT; };
		B7C27E451A76AB0700DFB416 /* UIKit.framework */ = {isa = PBXFileReference; lastKnownFileType = wrapper.framework; name = UIKit.framework; path = System/Library/Frameworks/UIKit.framework; sourceTree = SDKROOT; };
		B7C27E471A76AB2600DFB416 /* libsqlite3.0.dylib */ = {isa = PBXFileReference; lastKnownFileType = "compiled.mach-o.dylib"; name = libsqlite3.0.dylib; path = usr/lib/libsqlite3.0.dylib; sourceTree = SDKROOT; };
		B7C27E481A76AB2600DFB416 /* libsqlite3.dylib */ = {isa = PBXFileReference; lastKnownFileType = "compiled.mach-o.dylib"; name = libsqlite3.dylib; path = usr/lib/libsqlite3.dylib; sourceTree = SDKROOT; };
		B7C27E4F1A76E63200DFB416 /* HistoryViewController.h */ = {isa = PBXFileReference; fileEncoding = 4; lastKnownFileType = sourcecode.c.h; path = HistoryViewController.h; sourceTree = "<group>"; };
		B7C27E501A76E63200DFB416 /* HistoryViewController.m */ = {isa = PBXFileReference; fileEncoding = 4; lastKnownFileType = sourcecode.c.objc; path = HistoryViewController.m; sourceTree = "<group>"; };
		B7C27E521A76E64100DFB416 /* SettingsViewController.h */ = {isa = PBXFileReference; fileEncoding = 4; lastKnownFileType = sourcecode.c.h; path = SettingsViewController.h; sourceTree = "<group>"; };
		B7C27E531A76E64100DFB416 /* SettingsViewController.m */ = {isa = PBXFileReference; fileEncoding = 4; lastKnownFileType = sourcecode.c.objc; path = SettingsViewController.m; sourceTree = "<group>"; };
		B7C27E551A76E65A00DFB416 /* AnalyzeViewController.h */ = {isa = PBXFileReference; fileEncoding = 4; lastKnownFileType = sourcecode.c.h; path = AnalyzeViewController.h; sourceTree = "<group>"; };
		B7C27E561A76E65A00DFB416 /* AnalyzeViewController.m */ = {isa = PBXFileReference; fileEncoding = 4; lastKnownFileType = sourcecode.c.objc; path = AnalyzeViewController.m; sourceTree = "<group>"; };
		B7F680561B0D1AE400D99940 /* dailydosedb.sql */ = {isa = PBXFileReference; lastKnownFileType = file; path = dailydosedb.sql; sourceTree = "<group>"; };
		B7FC56F21B0E4B8900A1828A /* GAI.h */ = {isa = PBXFileReference; fileEncoding = 4; lastKnownFileType = sourcecode.c.h; path = GAI.h; sourceTree = "<group>"; };
		B7FC56F31B0E4B8900A1828A /* GAIDictionaryBuilder.h */ = {isa = PBXFileReference; fileEncoding = 4; lastKnownFileType = sourcecode.c.h; path = GAIDictionaryBuilder.h; sourceTree = "<group>"; };
		B7FC56F41B0E4B8900A1828A /* GAIEcommerceFields.h */ = {isa = PBXFileReference; fileEncoding = 4; lastKnownFileType = sourcecode.c.h; path = GAIEcommerceFields.h; sourceTree = "<group>"; };
		B7FC56F51B0E4B8900A1828A /* GAIEcommerceProduct.h */ = {isa = PBXFileReference; fileEncoding = 4; lastKnownFileType = sourcecode.c.h; path = GAIEcommerceProduct.h; sourceTree = "<group>"; };
		B7FC56F61B0E4B8900A1828A /* GAIEcommerceProductAction.h */ = {isa = PBXFileReference; fileEncoding = 4; lastKnownFileType = sourcecode.c.h; path = GAIEcommerceProductAction.h; sourceTree = "<group>"; };
		B7FC56F71B0E4B8900A1828A /* GAIEcommercePromotion.h */ = {isa = PBXFileReference; fileEncoding = 4; lastKnownFileType = sourcecode.c.h; path = GAIEcommercePromotion.h; sourceTree = "<group>"; };
		B7FC56F81B0E4B8900A1828A /* GAIFields.h */ = {isa = PBXFileReference; fileEncoding = 4; lastKnownFileType = sourcecode.c.h; path = GAIFields.h; sourceTree = "<group>"; };
		B7FC56F91B0E4B8900A1828A /* GAILogger.h */ = {isa = PBXFileReference; fileEncoding = 4; lastKnownFileType = sourcecode.c.h; path = GAILogger.h; sourceTree = "<group>"; };
		B7FC56FA1B0E4B8900A1828A /* GAITrackedViewController.h */ = {isa = PBXFileReference; fileEncoding = 4; lastKnownFileType = sourcecode.c.h; path = GAITrackedViewController.h; sourceTree = "<group>"; };
		B7FC56FB1B0E4B8900A1828A /* GAITracker.h */ = {isa = PBXFileReference; fileEncoding = 4; lastKnownFileType = sourcecode.c.h; path = GAITracker.h; sourceTree = "<group>"; };
		B7FC56FC1B0E4BAC00A1828A /* CoreData.framework */ = {isa = PBXFileReference; lastKnownFileType = wrapper.framework; name = CoreData.framework; path = System/Library/Frameworks/CoreData.framework; sourceTree = SDKROOT; };
		B7FC56FF1B0E4BC400A1828A /* libz.dylib */ = {isa = PBXFileReference; lastKnownFileType = "compiled.mach-o.dylib"; name = libz.dylib; path = usr/lib/libz.dylib; sourceTree = SDKROOT; };
		B7FC57011B0E4BD500A1828A /* libGoogleAnalyticsServices.a */ = {isa = PBXFileReference; lastKnownFileType = archive.ar; name = libGoogleAnalyticsServices.a; path = ../../../../Downloads/GoogleAnalyticsServicesiOS_3.12/libGoogleAnalyticsServices.a; sourceTree = "<group>"; };
		B7FC571C1B0E66A000A1828A /* Parsimmon.h */ = {isa = PBXFileReference; fileEncoding = 4; lastKnownFileType = sourcecode.c.h; path = Parsimmon.h; sourceTree = "<group>"; };
		B7FC571D1B0E66A000A1828A /* ParsimmonDecisionTree.h */ = {isa = PBXFileReference; fileEncoding = 4; lastKnownFileType = sourcecode.c.h; path = ParsimmonDecisionTree.h; sourceTree = "<group>"; };
		B7FC571E1B0E66A000A1828A /* ParsimmonDecisionTree.m */ = {isa = PBXFileReference; fileEncoding = 4; lastKnownFileType = sourcecode.c.objc; path = ParsimmonDecisionTree.m; sourceTree = "<group>"; };
		B7FC571F1B0E66A000A1828A /* ParsimmonLemmatizer.h */ = {isa = PBXFileReference; fileEncoding = 4; lastKnownFileType = sourcecode.c.h; path = ParsimmonLemmatizer.h; sourceTree = "<group>"; };
		B7FC57201B0E66A000A1828A /* ParsimmonLemmatizer.m */ = {isa = PBXFileReference; fileEncoding = 4; lastKnownFileType = sourcecode.c.objc; path = ParsimmonLemmatizer.m; sourceTree = "<group>"; };
		B7FC57211B0E66A000A1828A /* ParsimmonNaiveBayesClassifier.h */ = {isa = PBXFileReference; fileEncoding = 4; lastKnownFileType = sourcecode.c.h; path = ParsimmonNaiveBayesClassifier.h; sourceTree = "<group>"; };
		B7FC57221B0E66A000A1828A /* ParsimmonNaiveBayesClassifier.m */ = {isa = PBXFileReference; fileEncoding = 4; lastKnownFileType = sourcecode.c.objc; path = ParsimmonNaiveBayesClassifier.m; sourceTree = "<group>"; };
		B7FC57231B0E66A000A1828A /* ParsimmonNode.h */ = {isa = PBXFileReference; fileEncoding = 4; lastKnownFileType = sourcecode.c.h; path = ParsimmonNode.h; sourceTree = "<group>"; };
		B7FC57241B0E66A000A1828A /* ParsimmonNode.m */ = {isa = PBXFileReference; fileEncoding = 4; lastKnownFileType = sourcecode.c.objc; path = ParsimmonNode.m; sourceTree = "<group>"; };
		B7FC57251B0E66A000A1828A /* ParsimmonSeed.h */ = {isa = PBXFileReference; fileEncoding = 4; lastKnownFileType = sourcecode.c.h; path = ParsimmonSeed.h; sourceTree = "<group>"; };
		B7FC57261B0E66A000A1828A /* ParsimmonSeed.m */ = {isa = PBXFileReference; fileEncoding = 4; lastKnownFileType = sourcecode.c.objc; path = ParsimmonSeed.m; sourceTree = "<group>"; };
		B7FC57271B0E66A000A1828A /* ParsimmonTaggedToken.h */ = {isa = PBXFileReference; fileEncoding = 4; lastKnownFileType = sourcecode.c.h; path = ParsimmonTaggedToken.h; sourceTree = "<group>"; };
		B7FC57281B0E66A000A1828A /* ParsimmonTaggedToken.m */ = {isa = PBXFileReference; fileEncoding = 4; lastKnownFileType = sourcecode.c.objc; path = ParsimmonTaggedToken.m; sourceTree = "<group>"; };
		B7FC57291B0E66A000A1828A /* ParsimmonTagger.h */ = {isa = PBXFileReference; fileEncoding = 4; lastKnownFileType = sourcecode.c.h; path = ParsimmonTagger.h; sourceTree = "<group>"; };
		B7FC572A1B0E66A000A1828A /* ParsimmonTagger.m */ = {isa = PBXFileReference; fileEncoding = 4; lastKnownFileType = sourcecode.c.objc; path = ParsimmonTagger.m; sourceTree = "<group>"; };
		B7FC572B1B0E66A000A1828A /* ParsimmonTokenizer.h */ = {isa = PBXFileReference; fileEncoding = 4; lastKnownFileType = sourcecode.c.h; path = ParsimmonTokenizer.h; sourceTree = "<group>"; };
		B7FC572C1B0E66A000A1828A /* ParsimmonTokenizer.m */ = {isa = PBXFileReference; fileEncoding = 4; lastKnownFileType = sourcecode.c.objc; path = ParsimmonTokenizer.m; sourceTree = "<group>"; };
/* End PBXFileReference section */

/* Begin PBXFrameworksBuildPhase section */
		B7C27E141A76AA8100DFB416 /* Frameworks */ = {
			isa = PBXFrameworksBuildPhase;
			buildActionMask = 2147483647;
			files = (
				B7FC574E1B0E67C000A1828A /* CoreGraphics.framework in Frameworks */,
				B7FC57001B0E4BC400A1828A /* libz.dylib in Frameworks */,
				B7FC56FE1B0E4BBB00A1828A /* SystemConfiguration.framework in Frameworks */,
				B7FC56FD1B0E4BAC00A1828A /* CoreData.framework in Frameworks */,
				B7C27E491A76AB2600DFB416 /* libsqlite3.0.dylib in Frameworks */,
				B7C27E4A1A76AB2600DFB416 /* libsqlite3.dylib in Frameworks */,
				B7FC57021B0E4BD500A1828A /* libGoogleAnalyticsServices.a in Frameworks */,
				B7C27E461A76AB0700DFB416 /* UIKit.framework in Frameworks */,
			);
			runOnlyForDeploymentPostprocessing = 0;
		};
		B7C27E301A76AA8100DFB416 /* Frameworks */ = {
			isa = PBXFrameworksBuildPhase;
			buildActionMask = 2147483647;
			files = (
			);
			runOnlyForDeploymentPostprocessing = 0;
		};
/* End PBXFrameworksBuildPhase section */

/* Begin PBXGroup section */
		B70CC8181AED8BA40042F1CE /* Models */ = {
			isa = PBXGroup;
			children = (
				B7AAC02B1A834A1300BC6B2C /* Medication.h */,
				B7AAC02C1A834A1300BC6B2C /* Medication.m */,
			);
			name = Models;
			sourceTree = "<group>";
		};
		B70CC8191AED8C470042F1CE /* Day Picker */ = {
			isa = PBXGroup;
			children = (
				B75A08EC1AB945D8009D2056 /* DayPicker.h */,
				B75A08ED1AB945D8009D2056 /* DayPicker.m */,
				B75A08EF1AB9DC79009D2056 /* DayPickerButton.h */,
				B75A08F01AB9DC79009D2056 /* DayPickerButton.m */,
			);
			name = "Day Picker";
			sourceTree = "<group>";
		};
		B70CC81A1AED8C940042F1CE /* View Controllers */ = {
			isa = PBXGroup;
			children = (
				B7C27E551A76E65A00DFB416 /* AnalyzeViewController.h */,
				B7C27E561A76E65A00DFB416 /* AnalyzeViewController.m */,
				B7C27E521A76E64100DFB416 /* SettingsViewController.h */,
				B7C27E531A76E64100DFB416 /* SettingsViewController.m */,
				B764A1921AB9041B0068A119 /* AddMedViewController.h */,
				B764A1931AB9041B0068A119 /* AddMedViewController.m */,
				B70CC81B1AED8E9B0042F1CE /* Constants.h */,
				B70CC81C1AED8E9B0042F1CE /* Constants.m */,
				B7C27E4F1A76E63200DFB416 /* HistoryViewController.h */,
				B7C27E501A76E63200DFB416 /* HistoryViewController.m */,
				B7C27E241A76AA8100DFB416 /* OverviewViewController.h */,
				B7C27E251A76AA8100DFB416 /* OverviewViewController.m */,
				B7A1FD4C1A8298D40003CD52 /* InfoViewController.h */,
				B7A1FD4D1A8298D40003CD52 /* InfoViewController.m */,
				B7C27E211A76AA8100DFB416 /* TodayViewController.h */,
				B7C27E221A76AA8100DFB416 /* TodayViewController.m */,
				B75FAD661A9FBE140094ACE5 /* MissedViewController.h */,
				B75FAD671A9FBE140094ACE5 /* MissedViewController.m */,
				B772FC4C1AFD60A2001CB237 /* EditMedsController.h */,
				B772FC4D1AFD60A2001CB237 /* EditMedsController.m */,
			);
			name = "View Controllers";
			sourceTree = "<group>";
		};
		B75518681B002FE600CE23A3 /* Notification Toast */ = {
			isa = PBXGroup;
			children = (
				B75518791B00337600CE23A3 /* AZNotification.h */,
				B755187A1B00337600CE23A3 /* AZNotification.m */,
				B755187B1B00337600CE23A3 /* AZNotificationView.h */,
				B755187C1B00337600CE23A3 /* AZNotificationView.m */,
				B755187D1B00337600CE23A3 /* UIColor+Additions.h */,
				B755187E1B00337600CE23A3 /* UIColor+Additions.m */,
			);
			name = "Notification Toast";
			sourceTree = "<group>";
		};
		B76243BB1B06DED100FA86AC /* Custom Navigation Bar */ = {
			isa = PBXGroup;
			children = (
				B76243BF1B06E91800FA86AC /* CRGradientNavigationBar.h */,
				B76243C01B06E91800FA86AC /* CRGradientNavigationBar.m */,
			);
			name = "Custom Navigation Bar";
			sourceTree = "<group>";
		};
		B76766E61A794BBA0048AA04 /* Strikethrough Control */ = {
			isa = PBXGroup;
			children = (
				B7988D5E1A7B350A0061DF8C /* MedsCell.h */,
				B7988D5F1A7B350A0061DF8C /* MedsCell.m */,
				B7988D621A7B38C50061DF8C /* StrikeThroughLabel.h */,
				B7988D631A7B38C50061DF8C /* StrikeThroughLabel.m */,
			);
			name = "Strikethrough Control";
			sourceTree = "<group>";
		};
		B784390C1B0C67F400507D0A /* Google Analytics */ = {
			isa = PBXGroup;
			children = (
				B7FC56F21B0E4B8900A1828A /* GAI.h */,
				B7FC56F31B0E4B8900A1828A /* GAIDictionaryBuilder.h */,
				B7FC56F41B0E4B8900A1828A /* GAIEcommerceFields.h */,
				B7FC56F51B0E4B8900A1828A /* GAIEcommerceProduct.h */,
				B7FC56F61B0E4B8900A1828A /* GAIEcommerceProductAction.h */,
				B7FC56F71B0E4B8900A1828A /* GAIEcommercePromotion.h */,
				B7FC56F81B0E4B8900A1828A /* GAIFields.h */,
				B7FC56F91B0E4B8900A1828A /* GAILogger.h */,
				B7FC56FA1B0E4B8900A1828A /* GAITrackedViewController.h */,
				B7FC56FB1B0E4B8900A1828A /* GAITracker.h */,
			);
			name = "Google Analytics";
			sourceTree = "<group>";
		};
		B78D8C971B07EDDD00FA62F7 /* Parser */ = {
			isa = PBXGroup;
			children = (
				B7FC571C1B0E66A000A1828A /* Parsimmon.h */,
				B7FC571D1B0E66A000A1828A /* ParsimmonDecisionTree.h */,
				B7FC571E1B0E66A000A1828A /* ParsimmonDecisionTree.m */,
				B7FC571F1B0E66A000A1828A /* ParsimmonLemmatizer.h */,
				B7FC57201B0E66A000A1828A /* ParsimmonLemmatizer.m */,
				B7FC57211B0E66A000A1828A /* ParsimmonNaiveBayesClassifier.h */,
				B7FC57221B0E66A000A1828A /* ParsimmonNaiveBayesClassifier.m */,
				B7FC57231B0E66A000A1828A /* ParsimmonNode.h */,
				B7FC57241B0E66A000A1828A /* ParsimmonNode.m */,
				B7FC57251B0E66A000A1828A /* ParsimmonSeed.h */,
				B7FC57261B0E66A000A1828A /* ParsimmonSeed.m */,
				B7FC57271B0E66A000A1828A /* ParsimmonTaggedToken.h */,
				B7FC57281B0E66A000A1828A /* ParsimmonTaggedToken.m */,
				B7FC57291B0E66A000A1828A /* ParsimmonTagger.h */,
				B7FC572A1B0E66A000A1828A /* ParsimmonTagger.m */,
				B7FC572B1B0E66A000A1828A /* ParsimmonTokenizer.h */,
				B7FC572C1B0E66A000A1828A /* ParsimmonTokenizer.m */,
				B78D8C941B07EDCB00FA62F7 /* Parser.h */,
				B78D8C951B07EDCB00FA62F7 /* Parser.m */,
			);
			name = Parser;
			sourceTree = "<group>";
		};
		B7C27E0E1A76AA8100DFB416 = {
			isa = PBXGroup;
			children = (
				B7F680561B0D1AE400D99940 /* dailydosedb.sql */,
				B7C27E191A76AA8100DFB416 /* MyMeds */,
				B7C27E361A76AA8100DFB416 /* MyMedsTests */,
				B7C27E181A76AA8100DFB416 /* Products */,
			);
			sourceTree = "<group>";
		};
		B7C27E181A76AA8100DFB416 /* Products */ = {
			isa = PBXGroup;
			children = (
				B7C27E171A76AA8100DFB416 /* MyMeds.app */,
				B7C27E331A76AA8100DFB416 /* MyMedsTests.xctest */,
			);
			name = Products;
			sourceTree = "<group>";
		};
		B7C27E191A76AA8100DFB416 /* MyMeds */ = {
			isa = PBXGroup;
			children = (
				B784390C1B0C67F400507D0A /* Google Analytics */,
				B78D8C971B07EDDD00FA62F7 /* Parser */,
				B76243BB1B06DED100FA86AC /* Custom Navigation Bar */,
				B75518681B002FE600CE23A3 /* Notification Toast */,
				B70CC81A1AED8C940042F1CE /* View Controllers */,
				B70CC8191AED8C470042F1CE /* Day Picker */,
				B70CC8181AED8BA40042F1CE /* Models */,
				B7E1C3651A8C0D9100C7FC83 /* Calendar Controls */,
				B76766E61A794BBA0048AA04 /* Strikethrough Control */,
				B7C27E4E1A76ACA100DFB416 /* DBManager */,
				B7C27E1E1A76AA8100DFB416 /* AppDelegate.h */,
				B7C27E1F1A76AA8100DFB416 /* AppDelegate.m */,
				B700AB1C1A7ECE280034EF14 /* Main.storyboard */,
				B7C27E2A1A76AA8100DFB416 /* Images.xcassets */,
				B7C27E2C1A76AA8100DFB416 /* LaunchScreen.xib */,
				B7C27E1A1A76AA8100DFB416 /* Supporting Files */,
			);
			path = MyMeds;
			sourceTree = "<group>";
		};
		B7C27E1A1A76AA8100DFB416 /* Supporting Files */ = {
			isa = PBXGroup;
			children = (
				B7FC57011B0E4BD500A1828A /* libGoogleAnalyticsServices.a */,
				B7FC56FF1B0E4BC400A1828A /* libz.dylib */,
				B7FC56FC1B0E4BAC00A1828A /* CoreData.framework */,
				B784391B1B0C6A6500507D0A /* SystemConfiguration.framework */,
				B78439191B0C6A5700507D0A /* Security.framework */,
				B78439171B0C6A4E00507D0A /* CoreGraphics.framework */,
				B7C27E471A76AB2600DFB416 /* libsqlite3.0.dylib */,
				B7C27E481A76AB2600DFB416 /* libsqlite3.dylib */,
				B7C27E451A76AB0700DFB416 /* UIKit.framework */,
				B7C27E431A76AAFA00DFB416 /* Foundation.framework */,
				B7C27E1B1A76AA8100DFB416 /* Info.plist */,
				B7C27E1C1A76AA8100DFB416 /* main.m */,
			);
			name = "Supporting Files";
			sourceTree = "<group>";
		};
		B7C27E361A76AA8100DFB416 /* MyMedsTests */ = {
			isa = PBXGroup;
			children = (
				B7C27E391A76AA8100DFB416 /* MyMedsTests.m */,
				B7C27E371A76AA8100DFB416 /* Supporting Files */,
			);
			path = MyMedsTests;
			sourceTree = "<group>";
		};
		B7C27E371A76AA8100DFB416 /* Supporting Files */ = {
			isa = PBXGroup;
			children = (
				B7C27E381A76AA8100DFB416 /* Info.plist */,
			);
			name = "Supporting Files";
			sourceTree = "<group>";
		};
		B7C27E4E1A76ACA100DFB416 /* DBManager */ = {
			isa = PBXGroup;
			children = (
				B72993611A92B2EC00084DAE /* DBManager.h */,
				B72993621A92B2EC00084DAE /* DBManager.m */,
			);
			name = DBManager;
			sourceTree = "<group>";
		};
		B7E1C3651A8C0D9100C7FC83 /* Calendar Controls */ = {
			isa = PBXGroup;
			children = (
				B7275DB51AC259030016D085 /* RMDateSelectionViewController.h */,
				B7275DB61AC259030016D085 /* RMDateSelectionViewController.m */,
				B7BF61AD1A8B25EF00F08413 /* CalendarButton.h */,
				B7BF61AE1A8B25EF00F08413 /* CalendarButton.m */,
				B7322A451A8AD3720057B916 /* MenuController.h */,
				B7322A461A8AD3720057B916 /* MenuController.m */,
			);
			name = "Calendar Controls";
			sourceTree = "<group>";
		};
/* End PBXGroup section */

/* Begin PBXNativeTarget section */
		B7C27E161A76AA8100DFB416 /* MyMeds */ = {
			isa = PBXNativeTarget;
			buildConfigurationList = B7C27E3D1A76AA8100DFB416 /* Build configuration list for PBXNativeTarget "MyMeds" */;
			buildPhases = (
				B7C27E131A76AA8100DFB416 /* Sources */,
				B7C27E141A76AA8100DFB416 /* Frameworks */,
				B7C27E151A76AA8100DFB416 /* Resources */,
			);
			buildRules = (
			);
			dependencies = (
			);
			name = MyMeds;
			productName = MyMeds;
			productReference = B7C27E171A76AA8100DFB416 /* MyMeds.app */;
			productType = "com.apple.product-type.application";
		};
		B7C27E321A76AA8100DFB416 /* MyMedsTests */ = {
			isa = PBXNativeTarget;
			buildConfigurationList = B7C27E401A76AA8100DFB416 /* Build configuration list for PBXNativeTarget "MyMedsTests" */;
			buildPhases = (
				B7C27E2F1A76AA8100DFB416 /* Sources */,
				B7C27E301A76AA8100DFB416 /* Frameworks */,
				B7C27E311A76AA8100DFB416 /* Resources */,
			);
			buildRules = (
			);
			dependencies = (
				B7C27E351A76AA8100DFB416 /* PBXTargetDependency */,
			);
			name = MyMedsTests;
			productName = MyMedsTests;
			productReference = B7C27E331A76AA8100DFB416 /* MyMedsTests.xctest */;
			productType = "com.apple.product-type.bundle.unit-test";
		};
/* End PBXNativeTarget section */

/* Begin PBXProject section */
		B7C27E0F1A76AA8100DFB416 /* Project object */ = {
			isa = PBXProject;
			attributes = {
				LastUpgradeCheck = 0600;
				ORGANIZATIONNAME = test;
				TargetAttributes = {
					B7C27E161A76AA8100DFB416 = {
						CreatedOnToolsVersion = 6.0;
						DevelopmentTeam = 78Q6E8BW6Q;
					};
					B7C27E321A76AA8100DFB416 = {
						CreatedOnToolsVersion = 6.0;
						TestTargetID = B7C27E161A76AA8100DFB416;
					};
				};
			};
			buildConfigurationList = B7C27E121A76AA8100DFB416 /* Build configuration list for PBXProject "MyMeds" */;
			compatibilityVersion = "Xcode 3.2";
			developmentRegion = English;
			hasScannedForEncodings = 0;
			knownRegions = (
				en,
				Base,
			);
			mainGroup = B7C27E0E1A76AA8100DFB416;
			productRefGroup = B7C27E181A76AA8100DFB416 /* Products */;
			projectDirPath = "";
			projectRoot = "";
			targets = (
				B7C27E161A76AA8100DFB416 /* MyMeds */,
				B7C27E321A76AA8100DFB416 /* MyMedsTests */,
			);
		};
/* End PBXProject section */

/* Begin PBXResourcesBuildPhase section */
		B7C27E151A76AA8100DFB416 /* Resources */ = {
			isa = PBXResourcesBuildPhase;
			buildActionMask = 2147483647;
			files = (
				B700AB1D1A7ECE280034EF14 /* Main.storyboard in Resources */,
				B7F680571B0D1AE400D99940 /* dailydosedb.sql in Resources */,
				B7C27E2B1A76AA8100DFB416 /* Images.xcassets in Resources */,
			);
			runOnlyForDeploymentPostprocessing = 0;
		};
		B7C27E311A76AA8100DFB416 /* Resources */ = {
			isa = PBXResourcesBuildPhase;
			buildActionMask = 2147483647;
			files = (
			);
			runOnlyForDeploymentPostprocessing = 0;
		};
/* End PBXResourcesBuildPhase section */

/* Begin PBXSourcesBuildPhase section */
		B7C27E131A76AA8100DFB416 /* Sources */ = {
			isa = PBXSourcesBuildPhase;
			buildActionMask = 2147483647;
			files = (
				B7FC572D1B0E66A000A1828A /* ParsimmonDecisionTree.m in Sources */,
				B7988D601A7B350A0061DF8C /* MedsCell.m in Sources */,
				B764A1941AB9041B0068A119 /* AddMedViewController.m in Sources */,
				B7C27E261A76AA8100DFB416 /* OverviewViewController.m in Sources */,
				B7A1FD4E1A8298D40003CD52 /* InfoViewController.m in Sources */,
				B7C27E201A76AA8100DFB416 /* AppDelegate.m in Sources */,
				B7FC57341B0E66A000A1828A /* ParsimmonTokenizer.m in Sources */,
				B772FC4E1AFD60A2001CB237 /* EditMedsController.m in Sources */,
				B7C27E231A76AA8100DFB416 /* TodayViewController.m in Sources */,
				B7C27E1D1A76AA8100DFB416 /* main.m in Sources */,
				B7FC57311B0E66A000A1828A /* ParsimmonSeed.m in Sources */,
				B7322A471A8AD3720057B916 /* MenuController.m in Sources */,
				B72993631A92B2EC00084DAE /* DBManager.m in Sources */,
				B7275DB71AC259030016D085 /* RMDateSelectionViewController.m in Sources */,
				B75518801B00337600CE23A3 /* AZNotificationView.m in Sources */,
				B70CC81D1AED8E9B0042F1CE /* Constants.m in Sources */,
				B755187F1B00337600CE23A3 /* AZNotification.m in Sources */,
				B75A08EE1AB945D8009D2056 /* DayPicker.m in Sources */,
				B7BF61AF1A8B25EF00F08413 /* CalendarButton.m in Sources */,
				B78D8C961B07EDCB00FA62F7 /* Parser.m in Sources */,
				B7AAC02D1A834A1300BC6B2C /* Medication.m in Sources */,
				B7FC57321B0E66A000A1828A /* ParsimmonTaggedToken.m in Sources */,
				B7988D641A7B38C50061DF8C /* StrikeThroughLabel.m in Sources */,
				B7FC572E1B0E66A000A1828A /* ParsimmonLemmatizer.m in Sources */,
				B7C27E571A76E65A00DFB416 /* AnalyzeViewController.m in Sources */,
				B75FAD681A9FBE140094ACE5 /* MissedViewController.m in Sources */,
				B7FC57331B0E66A000A1828A /* ParsimmonTagger.m in Sources */,
				B75A08F11AB9DC79009D2056 /* DayPickerButton.m in Sources */,
				B7C27E511A76E63200DFB416 /* HistoryViewController.m in Sources */,
				B7C27E541A76E64100DFB416 /* SettingsViewController.m in Sources */,
				B7FC57301B0E66A000A1828A /* ParsimmonNode.m in Sources */,
				B76243C11B06E91800FA86AC /* CRGradientNavigationBar.m in Sources */,
				B7FC572F1B0E66A000A1828A /* ParsimmonNaiveBayesClassifier.m in Sources */,
				B75518811B00337600CE23A3 /* UIColor+Additions.m in Sources */,
			);
			runOnlyForDeploymentPostprocessing = 0;
		};
		B7C27E2F1A76AA8100DFB416 /* Sources */ = {
			isa = PBXSourcesBuildPhase;
			buildActionMask = 2147483647;
			files = (
				B7C27E3A1A76AA8100DFB416 /* MyMedsTests.m in Sources */,
			);
			runOnlyForDeploymentPostprocessing = 0;
		};
/* End PBXSourcesBuildPhase section */

/* Begin PBXTargetDependency section */
		B7C27E351A76AA8100DFB416 /* PBXTargetDependency */ = {
			isa = PBXTargetDependency;
			target = B7C27E161A76AA8100DFB416 /* MyMeds */;
			targetProxy = B7C27E341A76AA8100DFB416 /* PBXContainerItemProxy */;
		};
/* End PBXTargetDependency section */

/* Begin PBXVariantGroup section */
		B7C27E2C1A76AA8100DFB416 /* LaunchScreen.xib */ = {
			isa = PBXVariantGroup;
			children = (
				B7C27E2D1A76AA8100DFB416 /* Base */,
			);
			name = LaunchScreen.xib;
			sourceTree = "<group>";
		};
/* End PBXVariantGroup section */

/* Begin XCBuildConfiguration section */
		B7C27E3B1A76AA8100DFB416 /* Debug */ = {
			isa = XCBuildConfiguration;
			buildSettings = {
				ALWAYS_SEARCH_USER_PATHS = NO;
				CLANG_CXX_LANGUAGE_STANDARD = "gnu++0x";
				CLANG_CXX_LIBRARY = "libc++";
				CLANG_ENABLE_MODULES = YES;
				CLANG_ENABLE_OBJC_ARC = YES;
				CLANG_WARN_BOOL_CONVERSION = YES;
				CLANG_WARN_CONSTANT_CONVERSION = YES;
				CLANG_WARN_DIRECT_OBJC_ISA_USAGE = YES_ERROR;
				CLANG_WARN_EMPTY_BODY = YES;
				CLANG_WARN_ENUM_CONVERSION = YES;
				CLANG_WARN_INT_CONVERSION = YES;
				CLANG_WARN_OBJC_ROOT_CLASS = YES_ERROR;
				CLANG_WARN_UNREACHABLE_CODE = YES;
				CLANG_WARN__DUPLICATE_METHOD_MATCH = YES;
				"CODE_SIGN_IDENTITY[sdk=iphoneos*]" = "iPhone Developer";
				COPY_PHASE_STRIP = NO;
				ENABLE_STRICT_OBJC_MSGSEND = YES;
				GCC_C_LANGUAGE_STANDARD = gnu99;
				GCC_DYNAMIC_NO_PIC = NO;
				GCC_OPTIMIZATION_LEVEL = 0;
				GCC_PREPROCESSOR_DEFINITIONS = (
					"DEBUG=1",
					"$(inherited)",
				);
				GCC_SYMBOLS_PRIVATE_EXTERN = NO;
				GCC_WARN_64_TO_32_BIT_CONVERSION = YES;
				GCC_WARN_ABOUT_RETURN_TYPE = YES_ERROR;
				GCC_WARN_UNDECLARED_SELECTOR = YES;
				GCC_WARN_UNINITIALIZED_AUTOS = YES_AGGRESSIVE;
				GCC_WARN_UNUSED_FUNCTION = YES;
				GCC_WARN_UNUSED_VARIABLE = YES;
				IPHONEOS_DEPLOYMENT_TARGET = 8.0;
				MTL_ENABLE_DEBUG_INFO = YES;
				ONLY_ACTIVE_ARCH = YES;
				SDKROOT = iphoneos;
			};
			name = Debug;
		};
		B7C27E3C1A76AA8100DFB416 /* Release */ = {
			isa = XCBuildConfiguration;
			buildSettings = {
				ALWAYS_SEARCH_USER_PATHS = NO;
				CLANG_CXX_LANGUAGE_STANDARD = "gnu++0x";
				CLANG_CXX_LIBRARY = "libc++";
				CLANG_ENABLE_MODULES = YES;
				CLANG_ENABLE_OBJC_ARC = YES;
				CLANG_WARN_BOOL_CONVERSION = YES;
				CLANG_WARN_CONSTANT_CONVERSION = YES;
				CLANG_WARN_DIRECT_OBJC_ISA_USAGE = YES_ERROR;
				CLANG_WARN_EMPTY_BODY = YES;
				CLANG_WARN_ENUM_CONVERSION = YES;
				CLANG_WARN_INT_CONVERSION = YES;
				CLANG_WARN_OBJC_ROOT_CLASS = YES_ERROR;
				CLANG_WARN_UNREACHABLE_CODE = YES;
				CLANG_WARN__DUPLICATE_METHOD_MATCH = YES;
				"CODE_SIGN_IDENTITY[sdk=iphoneos*]" = "iPhone Developer";
				COPY_PHASE_STRIP = YES;
				ENABLE_NS_ASSERTIONS = NO;
				ENABLE_STRICT_OBJC_MSGSEND = YES;
				GCC_C_LANGUAGE_STANDARD = gnu99;
				GCC_WARN_64_TO_32_BIT_CONVERSION = YES;
				GCC_WARN_ABOUT_RETURN_TYPE = YES_ERROR;
				GCC_WARN_UNDECLARED_SELECTOR = YES;
				GCC_WARN_UNINITIALIZED_AUTOS = YES_AGGRESSIVE;
				GCC_WARN_UNUSED_FUNCTION = YES;
				GCC_WARN_UNUSED_VARIABLE = YES;
				IPHONEOS_DEPLOYMENT_TARGET = 8.0;
				MTL_ENABLE_DEBUG_INFO = NO;
				SDKROOT = iphoneos;
				VALIDATE_PRODUCT = YES;
			};
			name = Release;
		};
		B7C27E3E1A76AA8100DFB416 /* Debug */ = {
			isa = XCBuildConfiguration;
			buildSettings = {
				ASSETCATALOG_COMPILER_APPICON_NAME = AppIcon;
				ASSETCATALOG_COMPILER_LAUNCHIMAGE_NAME = LaunchImage;
				CODE_SIGN_IDENTITY = "iPhone Developer";
				"CODE_SIGN_IDENTITY[sdk=iphoneos*]" = "iPhone Developer";
				FRAMEWORK_SEARCH_PATHS = (
					"$(inherited)",
					"$(PROJECT_DIR)",
				);
				INFOPLIST_FILE = MyMeds/Info.plist;
				IPHONEOS_DEPLOYMENT_TARGET = 7.0;
				LD_RUNPATH_SEARCH_PATHS = "$(inherited) @executable_path/Frameworks";
				LIBRARY_SEARCH_PATHS = (
					"$(inherited)",
					"$(PROJECT_DIR)/MyMeds/Flurry",
					"$(PROJECT_DIR)/MyMeds",
					/Users/Rahul/Downloads/GoogleAnalyticsServicesiOS_3.12,
				);
				PRODUCT_NAME = "$(TARGET_NAME)";
				PROVISIONING_PROFILE = "";
			};
			name = Debug;
		};
		B7C27E3F1A76AA8100DFB416 /* Release */ = {
			isa = XCBuildConfiguration;
			buildSettings = {
				ASSETCATALOG_COMPILER_APPICON_NAME = AppIcon;
				ASSETCATALOG_COMPILER_LAUNCHIMAGE_NAME = LaunchImage;
				CODE_SIGN_IDENTITY = "iPhone Developer";
				"CODE_SIGN_IDENTITY[sdk=iphoneos*]" = "iPhone Developer";
				FRAMEWORK_SEARCH_PATHS = (
					"$(inherited)",
					"$(PROJECT_DIR)",
				);
				INFOPLIST_FILE = MyMeds/Info.plist;
				IPHONEOS_DEPLOYMENT_TARGET = 7.0;
				LD_RUNPATH_SEARCH_PATHS = "$(inherited) @executable_path/Frameworks";
				LIBRARY_SEARCH_PATHS = (
					"$(inherited)",
					"$(PROJECT_DIR)/MyMeds/Flurry",
					"$(PROJECT_DIR)/MyMeds",
					/Users/Rahul/Downloads/GoogleAnalyticsServicesiOS_3.12,
				);
				PRODUCT_NAME = "$(TARGET_NAME)";
				PROVISIONING_PROFILE = "";
			};
			name = Release;
		};
		B7C27E411A76AA8100DFB416 /* Debug */ = {
			isa = XCBuildConfiguration;
			buildSettings = {
				BUNDLE_LOADER = "$(TEST_HOST)";
				FRAMEWORK_SEARCH_PATHS = (
					"$(SDKROOT)/Developer/Library/Frameworks",
					"$(inherited)",
				);
				GCC_PREPROCESSOR_DEFINITIONS = (
					"DEBUG=1",
					"$(inherited)",
				);
				INFOPLIST_FILE = MyMedsTests/Info.plist;
				LD_RUNPATH_SEARCH_PATHS = "$(inherited) @executable_path/Frameworks @loader_path/Frameworks";
				LIBRARY_SEARCH_PATHS = (
					"$(inherited)",
					"$(PROJECT_DIR)/MyMeds",
				);
				PRODUCT_NAME = "$(TARGET_NAME)";
				TEST_HOST = "$(BUILT_PRODUCTS_DIR)/MyMeds.app/MyMeds";
			};
			name = Debug;
		};
		B7C27E421A76AA8100DFB416 /* Release */ = {
			isa = XCBuildConfiguration;
			buildSettings = {
				BUNDLE_LOADER = "$(TEST_HOST)";
				FRAMEWORK_SEARCH_PATHS = (
					"$(SDKROOT)/Developer/Library/Frameworks",
					"$(inherited)",
				);
				INFOPLIST_FILE = MyMedsTests/Info.plist;
				LD_RUNPATH_SEARCH_PATHS = "$(inherited) @executable_path/Frameworks @loader_path/Frameworks";
				LIBRARY_SEARCH_PATHS = (
					"$(inherited)",
					"$(PROJECT_DIR)/MyMeds",
				);
				PRODUCT_NAME = "$(TARGET_NAME)";
				TEST_HOST = "$(BUILT_PRODUCTS_DIR)/MyMeds.app/MyMeds";
			};
			name = Release;
		};
/* End XCBuildConfiguration section */

/* Begin XCConfigurationList section */
		B7C27E121A76AA8100DFB416 /* Build configuration list for PBXProject "MyMeds" */ = {
			isa = XCConfigurationList;
			buildConfigurations = (
				B7C27E3B1A76AA8100DFB416 /* Debug */,
				B7C27E3C1A76AA8100DFB416 /* Release */,
			);
			defaultConfigurationIsVisible = 0;
			defaultConfigurationName = Release;
		};
		B7C27E3D1A76AA8100DFB416 /* Build configuration list for PBXNativeTarget "MyMeds" */ = {
			isa = XCConfigurationList;
			buildConfigurations = (
				B7C27E3E1A76AA8100DFB416 /* Debug */,
				B7C27E3F1A76AA8100DFB416 /* Release */,
			);
			defaultConfigurationIsVisible = 0;
			defaultConfigurationName = Release;
		};
		B7C27E401A76AA8100DFB416 /* Build configuration list for PBXNativeTarget "MyMedsTests" */ = {
			isa = XCConfigurationList;
			buildConfigurations = (
				B7C27E411A76AA8100DFB416 /* Debug */,
				B7C27E421A76AA8100DFB416 /* Release */,
			);
			defaultConfigurationIsVisible = 0;
			defaultConfigurationName = Release;
		};
/* End XCConfigurationList section */
	};
	rootObject = B7C27E0F1A76AA8100DFB416 /* Project object */;
}
