// !$*UTF8*$!
{
	archiveVersion = 1;
	classes = {
	};
	objectVersion = 46;
	objects = {

/* Begin PBXBuildFile section */
		B700AB1D1A7ECE280034EF14 /* Main.storyboard in Resources */ = {isa = PBXBuildFile; fileRef = B700AB1C1A7ECE280034EF14 /* Main.storyboard */; };
		B708D8541B5AF41C0080B22B /* TopMedsTable.m in Sources */ = {isa = PBXBuildFile; fileRef = B708D8531B5AF41C0080B22B /* TopMedsTable.m */; };
		B70CC81D1AED8E9B0042F1CE /* Constants.m in Sources */ = {isa = PBXBuildFile; fileRef = B70CC81C1AED8E9B0042F1CE /* Constants.m */; };
		B71815AE1B3F47FE0081AFC9 /* ComplianceAnalyzer.m in Sources */ = {isa = PBXBuildFile; fileRef = B71815AD1B3F47FE0081AFC9 /* ComplianceAnalyzer.m */; };
		B71815B11B3F4A370081AFC9 /* ComplianceCircle.m in Sources */ = {isa = PBXBuildFile; fileRef = B71815B01B3F4A370081AFC9 /* ComplianceCircle.m */; };
		B7196A4B1B4644110014DF3B /* CoreMedication.m in Sources */ = {isa = PBXBuildFile; fileRef = B7196A4A1B4644110014DF3B /* CoreMedication.m */; };
		B7196A4E1B478B670014DF3B /* Event.m in Sources */ = {isa = PBXBuildFile; fileRef = B7196A4D1B478B670014DF3B /* Event.m */; };
		B7212D6D1B49E042005C89B8 /* NotificationScheduler.m in Sources */ = {isa = PBXBuildFile; fileRef = B7212D6C1B49E042005C89B8 /* NotificationScheduler.m */; };
		B7275DB71AC259030016D085 /* RMDateSelectionViewController.m in Sources */ = {isa = PBXBuildFile; fileRef = B7275DB61AC259030016D085 /* RMDateSelectionViewController.m */; };
		B7322A471A8AD3720057B916 /* MenuController.m in Sources */ = {isa = PBXBuildFile; fileRef = B7322A461A8AD3720057B916 /* MenuController.m */; };
		B737A4BE1B6ECF0500E86F31 /* gestures@2x.png in Resources */ = {isa = PBXBuildFile; fileRef = B737A4BB1B6ECF0500E86F31 /* gestures@2x.png */; };
		B737A4BF1B6ECF0500E86F31 /* notifs@2x.png in Resources */ = {isa = PBXBuildFile; fileRef = B737A4BC1B6ECF0500E86F31 /* notifs@2x.png */; };
		B737A4C01B6ECF0500E86F31 /* passcode@2x.png in Resources */ = {isa = PBXBuildFile; fileRef = B737A4BD1B6ECF0500E86F31 /* passcode@2x.png */; };
		B737A4C21B6ECF3E00E86F31 /* gestures.png in Resources */ = {isa = PBXBuildFile; fileRef = B737A4C11B6ECF3E00E86F31 /* gestures.png */; };
		B737A4C41B6ECF6200E86F31 /* passcode.png in Resources */ = {isa = PBXBuildFile; fileRef = B737A4C31B6ECF6200E86F31 /* passcode.png */; };
		B737A4C61B6ECF8200E86F31 /* notifs.png in Resources */ = {isa = PBXBuildFile; fileRef = B737A4C51B6ECF8200E86F31 /* notifs.png */; };
		B737A4D01B6ED7A800E86F31 /* SVModalWebViewController.m in Sources */ = {isa = PBXBuildFile; fileRef = B737A4CB1B6ED7A800E86F31 /* SVModalWebViewController.m */; };
		B737A4D11B6ED7A800E86F31 /* SVWebViewController.bundle in Resources */ = {isa = PBXBuildFile; fileRef = B737A4CC1B6ED7A800E86F31 /* SVWebViewController.bundle */; };
		B737A4D21B6ED7A800E86F31 /* SVWebViewController.m in Sources */ = {isa = PBXBuildFile; fileRef = B737A4CE1B6ED7A800E86F31 /* SVWebViewController.m */; };
		B737A4D31B6ED7A800E86F31 /* SVWebViewController.strings in Resources */ = {isa = PBXBuildFile; fileRef = B737A4CF1B6ED7A800E86F31 /* SVWebViewController.strings */; };
		B737A4D61B6ED7B300E86F31 /* SVWebViewControllerActivity.m in Sources */ = {isa = PBXBuildFile; fileRef = B737A4D51B6ED7B300E86F31 /* SVWebViewControllerActivity.m */; };
		B737A4E61B6ED8A000E86F31 /* SVWebViewControllerActivityChrome-iPad.png in Resources */ = {isa = PBXBuildFile; fileRef = B737A4E11B6ED8A000E86F31 /* SVWebViewControllerActivityChrome-iPad.png */; };
		B737A4E71B6ED8A000E86F31 /* SVWebViewControllerActivityChrome-iPad@2x.png in Resources */ = {isa = PBXBuildFile; fileRef = B737A4E21B6ED8A000E86F31 /* SVWebViewControllerActivityChrome-iPad@2x.png */; };
		B737A4E81B6ED8A000E86F31 /* SVWebViewControllerActivityChrome.m in Sources */ = {isa = PBXBuildFile; fileRef = B737A4E41B6ED8A000E86F31 /* SVWebViewControllerActivityChrome.m */; };
		B737A4E91B6ED8A000E86F31 /* SVWebViewControllerActivityChrome@2x.png in Resources */ = {isa = PBXBuildFile; fileRef = B737A4E51B6ED8A000E86F31 /* SVWebViewControllerActivityChrome@2x.png */; };
		B737A4EF1B6ED8AC00E86F31 /* SVWebViewControllerActivitySafari-iPad.png in Resources */ = {isa = PBXBuildFile; fileRef = B737A4EA1B6ED8AC00E86F31 /* SVWebViewControllerActivitySafari-iPad.png */; };
		B737A4F01B6ED8AC00E86F31 /* SVWebViewControllerActivitySafari-iPad@2x.png in Resources */ = {isa = PBXBuildFile; fileRef = B737A4EB1B6ED8AC00E86F31 /* SVWebViewControllerActivitySafari-iPad@2x.png */; };
		B737A4F11B6ED8AC00E86F31 /* SVWebViewControllerActivitySafari.m in Sources */ = {isa = PBXBuildFile; fileRef = B737A4ED1B6ED8AC00E86F31 /* SVWebViewControllerActivitySafari.m */; };
		B737A4F21B6ED8AC00E86F31 /* SVWebViewControllerActivitySafari@2x.png in Resources */ = {isa = PBXBuildFile; fileRef = B737A4EE1B6ED8AC00E86F31 /* SVWebViewControllerActivitySafari@2x.png */; };
		B73A94241B42546900590D79 /* Fabric.framework in Frameworks */ = {isa = PBXBuildFile; fileRef = B73A94221B42546900590D79 /* Fabric.framework */; };
		B73A94251B42546900590D79 /* Crashlytics.framework in Frameworks */ = {isa = PBXBuildFile; fileRef = B73A94231B42546900590D79 /* Crashlytics.framework */; };
		B73A942A1B44F36E00590D79 /* DBAccess.framework in Frameworks */ = {isa = PBXBuildFile; fileRef = B73A94291B44F36E00590D79 /* DBAccess.framework */; };
		B73A942B1B44F36E00590D79 /* DBAccess.framework in Frameworks */ = {isa = PBXBuildFile; fileRef = B73A94291B44F36E00590D79 /* DBAccess.framework */; };
		B73A942E1B44F4AA00590D79 /* TodayMedication.m in Sources */ = {isa = PBXBuildFile; fileRef = B73A942D1B44F4AA00590D79 /* TodayMedication.m */; };
		B73A942F1B44F4AA00590D79 /* TodayMedication.m in Sources */ = {isa = PBXBuildFile; fileRef = B73A942D1B44F4AA00590D79 /* TodayMedication.m */; };
		B75A08EE1AB945D8009D2056 /* DayPicker.m in Sources */ = {isa = PBXBuildFile; fileRef = B75A08ED1AB945D8009D2056 /* DayPicker.m */; };
		B75A08F11AB9DC79009D2056 /* DayPickerButton.m in Sources */ = {isa = PBXBuildFile; fileRef = B75A08F01AB9DC79009D2056 /* DayPickerButton.m */; };
		B75FAD681A9FBE140094ACE5 /* MissedViewController.m in Sources */ = {isa = PBXBuildFile; fileRef = B75FAD671A9FBE140094ACE5 /* MissedViewController.m */; };
		B76070E71B58C5840075176B /* CoreImage.framework in Frameworks */ = {isa = PBXBuildFile; fileRef = B76070E61B58C5840075176B /* CoreImage.framework */; };
		B76070EA1B5A11CA0075176B /* ImageProcessor.m in Sources */ = {isa = PBXBuildFile; fileRef = B76070E91B5A11CA0075176B /* ImageProcessor.m */; };
		B764A1941AB9041B0068A119 /* AddMedViewController.m in Sources */ = {isa = PBXBuildFile; fileRef = B764A1931AB9041B0068A119 /* AddMedViewController.m */; };
		B7698C081B576CF1008B6AFA /* GraphData.m in Sources */ = {isa = PBXBuildFile; fileRef = B7698C071B576CF1008B6AFA /* GraphData.m */; };
		B772FC4E1AFD60A2001CB237 /* EditMedsController.m in Sources */ = {isa = PBXBuildFile; fileRef = B772FC4D1AFD60A2001CB237 /* EditMedsController.m */; };
		B777650E1B63376000F85E00 /* drugsdb.json in Resources */ = {isa = PBXBuildFile; fileRef = B777650D1B63376000F85E00 /* drugsdb.json */; };
		B7988D601A7B350A0061DF8C /* MedsCell.m in Sources */ = {isa = PBXBuildFile; fileRef = B7988D5F1A7B350A0061DF8C /* MedsCell.m */; };
		B7988D641A7B38C50061DF8C /* StrikeThroughLabel.m in Sources */ = {isa = PBXBuildFile; fileRef = B7988D631A7B38C50061DF8C /* StrikeThroughLabel.m */; };
		B7A1FD4E1A8298D40003CD52 /* InfoViewController.m in Sources */ = {isa = PBXBuildFile; fileRef = B7A1FD4D1A8298D40003CD52 /* InfoViewController.m */; };
		B7A2750C1B40F927008F2BD4 /* AMPConstants.m in Sources */ = {isa = PBXBuildFile; fileRef = B7A275021B40F927008F2BD4 /* AMPConstants.m */; };
		B7A2750D1B40F927008F2BD4 /* AMPConstants.m in Sources */ = {isa = PBXBuildFile; fileRef = B7A275021B40F927008F2BD4 /* AMPConstants.m */; };
		B7A2750E1B40F927008F2BD4 /* AMPDeviceInfo.m in Sources */ = {isa = PBXBuildFile; fileRef = B7A275041B40F927008F2BD4 /* AMPDeviceInfo.m */; };
		B7A2750F1B40F927008F2BD4 /* AMPDeviceInfo.m in Sources */ = {isa = PBXBuildFile; fileRef = B7A275041B40F927008F2BD4 /* AMPDeviceInfo.m */; };
		B7A275101B40F927008F2BD4 /* Amplitude.m in Sources */ = {isa = PBXBuildFile; fileRef = B7A275061B40F927008F2BD4 /* Amplitude.m */; };
		B7A275111B40F927008F2BD4 /* Amplitude.m in Sources */ = {isa = PBXBuildFile; fileRef = B7A275061B40F927008F2BD4 /* Amplitude.m */; };
		B7A275121B40F927008F2BD4 /* AMPLocationManagerDelegate.m in Sources */ = {isa = PBXBuildFile; fileRef = B7A275091B40F927008F2BD4 /* AMPLocationManagerDelegate.m */; };
		B7A275131B40F927008F2BD4 /* AMPLocationManagerDelegate.m in Sources */ = {isa = PBXBuildFile; fileRef = B7A275091B40F927008F2BD4 /* AMPLocationManagerDelegate.m */; };
		B7A275141B40F927008F2BD4 /* AMPURLConnection.m in Sources */ = {isa = PBXBuildFile; fileRef = B7A2750B1B40F927008F2BD4 /* AMPURLConnection.m */; };
		B7A275151B40F927008F2BD4 /* AMPURLConnection.m in Sources */ = {isa = PBXBuildFile; fileRef = B7A2750B1B40F927008F2BD4 /* AMPURLConnection.m */; };
		B7A5FBF81B5A1BCF00C7BAC8 /* UIImage+OrientationFix.m in Sources */ = {isa = PBXBuildFile; fileRef = B7A5FBF71B5A1BCF00C7BAC8 /* UIImage+OrientationFix.m */; };
		B7A669541B40C27500AE7566 /* EventLogger.m in Sources */ = {isa = PBXBuildFile; fileRef = B7A669531B40C27500AE7566 /* EventLogger.m */; };
		B7AAC02D1A834A1300BC6B2C /* Medication.m in Sources */ = {isa = PBXBuildFile; fileRef = B7AAC02C1A834A1300BC6B2C /* Medication.m */; };
		B7B1184D1B6DB50F00C79E2C /* LTHKeychainUtils.m in Sources */ = {isa = PBXBuildFile; fileRef = B7B1184A1B6DB50F00C79E2C /* LTHKeychainUtils.m */; };
		B7B1184E1B6DB50F00C79E2C /* LTHPasscodeViewController.m in Sources */ = {isa = PBXBuildFile; fileRef = B7B1184C1B6DB50F00C79E2C /* LTHPasscodeViewController.m */; };
		B7B118641B6E8F4F00C79E2C /* RTWalkthroughViewController.m in Sources */ = {isa = PBXBuildFile; fileRef = B7B118611B6E8F4F00C79E2C /* RTWalkthroughViewController.m */; };
		B7B118651B6E8F4F00C79E2C /* RTWalkthroughPageViewController.m in Sources */ = {isa = PBXBuildFile; fileRef = B7B118631B6E8F4F00C79E2C /* RTWalkthroughPageViewController.m */; };
		B7B118681B6E8F7600C79E2C /* Walkthrough.storyboard in Resources */ = {isa = PBXBuildFile; fileRef = B7B118671B6E8F7600C79E2C /* Walkthrough.storyboard */; };
		B7B118741B6E90AD00C79E2C /* leftarrow@2x.png in Resources */ = {isa = PBXBuildFile; fileRef = B7B1186C1B6E90AD00C79E2C /* leftarrow@2x.png */; };
		B7B118751B6E90AD00C79E2C /* rightarrow@2x.png in Resources */ = {isa = PBXBuildFile; fileRef = B7B1186D1B6E90AD00C79E2C /* rightarrow@2x.png */; };
		B7B118781B6E90AD00C79E2C /* iPhoneScreen@2x.png in Resources */ = {isa = PBXBuildFile; fileRef = B7B118701B6E90AD00C79E2C /* iPhoneScreen@2x.png */; };
		B7B1187B1B6E911400C79E2C /* RTCustomPageViewController.m in Sources */ = {isa = PBXBuildFile; fileRef = B7B1187A1B6E911400C79E2C /* RTCustomPageViewController.m */; };
		B7B43EE21B50E5340063FEA3 /* MessageUI.framework in Frameworks */ = {isa = PBXBuildFile; fileRef = B7B43EE11B50E5340063FEA3 /* MessageUI.framework */; };
		B7B43EFC1B519F1F0063FEA3 /* BOTableViewController.m in Sources */ = {isa = PBXBuildFile; fileRef = B7B43EE81B519F1E0063FEA3 /* BOTableViewController.m */; };
		B7B43EFD1B519F1F0063FEA3 /* BOTableViewCell.m in Sources */ = {isa = PBXBuildFile; fileRef = B7B43EEB1B519F1E0063FEA3 /* BOTableViewCell.m */; };
		B7B43EFE1B519F1F0063FEA3 /* BOSwitchTableViewCell.m in Sources */ = {isa = PBXBuildFile; fileRef = B7B43EEE1B519F1E0063FEA3 /* BOSwitchTableViewCell.m */; };
		B7B43EFF1B519F1F0063FEA3 /* BOTextTableViewCell.m in Sources */ = {isa = PBXBuildFile; fileRef = B7B43EF01B519F1E0063FEA3 /* BOTextTableViewCell.m */; };
		B7B43F001B519F1F0063FEA3 /* BOTimeTableViewCell.m in Sources */ = {isa = PBXBuildFile; fileRef = B7B43EF21B519F1E0063FEA3 /* BOTimeTableViewCell.m */; };
		B7B43F011B519F1F0063FEA3 /* BOChoiceTableViewCell.m in Sources */ = {isa = PBXBuildFile; fileRef = B7B43EF41B519F1E0063FEA3 /* BOChoiceTableViewCell.m */; };
		B7B43F021B519F1F0063FEA3 /* BOOptionTableViewCell.m in Sources */ = {isa = PBXBuildFile; fileRef = B7B43EF61B519F1F0063FEA3 /* BOOptionTableViewCell.m */; };
		B7B43F031B519F1F0063FEA3 /* BOButtonTableViewCell.m in Sources */ = {isa = PBXBuildFile; fileRef = B7B43EF81B519F1F0063FEA3 /* BOButtonTableViewCell.m */; };
		B7B43F041B519F1F0063FEA3 /* BOSetting.m in Sources */ = {isa = PBXBuildFile; fileRef = B7B43EFA1B519F1F0063FEA3 /* BOSetting.m */; };
		B7B43F081B519F730063FEA3 /* SettingsViewController.m in Sources */ = {isa = PBXBuildFile; fileRef = B7B43F071B519F730063FEA3 /* SettingsViewController.m */; };
		B7B43F131B51B7220063FEA3 /* BEMSimpleLineGraphView.m in Sources */ = {isa = PBXBuildFile; fileRef = B7B43F0A1B51B7220063FEA3 /* BEMSimpleLineGraphView.m */; };
		B7B43F141B51B7220063FEA3 /* BEMCircle.m in Sources */ = {isa = PBXBuildFile; fileRef = B7B43F0C1B51B7220063FEA3 /* BEMCircle.m */; };
		B7B43F151B51B7220063FEA3 /* BEMLine.m in Sources */ = {isa = PBXBuildFile; fileRef = B7B43F0E1B51B7220063FEA3 /* BEMLine.m */; };
		B7B43F161B51B7220063FEA3 /* BEMAverageLine.m in Sources */ = {isa = PBXBuildFile; fileRef = B7B43F101B51B7220063FEA3 /* BEMAverageLine.m */; };
		B7B43F171B51B7220063FEA3 /* BEMPermanentPopupView.m in Sources */ = {isa = PBXBuildFile; fileRef = B7B43F121B51B7220063FEA3 /* BEMPermanentPopupView.m */; };
		B7B632771B3F8E9D008DBE12 /* MPGTextField.m in Sources */ = {isa = PBXBuildFile; fileRef = B7B632761B3F8E9D008DBE12 /* MPGTextField.m */; };
		B7BF61AF1A8B25EF00F08413 /* CalendarButton.m in Sources */ = {isa = PBXBuildFile; fileRef = B7BF61AE1A8B25EF00F08413 /* CalendarButton.m */; };
		B7C27E1D1A76AA8100DFB416 /* main.m in Sources */ = {isa = PBXBuildFile; fileRef = B7C27E1C1A76AA8100DFB416 /* main.m */; };
		B7C27E201A76AA8100DFB416 /* AppDelegate.m in Sources */ = {isa = PBXBuildFile; fileRef = B7C27E1F1A76AA8100DFB416 /* AppDelegate.m */; };
		B7C27E231A76AA8100DFB416 /* TodayViewController.m in Sources */ = {isa = PBXBuildFile; fileRef = B7C27E221A76AA8100DFB416 /* TodayViewController.m */; };
		B7C27E261A76AA8100DFB416 /* OverviewViewController.m in Sources */ = {isa = PBXBuildFile; fileRef = B7C27E251A76AA8100DFB416 /* OverviewViewController.m */; };
		B7C27E2B1A76AA8100DFB416 /* Images.xcassets in Resources */ = {isa = PBXBuildFile; fileRef = B7C27E2A1A76AA8100DFB416 /* Images.xcassets */; };
		B7C27E3A1A76AA8100DFB416 /* MyMedsTests.m in Sources */ = {isa = PBXBuildFile; fileRef = B7C27E391A76AA8100DFB416 /* MyMedsTests.m */; };
		B7C27E461A76AB0700DFB416 /* UIKit.framework in Frameworks */ = {isa = PBXBuildFile; fileRef = B7C27E451A76AB0700DFB416 /* UIKit.framework */; };
		B7C27E491A76AB2600DFB416 /* libsqlite3.0.dylib in Frameworks */ = {isa = PBXBuildFile; fileRef = B7C27E471A76AB2600DFB416 /* libsqlite3.0.dylib */; };
		B7C27E4A1A76AB2600DFB416 /* libsqlite3.dylib in Frameworks */ = {isa = PBXBuildFile; fileRef = B7C27E481A76AB2600DFB416 /* libsqlite3.dylib */; };
		B7C27E571A76E65A00DFB416 /* AnalyzeViewController.m in Sources */ = {isa = PBXBuildFile; fileRef = B7C27E561A76E65A00DFB416 /* AnalyzeViewController.m */; };
		B7FC56FD1B0E4BAC00A1828A /* CoreData.framework in Frameworks */ = {isa = PBXBuildFile; fileRef = B7FC56FC1B0E4BAC00A1828A /* CoreData.framework */; };
		B7FC56FE1B0E4BBB00A1828A /* SystemConfiguration.framework in Frameworks */ = {isa = PBXBuildFile; fileRef = B784391B1B0C6A6500507D0A /* SystemConfiguration.framework */; };
		B7FC574E1B0E67C000A1828A /* CoreGraphics.framework in Frameworks */ = {isa = PBXBuildFile; fileRef = B78439171B0C6A4E00507D0A /* CoreGraphics.framework */; };
/* End PBXBuildFile section */

/* Begin PBXContainerItemProxy section */
		B7C27E341A76AA8100DFB416 /* PBXContainerItemProxy */ = {
			isa = PBXContainerItemProxy;
			containerPortal = B7C27E0F1A76AA8100DFB416 /* Project object */;
			proxyType = 1;
			remoteGlobalIDString = B7C27E161A76AA8100DFB416;
			remoteInfo = MyMeds;
		};
/* End PBXContainerItemProxy section */

/* Begin PBXFileReference section */
		0FC923A9822149BE2568773D /* Pods-MyMeds.release.xcconfig */ = {isa = PBXFileReference; includeInIndex = 1; lastKnownFileType = text.xcconfig; name = "Pods-MyMeds.release.xcconfig"; path = "Pods/Target Support Files/Pods-MyMeds/Pods-MyMeds.release.xcconfig"; sourceTree = "<group>"; };
		ACC3A71BA209F925CAB7A00B /* Pods-MyMeds.debug.xcconfig */ = {isa = PBXFileReference; includeInIndex = 1; lastKnownFileType = text.xcconfig; name = "Pods-MyMeds.debug.xcconfig"; path = "Pods/Target Support Files/Pods-MyMeds/Pods-MyMeds.debug.xcconfig"; sourceTree = "<group>"; };
		B700AB1C1A7ECE280034EF14 /* Main.storyboard */ = {isa = PBXFileReference; fileEncoding = 4; lastKnownFileType = file.storyboard; path = Main.storyboard; sourceTree = "<group>"; };
		B708D8521B5AF41C0080B22B /* TopMedsTable.h */ = {isa = PBXFileReference; fileEncoding = 4; lastKnownFileType = sourcecode.c.h; path = TopMedsTable.h; sourceTree = "<group>"; };
		B708D8531B5AF41C0080B22B /* TopMedsTable.m */ = {isa = PBXFileReference; fileEncoding = 4; lastKnownFileType = sourcecode.c.objc; path = TopMedsTable.m; sourceTree = "<group>"; };
		B70CC81B1AED8E9B0042F1CE /* Constants.h */ = {isa = PBXFileReference; fileEncoding = 4; lastKnownFileType = sourcecode.c.h; path = Constants.h; sourceTree = "<group>"; };
		B70CC81C1AED8E9B0042F1CE /* Constants.m */ = {isa = PBXFileReference; fileEncoding = 4; lastKnownFileType = sourcecode.c.objc; path = Constants.m; sourceTree = "<group>"; };
		B71815AC1B3F47FE0081AFC9 /* ComplianceAnalyzer.h */ = {isa = PBXFileReference; fileEncoding = 4; lastKnownFileType = sourcecode.c.h; path = ComplianceAnalyzer.h; sourceTree = "<group>"; };
		B71815AD1B3F47FE0081AFC9 /* ComplianceAnalyzer.m */ = {isa = PBXFileReference; fileEncoding = 4; lastKnownFileType = sourcecode.c.objc; path = ComplianceAnalyzer.m; sourceTree = "<group>"; };
		B71815AF1B3F4A370081AFC9 /* ComplianceCircle.h */ = {isa = PBXFileReference; fileEncoding = 4; lastKnownFileType = sourcecode.c.h; path = ComplianceCircle.h; sourceTree = "<group>"; };
		B71815B01B3F4A370081AFC9 /* ComplianceCircle.m */ = {isa = PBXFileReference; fileEncoding = 4; lastKnownFileType = sourcecode.c.objc; path = ComplianceCircle.m; sourceTree = "<group>"; };
		B7196A491B4644110014DF3B /* CoreMedication.h */ = {isa = PBXFileReference; fileEncoding = 4; lastKnownFileType = sourcecode.c.h; path = CoreMedication.h; sourceTree = "<group>"; };
		B7196A4A1B4644110014DF3B /* CoreMedication.m */ = {isa = PBXFileReference; fileEncoding = 4; lastKnownFileType = sourcecode.c.objc; path = CoreMedication.m; sourceTree = "<group>"; };
		B7196A4C1B478B670014DF3B /* Event.h */ = {isa = PBXFileReference; fileEncoding = 4; lastKnownFileType = sourcecode.c.h; path = Event.h; sourceTree = "<group>"; };
		B7196A4D1B478B670014DF3B /* Event.m */ = {isa = PBXFileReference; fileEncoding = 4; lastKnownFileType = sourcecode.c.objc; path = Event.m; sourceTree = "<group>"; };
		B7212D6B1B49E042005C89B8 /* NotificationScheduler.h */ = {isa = PBXFileReference; fileEncoding = 4; lastKnownFileType = sourcecode.c.h; path = NotificationScheduler.h; sourceTree = "<group>"; };
		B7212D6C1B49E042005C89B8 /* NotificationScheduler.m */ = {isa = PBXFileReference; fileEncoding = 4; lastKnownFileType = sourcecode.c.objc; path = NotificationScheduler.m; sourceTree = "<group>"; };
		B7275DB51AC259030016D085 /* RMDateSelectionViewController.h */ = {isa = PBXFileReference; fileEncoding = 4; lastKnownFileType = sourcecode.c.h; path = RMDateSelectionViewController.h; sourceTree = "<group>"; };
		B7275DB61AC259030016D085 /* RMDateSelectionViewController.m */ = {isa = PBXFileReference; fileEncoding = 4; lastKnownFileType = sourcecode.c.objc; path = RMDateSelectionViewController.m; sourceTree = "<group>"; };
		B7322A451A8AD3720057B916 /* MenuController.h */ = {isa = PBXFileReference; fileEncoding = 4; lastKnownFileType = sourcecode.c.h; path = MenuController.h; sourceTree = "<group>"; };
		B7322A461A8AD3720057B916 /* MenuController.m */ = {isa = PBXFileReference; fileEncoding = 4; lastKnownFileType = sourcecode.c.objc; path = MenuController.m; sourceTree = "<group>"; };
		B737A4BB1B6ECF0500E86F31 /* gestures@2x.png */ = {isa = PBXFileReference; lastKnownFileType = image.png; path = "gestures@2x.png"; sourceTree = "<group>"; };
		B737A4BC1B6ECF0500E86F31 /* notifs@2x.png */ = {isa = PBXFileReference; lastKnownFileType = image.png; path = "notifs@2x.png"; sourceTree = "<group>"; };
		B737A4BD1B6ECF0500E86F31 /* passcode@2x.png */ = {isa = PBXFileReference; lastKnownFileType = image.png; path = "passcode@2x.png"; sourceTree = "<group>"; };
		B737A4C11B6ECF3E00E86F31 /* gestures.png */ = {isa = PBXFileReference; lastKnownFileType = image.png; path = gestures.png; sourceTree = "<group>"; };
		B737A4C31B6ECF6200E86F31 /* passcode.png */ = {isa = PBXFileReference; lastKnownFileType = image.png; path = passcode.png; sourceTree = "<group>"; };
		B737A4C51B6ECF8200E86F31 /* notifs.png */ = {isa = PBXFileReference; lastKnownFileType = image.png; path = notifs.png; sourceTree = "<group>"; };
		B737A4CA1B6ED7A800E86F31 /* SVModalWebViewController.h */ = {isa = PBXFileReference; fileEncoding = 4; lastKnownFileType = sourcecode.c.h; path = SVModalWebViewController.h; sourceTree = "<group>"; };
		B737A4CB1B6ED7A800E86F31 /* SVModalWebViewController.m */ = {isa = PBXFileReference; fileEncoding = 4; lastKnownFileType = sourcecode.c.objc; path = SVModalWebViewController.m; sourceTree = "<group>"; };
		B737A4CC1B6ED7A800E86F31 /* SVWebViewController.bundle */ = {isa = PBXFileReference; lastKnownFileType = "wrapper.plug-in"; path = SVWebViewController.bundle; sourceTree = "<group>"; };
		B737A4CD1B6ED7A800E86F31 /* SVWebViewController.h */ = {isa = PBXFileReference; fileEncoding = 4; lastKnownFileType = sourcecode.c.h; path = SVWebViewController.h; sourceTree = "<group>"; };
		B737A4CE1B6ED7A800E86F31 /* SVWebViewController.m */ = {isa = PBXFileReference; fileEncoding = 4; lastKnownFileType = sourcecode.c.objc; path = SVWebViewController.m; sourceTree = "<group>"; };
		B737A4CF1B6ED7A800E86F31 /* SVWebViewController.strings */ = {isa = PBXFileReference; fileEncoding = 4; lastKnownFileType = text.plist.strings; path = SVWebViewController.strings; sourceTree = "<group>"; };
		B737A4D41B6ED7B300E86F31 /* SVWebViewControllerActivity.h */ = {isa = PBXFileReference; fileEncoding = 4; lastKnownFileType = sourcecode.c.h; path = SVWebViewControllerActivity.h; sourceTree = "<group>"; };
		B737A4D51B6ED7B300E86F31 /* SVWebViewControllerActivity.m */ = {isa = PBXFileReference; fileEncoding = 4; lastKnownFileType = sourcecode.c.objc; path = SVWebViewControllerActivity.m; sourceTree = "<group>"; };
		B737A4E11B6ED8A000E86F31 /* SVWebViewControllerActivityChrome-iPad.png */ = {isa = PBXFileReference; lastKnownFileType = image.png; name = "SVWebViewControllerActivityChrome-iPad.png"; path = "Chrome/SVWebViewControllerActivityChrome-iPad.png"; sourceTree = "<group>"; };
		B737A4E21B6ED8A000E86F31 /* SVWebViewControllerActivityChrome-iPad@2x.png */ = {isa = PBXFileReference; lastKnownFileType = image.png; name = "SVWebViewControllerActivityChrome-iPad@2x.png"; path = "Chrome/SVWebViewControllerActivityChrome-iPad@2x.png"; sourceTree = "<group>"; };
		B737A4E31B6ED8A000E86F31 /* SVWebViewControllerActivityChrome.h */ = {isa = PBXFileReference; fileEncoding = 4; lastKnownFileType = sourcecode.c.h; name = SVWebViewControllerActivityChrome.h; path = Chrome/SVWebViewControllerActivityChrome.h; sourceTree = "<group>"; };
		B737A4E41B6ED8A000E86F31 /* SVWebViewControllerActivityChrome.m */ = {isa = PBXFileReference; fileEncoding = 4; lastKnownFileType = sourcecode.c.objc; name = SVWebViewControllerActivityChrome.m; path = Chrome/SVWebViewControllerActivityChrome.m; sourceTree = "<group>"; };
		B737A4E51B6ED8A000E86F31 /* SVWebViewControllerActivityChrome@2x.png */ = {isa = PBXFileReference; lastKnownFileType = image.png; name = "SVWebViewControllerActivityChrome@2x.png"; path = "Chrome/SVWebViewControllerActivityChrome@2x.png"; sourceTree = "<group>"; };
		B737A4EA1B6ED8AC00E86F31 /* SVWebViewControllerActivitySafari-iPad.png */ = {isa = PBXFileReference; lastKnownFileType = image.png; name = "SVWebViewControllerActivitySafari-iPad.png"; path = "Safari/SVWebViewControllerActivitySafari-iPad.png"; sourceTree = "<group>"; };
		B737A4EB1B6ED8AC00E86F31 /* SVWebViewControllerActivitySafari-iPad@2x.png */ = {isa = PBXFileReference; lastKnownFileType = image.png; name = "SVWebViewControllerActivitySafari-iPad@2x.png"; path = "Safari/SVWebViewControllerActivitySafari-iPad@2x.png"; sourceTree = "<group>"; };
		B737A4EC1B6ED8AC00E86F31 /* SVWebViewControllerActivitySafari.h */ = {isa = PBXFileReference; fileEncoding = 4; lastKnownFileType = sourcecode.c.h; name = SVWebViewControllerActivitySafari.h; path = Safari/SVWebViewControllerActivitySafari.h; sourceTree = "<group>"; };
		B737A4ED1B6ED8AC00E86F31 /* SVWebViewControllerActivitySafari.m */ = {isa = PBXFileReference; fileEncoding = 4; lastKnownFileType = sourcecode.c.objc; name = SVWebViewControllerActivitySafari.m; path = Safari/SVWebViewControllerActivitySafari.m; sourceTree = "<group>"; };
		B737A4EE1B6ED8AC00E86F31 /* SVWebViewControllerActivitySafari@2x.png */ = {isa = PBXFileReference; lastKnownFileType = image.png; name = "SVWebViewControllerActivitySafari@2x.png"; path = "Safari/SVWebViewControllerActivitySafari@2x.png"; sourceTree = "<group>"; };
		B73A94221B42546900590D79 /* Fabric.framework */ = {isa = PBXFileReference; lastKnownFileType = wrapper.framework; path = Fabric.framework; sourceTree = SOURCE_ROOT; };
		B73A94231B42546900590D79 /* Crashlytics.framework */ = {isa = PBXFileReference; lastKnownFileType = wrapper.framework; path = Crashlytics.framework; sourceTree = SOURCE_ROOT; };
		B73A94291B44F36E00590D79 /* DBAccess.framework */ = {isa = PBXFileReference; lastKnownFileType = wrapper.framework; name = DBAccess.framework; path = MyMedsTests/DBAccess.framework; sourceTree = SOURCE_ROOT; };
		B73A942C1B44F4AA00590D79 /* TodayMedication.h */ = {isa = PBXFileReference; fileEncoding = 4; lastKnownFileType = sourcecode.c.h; path = TodayMedication.h; sourceTree = "<group>"; };
		B73A942D1B44F4AA00590D79 /* TodayMedication.m */ = {isa = PBXFileReference; fileEncoding = 4; lastKnownFileType = sourcecode.c.objc; path = TodayMedication.m; sourceTree = "<group>"; };
		B75A08EC1AB945D8009D2056 /* DayPicker.h */ = {isa = PBXFileReference; fileEncoding = 4; lastKnownFileType = sourcecode.c.h; name = DayPicker.h; path = ../DayPicker.h; sourceTree = "<group>"; };
		B75A08ED1AB945D8009D2056 /* DayPicker.m */ = {isa = PBXFileReference; fileEncoding = 4; lastKnownFileType = sourcecode.c.objc; name = DayPicker.m; path = ../DayPicker.m; sourceTree = "<group>"; };
		B75A08EF1AB9DC79009D2056 /* DayPickerButton.h */ = {isa = PBXFileReference; fileEncoding = 4; lastKnownFileType = sourcecode.c.h; path = DayPickerButton.h; sourceTree = "<group>"; };
		B75A08F01AB9DC79009D2056 /* DayPickerButton.m */ = {isa = PBXFileReference; fileEncoding = 4; lastKnownFileType = sourcecode.c.objc; path = DayPickerButton.m; sourceTree = "<group>"; };
		B75FAD661A9FBE140094ACE5 /* MissedViewController.h */ = {isa = PBXFileReference; fileEncoding = 4; lastKnownFileType = sourcecode.c.h; path = MissedViewController.h; sourceTree = "<group>"; };
		B75FAD671A9FBE140094ACE5 /* MissedViewController.m */ = {isa = PBXFileReference; fileEncoding = 4; lastKnownFileType = sourcecode.c.objc; path = MissedViewController.m; sourceTree = "<group>"; };
		B76070E61B58C5840075176B /* CoreImage.framework */ = {isa = PBXFileReference; lastKnownFileType = wrapper.framework; name = CoreImage.framework; path = System/Library/Frameworks/CoreImage.framework; sourceTree = SDKROOT; };
		B76070E81B5A11CA0075176B /* ImageProcessor.h */ = {isa = PBXFileReference; fileEncoding = 4; lastKnownFileType = sourcecode.c.h; path = ImageProcessor.h; sourceTree = "<group>"; };
		B76070E91B5A11CA0075176B /* ImageProcessor.m */ = {isa = PBXFileReference; fileEncoding = 4; lastKnownFileType = sourcecode.c.objc; path = ImageProcessor.m; sourceTree = "<group>"; };
		B764A1921AB9041B0068A119 /* AddMedViewController.h */ = {isa = PBXFileReference; fileEncoding = 4; lastKnownFileType = sourcecode.c.h; path = AddMedViewController.h; sourceTree = "<group>"; };
		B764A1931AB9041B0068A119 /* AddMedViewController.m */ = {isa = PBXFileReference; fileEncoding = 4; lastKnownFileType = sourcecode.c.objc; path = AddMedViewController.m; sourceTree = "<group>"; };
		B7698C061B576CF1008B6AFA /* GraphData.h */ = {isa = PBXFileReference; fileEncoding = 4; lastKnownFileType = sourcecode.c.h; path = GraphData.h; sourceTree = "<group>"; };
		B7698C071B576CF1008B6AFA /* GraphData.m */ = {isa = PBXFileReference; fileEncoding = 4; lastKnownFileType = sourcecode.c.objc; path = GraphData.m; sourceTree = "<group>"; };
		B772FC4C1AFD60A2001CB237 /* EditMedsController.h */ = {isa = PBXFileReference; fileEncoding = 4; lastKnownFileType = sourcecode.c.h; path = EditMedsController.h; sourceTree = "<group>"; };
		B772FC4D1AFD60A2001CB237 /* EditMedsController.m */ = {isa = PBXFileReference; fileEncoding = 4; lastKnownFileType = sourcecode.c.objc; path = EditMedsController.m; sourceTree = "<group>"; };
		B777650D1B63376000F85E00 /* drugsdb.json */ = {isa = PBXFileReference; fileEncoding = 4; lastKnownFileType = text.json; path = drugsdb.json; sourceTree = "<group>"; };
		B78439171B0C6A4E00507D0A /* CoreGraphics.framework */ = {isa = PBXFileReference; lastKnownFileType = wrapper.framework; name = CoreGraphics.framework; path = System/Library/Frameworks/CoreGraphics.framework; sourceTree = SDKROOT; };
		B78439191B0C6A5700507D0A /* Security.framework */ = {isa = PBXFileReference; lastKnownFileType = wrapper.framework; name = Security.framework; path = System/Library/Frameworks/Security.framework; sourceTree = SDKROOT; };
		B784391B1B0C6A6500507D0A /* SystemConfiguration.framework */ = {isa = PBXFileReference; lastKnownFileType = wrapper.framework; name = SystemConfiguration.framework; path = System/Library/Frameworks/SystemConfiguration.framework; sourceTree = SDKROOT; };
		B7988D5E1A7B350A0061DF8C /* MedsCell.h */ = {isa = PBXFileReference; fileEncoding = 4; lastKnownFileType = sourcecode.c.h; path = MedsCell.h; sourceTree = "<group>"; };
		B7988D5F1A7B350A0061DF8C /* MedsCell.m */ = {isa = PBXFileReference; fileEncoding = 4; lastKnownFileType = sourcecode.c.objc; path = MedsCell.m; sourceTree = "<group>"; };
		B7988D621A7B38C50061DF8C /* StrikeThroughLabel.h */ = {isa = PBXFileReference; fileEncoding = 4; lastKnownFileType = sourcecode.c.h; path = StrikeThroughLabel.h; sourceTree = "<group>"; };
		B7988D631A7B38C50061DF8C /* StrikeThroughLabel.m */ = {isa = PBXFileReference; fileEncoding = 4; lastKnownFileType = sourcecode.c.objc; path = StrikeThroughLabel.m; sourceTree = "<group>"; };
		B7A1FD4C1A8298D40003CD52 /* InfoViewController.h */ = {isa = PBXFileReference; fileEncoding = 4; lastKnownFileType = sourcecode.c.h; path = InfoViewController.h; sourceTree = "<group>"; };
		B7A1FD4D1A8298D40003CD52 /* InfoViewController.m */ = {isa = PBXFileReference; fileEncoding = 4; lastKnownFileType = sourcecode.c.objc; path = InfoViewController.m; sourceTree = "<group>"; };
		B7A275001B40F926008F2BD4 /* AMPARCMacros.h */ = {isa = PBXFileReference; fileEncoding = 4; lastKnownFileType = sourcecode.c.h; path = AMPARCMacros.h; sourceTree = "<group>"; };
		B7A275011B40F926008F2BD4 /* AMPConstants.h */ = {isa = PBXFileReference; fileEncoding = 4; lastKnownFileType = sourcecode.c.h; path = AMPConstants.h; sourceTree = "<group>"; };
		B7A275021B40F927008F2BD4 /* AMPConstants.m */ = {isa = PBXFileReference; fileEncoding = 4; lastKnownFileType = sourcecode.c.objc; path = AMPConstants.m; sourceTree = "<group>"; };
		B7A275031B40F927008F2BD4 /* AMPDeviceInfo.h */ = {isa = PBXFileReference; fileEncoding = 4; lastKnownFileType = sourcecode.c.h; path = AMPDeviceInfo.h; sourceTree = "<group>"; };
		B7A275041B40F927008F2BD4 /* AMPDeviceInfo.m */ = {isa = PBXFileReference; fileEncoding = 4; lastKnownFileType = sourcecode.c.objc; path = AMPDeviceInfo.m; sourceTree = "<group>"; };
		B7A275051B40F927008F2BD4 /* Amplitude.h */ = {isa = PBXFileReference; fileEncoding = 4; lastKnownFileType = sourcecode.c.h; path = Amplitude.h; sourceTree = "<group>"; };
		B7A275061B40F927008F2BD4 /* Amplitude.m */ = {isa = PBXFileReference; fileEncoding = 4; lastKnownFileType = sourcecode.c.objc; path = Amplitude.m; sourceTree = "<group>"; };
		B7A275071B40F927008F2BD4 /* Amplitude+SSLPinning.h */ = {isa = PBXFileReference; fileEncoding = 4; lastKnownFileType = sourcecode.c.h; path = "Amplitude+SSLPinning.h"; sourceTree = "<group>"; };
		B7A275081B40F927008F2BD4 /* AMPLocationManagerDelegate.h */ = {isa = PBXFileReference; fileEncoding = 4; lastKnownFileType = sourcecode.c.h; path = AMPLocationManagerDelegate.h; sourceTree = "<group>"; };
		B7A275091B40F927008F2BD4 /* AMPLocationManagerDelegate.m */ = {isa = PBXFileReference; fileEncoding = 4; lastKnownFileType = sourcecode.c.objc; path = AMPLocationManagerDelegate.m; sourceTree = "<group>"; };
		B7A2750A1B40F927008F2BD4 /* AMPURLConnection.h */ = {isa = PBXFileReference; fileEncoding = 4; lastKnownFileType = sourcecode.c.h; path = AMPURLConnection.h; sourceTree = "<group>"; };
		B7A2750B1B40F927008F2BD4 /* AMPURLConnection.m */ = {isa = PBXFileReference; fileEncoding = 4; lastKnownFileType = sourcecode.c.objc; path = AMPURLConnection.m; sourceTree = "<group>"; };
		B7A5FBF61B5A1BCF00C7BAC8 /* UIImage+OrientationFix.h */ = {isa = PBXFileReference; fileEncoding = 4; lastKnownFileType = sourcecode.c.h; path = "UIImage+OrientationFix.h"; sourceTree = "<group>"; };
		B7A5FBF71B5A1BCF00C7BAC8 /* UIImage+OrientationFix.m */ = {isa = PBXFileReference; fileEncoding = 4; lastKnownFileType = sourcecode.c.objc; path = "UIImage+OrientationFix.m"; sourceTree = "<group>"; };
		B7A669521B40C27500AE7566 /* EventLogger.h */ = {isa = PBXFileReference; fileEncoding = 4; lastKnownFileType = sourcecode.c.h; path = EventLogger.h; sourceTree = "<group>"; };
		B7A669531B40C27500AE7566 /* EventLogger.m */ = {isa = PBXFileReference; fileEncoding = 4; lastKnownFileType = sourcecode.c.objc; path = EventLogger.m; sourceTree = "<group>"; };
		B7AAC02B1A834A1300BC6B2C /* Medication.h */ = {isa = PBXFileReference; fileEncoding = 4; lastKnownFileType = sourcecode.c.h; path = Medication.h; sourceTree = "<group>"; };
		B7AAC02C1A834A1300BC6B2C /* Medication.m */ = {isa = PBXFileReference; fileEncoding = 4; lastKnownFileType = sourcecode.c.objc; path = Medication.m; sourceTree = "<group>"; };
		B7B118491B6DB50F00C79E2C /* LTHKeychainUtils.h */ = {isa = PBXFileReference; fileEncoding = 4; lastKnownFileType = sourcecode.c.h; path = LTHKeychainUtils.h; sourceTree = "<group>"; };
		B7B1184A1B6DB50F00C79E2C /* LTHKeychainUtils.m */ = {isa = PBXFileReference; fileEncoding = 4; lastKnownFileType = sourcecode.c.objc; path = LTHKeychainUtils.m; sourceTree = "<group>"; };
		B7B1184B1B6DB50F00C79E2C /* LTHPasscodeViewController.h */ = {isa = PBXFileReference; fileEncoding = 4; lastKnownFileType = sourcecode.c.h; path = LTHPasscodeViewController.h; sourceTree = "<group>"; };
		B7B1184C1B6DB50F00C79E2C /* LTHPasscodeViewController.m */ = {isa = PBXFileReference; fileEncoding = 4; lastKnownFileType = sourcecode.c.objc; path = LTHPasscodeViewController.m; sourceTree = "<group>"; };
		B7B118601B6E8F4F00C79E2C /* RTWalkthroughViewController.h */ = {isa = PBXFileReference; fileEncoding = 4; lastKnownFileType = sourcecode.c.h; path = RTWalkthroughViewController.h; sourceTree = "<group>"; };
		B7B118611B6E8F4F00C79E2C /* RTWalkthroughViewController.m */ = {isa = PBXFileReference; fileEncoding = 4; lastKnownFileType = sourcecode.c.objc; path = RTWalkthroughViewController.m; sourceTree = "<group>"; };
		B7B118621B6E8F4F00C79E2C /* RTWalkthroughPageViewController.h */ = {isa = PBXFileReference; fileEncoding = 4; lastKnownFileType = sourcecode.c.h; path = RTWalkthroughPageViewController.h; sourceTree = "<group>"; };
		B7B118631B6E8F4F00C79E2C /* RTWalkthroughPageViewController.m */ = {isa = PBXFileReference; fileEncoding = 4; lastKnownFileType = sourcecode.c.objc; path = RTWalkthroughPageViewController.m; sourceTree = "<group>"; };
		B7B118671B6E8F7600C79E2C /* Walkthrough.storyboard */ = {isa = PBXFileReference; fileEncoding = 4; lastKnownFileType = file.storyboard; path = Walkthrough.storyboard; sourceTree = "<group>"; };
		B7B1186C1B6E90AD00C79E2C /* leftarrow@2x.png */ = {isa = PBXFileReference; lastKnownFileType = image.png; path = "leftarrow@2x.png"; sourceTree = "<group>"; };
		B7B1186D1B6E90AD00C79E2C /* rightarrow@2x.png */ = {isa = PBXFileReference; lastKnownFileType = image.png; path = "rightarrow@2x.png"; sourceTree = "<group>"; };
		B7B118701B6E90AD00C79E2C /* iPhoneScreen@2x.png */ = {isa = PBXFileReference; lastKnownFileType = image.png; path = "iPhoneScreen@2x.png"; sourceTree = "<group>"; };
		B7B118791B6E911400C79E2C /* RTCustomPageViewController.h */ = {isa = PBXFileReference; fileEncoding = 4; lastKnownFileType = sourcecode.c.h; path = RTCustomPageViewController.h; sourceTree = "<group>"; };
		B7B1187A1B6E911400C79E2C /* RTCustomPageViewController.m */ = {isa = PBXFileReference; fileEncoding = 4; lastKnownFileType = sourcecode.c.objc; path = RTCustomPageViewController.m; sourceTree = "<group>"; };
		B7B43EE11B50E5340063FEA3 /* MessageUI.framework */ = {isa = PBXFileReference; lastKnownFileType = wrapper.framework; name = MessageUI.framework; path = System/Library/Frameworks/MessageUI.framework; sourceTree = SDKROOT; };
		B7B43EE61B519F1E0063FEA3 /* Bohr.h */ = {isa = PBXFileReference; fileEncoding = 4; lastKnownFileType = sourcecode.c.h; path = Bohr.h; sourceTree = "<group>"; };
		B7B43EE71B519F1E0063FEA3 /* BOTableViewController.h */ = {isa = PBXFileReference; fileEncoding = 4; lastKnownFileType = sourcecode.c.h; path = BOTableViewController.h; sourceTree = "<group>"; };
		B7B43EE81B519F1E0063FEA3 /* BOTableViewController.m */ = {isa = PBXFileReference; fileEncoding = 4; lastKnownFileType = sourcecode.c.objc; path = BOTableViewController.m; sourceTree = "<group>"; };
		B7B43EE91B519F1E0063FEA3 /* BOTableViewController+Private.h */ = {isa = PBXFileReference; fileEncoding = 4; lastKnownFileType = sourcecode.c.h; path = "BOTableViewController+Private.h"; sourceTree = "<group>"; };
		B7B43EEA1B519F1E0063FEA3 /* BOTableViewCell.h */ = {isa = PBXFileReference; fileEncoding = 4; lastKnownFileType = sourcecode.c.h; path = BOTableViewCell.h; sourceTree = "<group>"; };
		B7B43EEB1B519F1E0063FEA3 /* BOTableViewCell.m */ = {isa = PBXFileReference; fileEncoding = 4; lastKnownFileType = sourcecode.c.objc; path = BOTableViewCell.m; sourceTree = "<group>"; };
		B7B43EEC1B519F1E0063FEA3 /* BOTableViewCell+Subclass.h */ = {isa = PBXFileReference; fileEncoding = 4; lastKnownFileType = sourcecode.c.h; path = "BOTableViewCell+Subclass.h"; sourceTree = "<group>"; };
		B7B43EED1B519F1E0063FEA3 /* BOSwitchTableViewCell.h */ = {isa = PBXFileReference; fileEncoding = 4; lastKnownFileType = sourcecode.c.h; path = BOSwitchTableViewCell.h; sourceTree = "<group>"; };
		B7B43EEE1B519F1E0063FEA3 /* BOSwitchTableViewCell.m */ = {isa = PBXFileReference; fileEncoding = 4; lastKnownFileType = sourcecode.c.objc; path = BOSwitchTableViewCell.m; sourceTree = "<group>"; };
		B7B43EEF1B519F1E0063FEA3 /* BOTextTableViewCell.h */ = {isa = PBXFileReference; fileEncoding = 4; lastKnownFileType = sourcecode.c.h; path = BOTextTableViewCell.h; sourceTree = "<group>"; };
		B7B43EF01B519F1E0063FEA3 /* BOTextTableViewCell.m */ = {isa = PBXFileReference; fileEncoding = 4; lastKnownFileType = sourcecode.c.objc; path = BOTextTableViewCell.m; sourceTree = "<group>"; };
		B7B43EF11B519F1E0063FEA3 /* BOTimeTableViewCell.h */ = {isa = PBXFileReference; fileEncoding = 4; lastKnownFileType = sourcecode.c.h; path = BOTimeTableViewCell.h; sourceTree = "<group>"; };
		B7B43EF21B519F1E0063FEA3 /* BOTimeTableViewCell.m */ = {isa = PBXFileReference; fileEncoding = 4; lastKnownFileType = sourcecode.c.objc; path = BOTimeTableViewCell.m; sourceTree = "<group>"; };
		B7B43EF31B519F1E0063FEA3 /* BOChoiceTableViewCell.h */ = {isa = PBXFileReference; fileEncoding = 4; lastKnownFileType = sourcecode.c.h; path = BOChoiceTableViewCell.h; sourceTree = "<group>"; };
		B7B43EF41B519F1E0063FEA3 /* BOChoiceTableViewCell.m */ = {isa = PBXFileReference; fileEncoding = 4; lastKnownFileType = sourcecode.c.objc; path = BOChoiceTableViewCell.m; sourceTree = "<group>"; };
		B7B43EF51B519F1F0063FEA3 /* BOOptionTableViewCell.h */ = {isa = PBXFileReference; fileEncoding = 4; lastKnownFileType = sourcecode.c.h; path = BOOptionTableViewCell.h; sourceTree = "<group>"; };
		B7B43EF61B519F1F0063FEA3 /* BOOptionTableViewCell.m */ = {isa = PBXFileReference; fileEncoding = 4; lastKnownFileType = sourcecode.c.objc; path = BOOptionTableViewCell.m; sourceTree = "<group>"; };
		B7B43EF71B519F1F0063FEA3 /* BOButtonTableViewCell.h */ = {isa = PBXFileReference; fileEncoding = 4; lastKnownFileType = sourcecode.c.h; path = BOButtonTableViewCell.h; sourceTree = "<group>"; };
		B7B43EF81B519F1F0063FEA3 /* BOButtonTableViewCell.m */ = {isa = PBXFileReference; fileEncoding = 4; lastKnownFileType = sourcecode.c.objc; path = BOButtonTableViewCell.m; sourceTree = "<group>"; };
		B7B43EF91B519F1F0063FEA3 /* BOSetting.h */ = {isa = PBXFileReference; fileEncoding = 4; lastKnownFileType = sourcecode.c.h; path = BOSetting.h; sourceTree = "<group>"; };
		B7B43EFA1B519F1F0063FEA3 /* BOSetting.m */ = {isa = PBXFileReference; fileEncoding = 4; lastKnownFileType = sourcecode.c.objc; path = BOSetting.m; sourceTree = "<group>"; };
		B7B43EFB1B519F1F0063FEA3 /* BOSetting+Private.h */ = {isa = PBXFileReference; fileEncoding = 4; lastKnownFileType = sourcecode.c.h; path = "BOSetting+Private.h"; sourceTree = "<group>"; };
		B7B43F061B519F730063FEA3 /* SettingsViewController.h */ = {isa = PBXFileReference; fileEncoding = 4; lastKnownFileType = sourcecode.c.h; name = SettingsViewController.h; path = ../SettingsViewController.h; sourceTree = "<group>"; };
		B7B43F071B519F730063FEA3 /* SettingsViewController.m */ = {isa = PBXFileReference; fileEncoding = 4; lastKnownFileType = sourcecode.c.objc; name = SettingsViewController.m; path = ../SettingsViewController.m; sourceTree = "<group>"; };
		B7B43F091B51B7220063FEA3 /* BEMSimpleLineGraphView.h */ = {isa = PBXFileReference; fileEncoding = 4; lastKnownFileType = sourcecode.c.h; path = BEMSimpleLineGraphView.h; sourceTree = "<group>"; };
		B7B43F0A1B51B7220063FEA3 /* BEMSimpleLineGraphView.m */ = {isa = PBXFileReference; fileEncoding = 4; lastKnownFileType = sourcecode.c.objc; path = BEMSimpleLineGraphView.m; sourceTree = "<group>"; };
		B7B43F0B1B51B7220063FEA3 /* BEMCircle.h */ = {isa = PBXFileReference; fileEncoding = 4; lastKnownFileType = sourcecode.c.h; path = BEMCircle.h; sourceTree = "<group>"; };
		B7B43F0C1B51B7220063FEA3 /* BEMCircle.m */ = {isa = PBXFileReference; fileEncoding = 4; lastKnownFileType = sourcecode.c.objc; path = BEMCircle.m; sourceTree = "<group>"; };
		B7B43F0D1B51B7220063FEA3 /* BEMLine.h */ = {isa = PBXFileReference; fileEncoding = 4; lastKnownFileType = sourcecode.c.h; path = BEMLine.h; sourceTree = "<group>"; };
		B7B43F0E1B51B7220063FEA3 /* BEMLine.m */ = {isa = PBXFileReference; fileEncoding = 4; lastKnownFileType = sourcecode.c.objc; path = BEMLine.m; sourceTree = "<group>"; };
		B7B43F0F1B51B7220063FEA3 /* BEMAverageLine.h */ = {isa = PBXFileReference; fileEncoding = 4; lastKnownFileType = sourcecode.c.h; path = BEMAverageLine.h; sourceTree = "<group>"; };
		B7B43F101B51B7220063FEA3 /* BEMAverageLine.m */ = {isa = PBXFileReference; fileEncoding = 4; lastKnownFileType = sourcecode.c.objc; path = BEMAverageLine.m; sourceTree = "<group>"; };
		B7B43F111B51B7220063FEA3 /* BEMPermanentPopupView.h */ = {isa = PBXFileReference; fileEncoding = 4; lastKnownFileType = sourcecode.c.h; path = BEMPermanentPopupView.h; sourceTree = "<group>"; };
		B7B43F121B51B7220063FEA3 /* BEMPermanentPopupView.m */ = {isa = PBXFileReference; fileEncoding = 4; lastKnownFileType = sourcecode.c.objc; path = BEMPermanentPopupView.m; sourceTree = "<group>"; };
		B7B632751B3F8E9D008DBE12 /* MPGTextField.h */ = {isa = PBXFileReference; fileEncoding = 4; lastKnownFileType = sourcecode.c.h; path = MPGTextField.h; sourceTree = "<group>"; };
		B7B632761B3F8E9D008DBE12 /* MPGTextField.m */ = {isa = PBXFileReference; fileEncoding = 4; lastKnownFileType = sourcecode.c.objc; path = MPGTextField.m; sourceTree = "<group>"; };
		B7BF61AD1A8B25EF00F08413 /* CalendarButton.h */ = {isa = PBXFileReference; fileEncoding = 4; lastKnownFileType = sourcecode.c.h; path = CalendarButton.h; sourceTree = "<group>"; };
		B7BF61AE1A8B25EF00F08413 /* CalendarButton.m */ = {isa = PBXFileReference; fileEncoding = 4; lastKnownFileType = sourcecode.c.objc; path = CalendarButton.m; sourceTree = "<group>"; };
		B7C27E171A76AA8100DFB416 /* MyMeds.app */ = {isa = PBXFileReference; explicitFileType = wrapper.application; includeInIndex = 0; path = MyMeds.app; sourceTree = BUILT_PRODUCTS_DIR; };
		B7C27E1B1A76AA8100DFB416 /* Info.plist */ = {isa = PBXFileReference; lastKnownFileType = text.plist.xml; path = Info.plist; sourceTree = "<group>"; };
		B7C27E1C1A76AA8100DFB416 /* main.m */ = {isa = PBXFileReference; lastKnownFileType = sourcecode.c.objc; path = main.m; sourceTree = "<group>"; };
		B7C27E1E1A76AA8100DFB416 /* AppDelegate.h */ = {isa = PBXFileReference; lastKnownFileType = sourcecode.c.h; path = AppDelegate.h; sourceTree = "<group>"; };
		B7C27E1F1A76AA8100DFB416 /* AppDelegate.m */ = {isa = PBXFileReference; lastKnownFileType = sourcecode.c.objc; path = AppDelegate.m; sourceTree = "<group>"; };
		B7C27E211A76AA8100DFB416 /* TodayViewController.h */ = {isa = PBXFileReference; lastKnownFileType = sourcecode.c.h; path = TodayViewController.h; sourceTree = "<group>"; };
		B7C27E221A76AA8100DFB416 /* TodayViewController.m */ = {isa = PBXFileReference; lastKnownFileType = sourcecode.c.objc; path = TodayViewController.m; sourceTree = "<group>"; };
		B7C27E241A76AA8100DFB416 /* OverviewViewController.h */ = {isa = PBXFileReference; lastKnownFileType = sourcecode.c.h; path = OverviewViewController.h; sourceTree = "<group>"; };
		B7C27E251A76AA8100DFB416 /* OverviewViewController.m */ = {isa = PBXFileReference; lastKnownFileType = sourcecode.c.objc; path = OverviewViewController.m; sourceTree = "<group>"; };
		B7C27E2A1A76AA8100DFB416 /* Images.xcassets */ = {isa = PBXFileReference; lastKnownFileType = folder.assetcatalog; path = Images.xcassets; sourceTree = "<group>"; };
		B7C27E2D1A76AA8100DFB416 /* Base */ = {isa = PBXFileReference; lastKnownFileType = file.xib; name = Base; path = Base.lproj/LaunchScreen.xib; sourceTree = "<group>"; };
		B7C27E331A76AA8100DFB416 /* MyMedsTests.xctest */ = {isa = PBXFileReference; explicitFileType = wrapper.cfbundle; includeInIndex = 0; path = MyMedsTests.xctest; sourceTree = BUILT_PRODUCTS_DIR; };
		B7C27E381A76AA8100DFB416 /* Info.plist */ = {isa = PBXFileReference; lastKnownFileType = text.plist.xml; path = Info.plist; sourceTree = "<group>"; };
		B7C27E391A76AA8100DFB416 /* MyMedsTests.m */ = {isa = PBXFileReference; lastKnownFileType = sourcecode.c.objc; path = MyMedsTests.m; sourceTree = "<group>"; };
		B7C27E431A76AAFA00DFB416 /* Foundation.framework */ = {isa = PBXFileReference; lastKnownFileType = wrapper.framework; name = Foundation.framework; path = System/Library/Frameworks/Foundation.framework; sourceTree = SDKROOT; };
		B7C27E451A76AB0700DFB416 /* UIKit.framework */ = {isa = PBXFileReference; lastKnownFileType = wrapper.framework; name = UIKit.framework; path = System/Library/Frameworks/UIKit.framework; sourceTree = SDKROOT; };
		B7C27E471A76AB2600DFB416 /* libsqlite3.0.dylib */ = {isa = PBXFileReference; lastKnownFileType = "compiled.mach-o.dylib"; name = libsqlite3.0.dylib; path = usr/lib/libsqlite3.0.dylib; sourceTree = SDKROOT; };
		B7C27E481A76AB2600DFB416 /* libsqlite3.dylib */ = {isa = PBXFileReference; lastKnownFileType = "compiled.mach-o.dylib"; name = libsqlite3.dylib; path = usr/lib/libsqlite3.dylib; sourceTree = SDKROOT; };
		B7C27E551A76E65A00DFB416 /* AnalyzeViewController.h */ = {isa = PBXFileReference; fileEncoding = 4; lastKnownFileType = sourcecode.c.h; path = AnalyzeViewController.h; sourceTree = "<group>"; };
		B7C27E561A76E65A00DFB416 /* AnalyzeViewController.m */ = {isa = PBXFileReference; fileEncoding = 4; lastKnownFileType = sourcecode.c.objc; path = AnalyzeViewController.m; sourceTree = "<group>"; };
		B7FC56FC1B0E4BAC00A1828A /* CoreData.framework */ = {isa = PBXFileReference; lastKnownFileType = wrapper.framework; name = CoreData.framework; path = System/Library/Frameworks/CoreData.framework; sourceTree = SDKROOT; };
		B7FC56FF1B0E4BC400A1828A /* libz.dylib */ = {isa = PBXFileReference; lastKnownFileType = "compiled.mach-o.dylib"; name = libz.dylib; path = usr/lib/libz.dylib; sourceTree = SDKROOT; };
/* End PBXFileReference section */

/* Begin PBXFrameworksBuildPhase section */
		B7C27E141A76AA8100DFB416 /* Frameworks */ = {
			isa = PBXFrameworksBuildPhase;
			buildActionMask = 2147483647;
			files = (
				B76070E71B58C5840075176B /* CoreImage.framework in Frameworks */,
				B7B43EE21B50E5340063FEA3 /* MessageUI.framework in Frameworks */,
				B7FC574E1B0E67C000A1828A /* CoreGraphics.framework in Frameworks */,
				B73A94251B42546900590D79 /* Crashlytics.framework in Frameworks */,
				B7FC56FE1B0E4BBB00A1828A /* SystemConfiguration.framework in Frameworks */,
				B73A94241B42546900590D79 /* Fabric.framework in Frameworks */,
				B7FC56FD1B0E4BAC00A1828A /* CoreData.framework in Frameworks */,
				B73A942A1B44F36E00590D79 /* DBAccess.framework in Frameworks */,
				B7C27E491A76AB2600DFB416 /* libsqlite3.0.dylib in Frameworks */,
				B7C27E4A1A76AB2600DFB416 /* libsqlite3.dylib in Frameworks */,
				B7C27E461A76AB0700DFB416 /* UIKit.framework in Frameworks */,
			);
			runOnlyForDeploymentPostprocessing = 0;
		};
		B7C27E301A76AA8100DFB416 /* Frameworks */ = {
			isa = PBXFrameworksBuildPhase;
			buildActionMask = 2147483647;
			files = (
				B73A942B1B44F36E00590D79 /* DBAccess.framework in Frameworks */,
			);
			runOnlyForDeploymentPostprocessing = 0;
		};
/* End PBXFrameworksBuildPhase section */

/* Begin PBXGroup section */
		242B009D10F9BDC6E6571E81 /* Pods */ = {
			isa = PBXGroup;
			children = (
				ACC3A71BA209F925CAB7A00B /* Pods-MyMeds.debug.xcconfig */,
				0FC923A9822149BE2568773D /* Pods-MyMeds.release.xcconfig */,
			);
			name = Pods;
			sourceTree = "<group>";
		};
		2AAF50DC8A86054416DB9095 /* Frameworks */ = {
			isa = PBXGroup;
			children = (
				B76070E61B58C5840075176B /* CoreImage.framework */,
			);
			name = Frameworks;
			sourceTree = "<group>";
		};
		B708D8551B5AF85F0080B22B /* Image Processor */ = {
			isa = PBXGroup;
			children = (
				B7A5FBF61B5A1BCF00C7BAC8 /* UIImage+OrientationFix.h */,
				B7A5FBF71B5A1BCF00C7BAC8 /* UIImage+OrientationFix.m */,
				B76070E81B5A11CA0075176B /* ImageProcessor.h */,
				B76070E91B5A11CA0075176B /* ImageProcessor.m */,
			);
			name = "Image Processor";
			sourceTree = "<group>";
		};
		B70CC8181AED8BA40042F1CE /* Models */ = {
			isa = PBXGroup;
			children = (
				B7A669521B40C27500AE7566 /* EventLogger.h */,
				B7A669531B40C27500AE7566 /* EventLogger.m */,
				B7698C061B576CF1008B6AFA /* GraphData.h */,
				B7698C071B576CF1008B6AFA /* GraphData.m */,
				B7196A4C1B478B670014DF3B /* Event.h */,
				B7196A4D1B478B670014DF3B /* Event.m */,
				B73A942C1B44F4AA00590D79 /* TodayMedication.h */,
				B73A942D1B44F4AA00590D79 /* TodayMedication.m */,
				B7AAC02B1A834A1300BC6B2C /* Medication.h */,
				B7AAC02C1A834A1300BC6B2C /* Medication.m */,
				B7196A491B4644110014DF3B /* CoreMedication.h */,
				B7196A4A1B4644110014DF3B /* CoreMedication.m */,
			);
			name = Models;
			sourceTree = "<group>";
		};
		B70CC8191AED8C470042F1CE /* Day Picker */ = {
			isa = PBXGroup;
			children = (
				B75A08EC1AB945D8009D2056 /* DayPicker.h */,
				B75A08ED1AB945D8009D2056 /* DayPicker.m */,
				B75A08EF1AB9DC79009D2056 /* DayPickerButton.h */,
				B75A08F01AB9DC79009D2056 /* DayPickerButton.m */,
			);
			name = "Day Picker";
			sourceTree = "<group>";
		};
		B70CC81A1AED8C940042F1CE /* View Controllers */ = {
			isa = PBXGroup;
			children = (
				B7B43F061B519F730063FEA3 /* SettingsViewController.h */,
				B7B43F071B519F730063FEA3 /* SettingsViewController.m */,
				B7C27E551A76E65A00DFB416 /* AnalyzeViewController.h */,
				B7C27E561A76E65A00DFB416 /* AnalyzeViewController.m */,
				B764A1921AB9041B0068A119 /* AddMedViewController.h */,
				B764A1931AB9041B0068A119 /* AddMedViewController.m */,
				B7C27E241A76AA8100DFB416 /* OverviewViewController.h */,
				B7C27E251A76AA8100DFB416 /* OverviewViewController.m */,
				B7A1FD4C1A8298D40003CD52 /* InfoViewController.h */,
				B7A1FD4D1A8298D40003CD52 /* InfoViewController.m */,
				B7C27E211A76AA8100DFB416 /* TodayViewController.h */,
				B7C27E221A76AA8100DFB416 /* TodayViewController.m */,
				B75FAD661A9FBE140094ACE5 /* MissedViewController.h */,
				B75FAD671A9FBE140094ACE5 /* MissedViewController.m */,
				B772FC4C1AFD60A2001CB237 /* EditMedsController.h */,
				B772FC4D1AFD60A2001CB237 /* EditMedsController.m */,
			);
			name = "View Controllers";
			sourceTree = "<group>";
		};
		B71815B21B3F4E170081AFC9 /* Compliance Rating */ = {
			isa = PBXGroup;
			children = (
				B71815AC1B3F47FE0081AFC9 /* ComplianceAnalyzer.h */,
				B71815AD1B3F47FE0081AFC9 /* ComplianceAnalyzer.m */,
				B71815AF1B3F4A370081AFC9 /* ComplianceCircle.h */,
				B71815B01B3F4A370081AFC9 /* ComplianceCircle.m */,
			);
			name = "Compliance Rating";
			sourceTree = "<group>";
		};
		B737A4C71B6ED64000E86F31 /* Web View */ = {
			isa = PBXGroup;
			children = (
				B737A4CA1B6ED7A800E86F31 /* SVModalWebViewController.h */,
				B737A4CB1B6ED7A800E86F31 /* SVModalWebViewController.m */,
				B737A4CC1B6ED7A800E86F31 /* SVWebViewController.bundle */,
				B737A4CD1B6ED7A800E86F31 /* SVWebViewController.h */,
				B737A4CE1B6ED7A800E86F31 /* SVWebViewController.m */,
				B737A4CF1B6ED7A800E86F31 /* SVWebViewController.strings */,
				B737A4D71B6ED7FD00E86F31 /* UIActivities */,
			);
			name = "Web View";
			sourceTree = "<group>";
		};
		B737A4D71B6ED7FD00E86F31 /* UIActivities */ = {
			isa = PBXGroup;
			children = (
				B737A4EA1B6ED8AC00E86F31 /* SVWebViewControllerActivitySafari-iPad.png */,
				B737A4EB1B6ED8AC00E86F31 /* SVWebViewControllerActivitySafari-iPad@2x.png */,
				B737A4EC1B6ED8AC00E86F31 /* SVWebViewControllerActivitySafari.h */,
				B737A4ED1B6ED8AC00E86F31 /* SVWebViewControllerActivitySafari.m */,
				B737A4EE1B6ED8AC00E86F31 /* SVWebViewControllerActivitySafari@2x.png */,
				B737A4E11B6ED8A000E86F31 /* SVWebViewControllerActivityChrome-iPad.png */,
				B737A4E21B6ED8A000E86F31 /* SVWebViewControllerActivityChrome-iPad@2x.png */,
				B737A4E31B6ED8A000E86F31 /* SVWebViewControllerActivityChrome.h */,
				B737A4E41B6ED8A000E86F31 /* SVWebViewControllerActivityChrome.m */,
				B737A4E51B6ED8A000E86F31 /* SVWebViewControllerActivityChrome@2x.png */,
				B737A4D41B6ED7B300E86F31 /* SVWebViewControllerActivity.h */,
				B737A4D51B6ED7B300E86F31 /* SVWebViewControllerActivity.m */,
			);
			name = UIActivities;
			sourceTree = "<group>";
		};
		B76766E61A794BBA0048AA04 /* Strikethrough Control */ = {
			isa = PBXGroup;
			children = (
				B7988D5E1A7B350A0061DF8C /* MedsCell.h */,
				B7988D5F1A7B350A0061DF8C /* MedsCell.m */,
				B7988D621A7B38C50061DF8C /* StrikeThroughLabel.h */,
				B7988D631A7B38C50061DF8C /* StrikeThroughLabel.m */,
			);
			name = "Strikethrough Control";
			sourceTree = "<group>";
		};
		B78E711F1B3E3CE900D4350F /* Constants */ = {
			isa = PBXGroup;
			children = (
				B7212D6B1B49E042005C89B8 /* NotificationScheduler.h */,
				B7212D6C1B49E042005C89B8 /* NotificationScheduler.m */,
				B70CC81B1AED8E9B0042F1CE /* Constants.h */,
				B70CC81C1AED8E9B0042F1CE /* Constants.m */,
			);
			name = Constants;
			sourceTree = "<group>";
		};
		B7A275161B40FA73008F2BD4 /* Amplitude SDK */ = {
			isa = PBXGroup;
			children = (
				B7A275001B40F926008F2BD4 /* AMPARCMacros.h */,
				B7A275011B40F926008F2BD4 /* AMPConstants.h */,
				B7A275021B40F927008F2BD4 /* AMPConstants.m */,
				B7A275031B40F927008F2BD4 /* AMPDeviceInfo.h */,
				B7A275041B40F927008F2BD4 /* AMPDeviceInfo.m */,
				B7A275051B40F927008F2BD4 /* Amplitude.h */,
				B7A275061B40F927008F2BD4 /* Amplitude.m */,
				B7A275071B40F927008F2BD4 /* Amplitude+SSLPinning.h */,
				B7A275081B40F927008F2BD4 /* AMPLocationManagerDelegate.h */,
				B7A275091B40F927008F2BD4 /* AMPLocationManagerDelegate.m */,
				B7A2750A1B40F927008F2BD4 /* AMPURLConnection.h */,
				B7A2750B1B40F927008F2BD4 /* AMPURLConnection.m */,
			);
			name = "Amplitude SDK";
			sourceTree = "<group>";
		};
		B7B1184F1B6DB51800C79E2C /* Passcode Control */ = {
			isa = PBXGroup;
			children = (
				B7B118491B6DB50F00C79E2C /* LTHKeychainUtils.h */,
				B7B1184A1B6DB50F00C79E2C /* LTHKeychainUtils.m */,
				B7B1184B1B6DB50F00C79E2C /* LTHPasscodeViewController.h */,
				B7B1184C1B6DB50F00C79E2C /* LTHPasscodeViewController.m */,
			);
			name = "Passcode Control";
			sourceTree = "<group>";
		};
		B7B118661B6E8F5800C79E2C /* Tutorial */ = {
			isa = PBXGroup;
			children = (
				B737A4BB1B6ECF0500E86F31 /* gestures@2x.png */,
				B737A4C51B6ECF8200E86F31 /* notifs.png */,
				B737A4C31B6ECF6200E86F31 /* passcode.png */,
				B737A4C11B6ECF3E00E86F31 /* gestures.png */,
				B737A4BC1B6ECF0500E86F31 /* notifs@2x.png */,
				B737A4BD1B6ECF0500E86F31 /* passcode@2x.png */,
				B7B1186C1B6E90AD00C79E2C /* leftarrow@2x.png */,
				B7B1186D1B6E90AD00C79E2C /* rightarrow@2x.png */,
				B7B118701B6E90AD00C79E2C /* iPhoneScreen@2x.png */,
				B7B118671B6E8F7600C79E2C /* Walkthrough.storyboard */,
				B7B118791B6E911400C79E2C /* RTCustomPageViewController.h */,
				B7B1187A1B6E911400C79E2C /* RTCustomPageViewController.m */,
				B7B118601B6E8F4F00C79E2C /* RTWalkthroughViewController.h */,
				B7B118611B6E8F4F00C79E2C /* RTWalkthroughViewController.m */,
				B7B118621B6E8F4F00C79E2C /* RTWalkthroughPageViewController.h */,
				B7B118631B6E8F4F00C79E2C /* RTWalkthroughPageViewController.m */,
			);
			name = Tutorial;
			sourceTree = "<group>";
		};
		B7B43F051B519F240063FEA3 /* Bohr Settings View */ = {
			isa = PBXGroup;
			children = (
				B7B43EE61B519F1E0063FEA3 /* Bohr.h */,
				B7B43EE71B519F1E0063FEA3 /* BOTableViewController.h */,
				B7B43EE81B519F1E0063FEA3 /* BOTableViewController.m */,
				B7B43EE91B519F1E0063FEA3 /* BOTableViewController+Private.h */,
				B7B43EEA1B519F1E0063FEA3 /* BOTableViewCell.h */,
				B7B43EEB1B519F1E0063FEA3 /* BOTableViewCell.m */,
				B7B43EEC1B519F1E0063FEA3 /* BOTableViewCell+Subclass.h */,
				B7B43EED1B519F1E0063FEA3 /* BOSwitchTableViewCell.h */,
				B7B43EEE1B519F1E0063FEA3 /* BOSwitchTableViewCell.m */,
				B7B43EEF1B519F1E0063FEA3 /* BOTextTableViewCell.h */,
				B7B43EF01B519F1E0063FEA3 /* BOTextTableViewCell.m */,
				B7B43EF11B519F1E0063FEA3 /* BOTimeTableViewCell.h */,
				B7B43EF21B519F1E0063FEA3 /* BOTimeTableViewCell.m */,
				B7B43EF31B519F1E0063FEA3 /* BOChoiceTableViewCell.h */,
				B7B43EF41B519F1E0063FEA3 /* BOChoiceTableViewCell.m */,
				B7B43EF51B519F1F0063FEA3 /* BOOptionTableViewCell.h */,
				B7B43EF61B519F1F0063FEA3 /* BOOptionTableViewCell.m */,
				B7B43EF71B519F1F0063FEA3 /* BOButtonTableViewCell.h */,
				B7B43EF81B519F1F0063FEA3 /* BOButtonTableViewCell.m */,
				B7B43EF91B519F1F0063FEA3 /* BOSetting.h */,
				B7B43EFA1B519F1F0063FEA3 /* BOSetting.m */,
				B7B43EFB1B519F1F0063FEA3 /* BOSetting+Private.h */,
			);
			name = "Bohr Settings View";
			sourceTree = "<group>";
		};
		B7B43F181B51B7260063FEA3 /* Graphing Library */ = {
			isa = PBXGroup;
			children = (
				B7B43F091B51B7220063FEA3 /* BEMSimpleLineGraphView.h */,
				B7B43F0A1B51B7220063FEA3 /* BEMSimpleLineGraphView.m */,
				B7B43F0B1B51B7220063FEA3 /* BEMCircle.h */,
				B7B43F0C1B51B7220063FEA3 /* BEMCircle.m */,
				B7B43F0D1B51B7220063FEA3 /* BEMLine.h */,
				B7B43F0E1B51B7220063FEA3 /* BEMLine.m */,
				B7B43F0F1B51B7220063FEA3 /* BEMAverageLine.h */,
				B7B43F101B51B7220063FEA3 /* BEMAverageLine.m */,
				B7B43F111B51B7220063FEA3 /* BEMPermanentPopupView.h */,
				B7B43F121B51B7220063FEA3 /* BEMPermanentPopupView.m */,
			);
			name = "Graphing Library";
			sourceTree = "<group>";
		};
		B7B632781B3F8EA6008DBE12 /* Suggestion Textfield */ = {
			isa = PBXGroup;
			children = (
				B7B632751B3F8E9D008DBE12 /* MPGTextField.h */,
				B7B632761B3F8E9D008DBE12 /* MPGTextField.m */,
				B777650D1B63376000F85E00 /* drugsdb.json */,
			);
			name = "Suggestion Textfield";
			sourceTree = "<group>";
		};
		B7C27E0E1A76AA8100DFB416 = {
			isa = PBXGroup;
			children = (
				B7C27E191A76AA8100DFB416 /* MyMeds */,
				B7C27E361A76AA8100DFB416 /* MyMedsTests */,
				B7C27E181A76AA8100DFB416 /* Products */,
				242B009D10F9BDC6E6571E81 /* Pods */,
				2AAF50DC8A86054416DB9095 /* Frameworks */,
			);
			sourceTree = "<group>";
		};
		B7C27E181A76AA8100DFB416 /* Products */ = {
			isa = PBXGroup;
			children = (
				B7C27E171A76AA8100DFB416 /* MyMeds.app */,
				B7C27E331A76AA8100DFB416 /* MyMedsTests.xctest */,
			);
			name = Products;
			sourceTree = "<group>";
		};
		B7C27E191A76AA8100DFB416 /* MyMeds */ = {
			isa = PBXGroup;
			children = (
				B737A4C71B6ED64000E86F31 /* Web View */,
				B7B118661B6E8F5800C79E2C /* Tutorial */,
				B7B1184F1B6DB51800C79E2C /* Passcode Control */,
				B7E4C06D1B5B321400EE5226 /* Custom Controls */,
				B7E4C06B1B5B31D600EE5226 /* Custom Views */,
				B708D8551B5AF85F0080B22B /* Image Processor */,
				B7B43F181B51B7260063FEA3 /* Graphing Library */,
				B7A275161B40FA73008F2BD4 /* Amplitude SDK */,
				B78E711F1B3E3CE900D4350F /* Constants */,
				B70CC81A1AED8C940042F1CE /* View Controllers */,
				B70CC8181AED8BA40042F1CE /* Models */,
				B7C27E1E1A76AA8100DFB416 /* AppDelegate.h */,
				B7C27E1F1A76AA8100DFB416 /* AppDelegate.m */,
				B700AB1C1A7ECE280034EF14 /* Main.storyboard */,
				B7C27E2A1A76AA8100DFB416 /* Images.xcassets */,
				B7C27E2C1A76AA8100DFB416 /* LaunchScreen.xib */,
				B7C27E1A1A76AA8100DFB416 /* Supporting Files */,
			);
			path = MyMeds;
			sourceTree = "<group>";
		};
		B7C27E1A1A76AA8100DFB416 /* Supporting Files */ = {
			isa = PBXGroup;
			children = (
				B7B43EE11B50E5340063FEA3 /* MessageUI.framework */,
				B73A94291B44F36E00590D79 /* DBAccess.framework */,
				B73A94221B42546900590D79 /* Fabric.framework */,
				B73A94231B42546900590D79 /* Crashlytics.framework */,
				B7FC56FF1B0E4BC400A1828A /* libz.dylib */,
				B7FC56FC1B0E4BAC00A1828A /* CoreData.framework */,
				B784391B1B0C6A6500507D0A /* SystemConfiguration.framework */,
				B78439191B0C6A5700507D0A /* Security.framework */,
				B78439171B0C6A4E00507D0A /* CoreGraphics.framework */,
				B7C27E471A76AB2600DFB416 /* libsqlite3.0.dylib */,
				B7C27E481A76AB2600DFB416 /* libsqlite3.dylib */,
				B7C27E451A76AB0700DFB416 /* UIKit.framework */,
				B7C27E431A76AAFA00DFB416 /* Foundation.framework */,
				B7C27E1B1A76AA8100DFB416 /* Info.plist */,
				B7C27E1C1A76AA8100DFB416 /* main.m */,
			);
			name = "Supporting Files";
			sourceTree = "<group>";
		};
		B7C27E361A76AA8100DFB416 /* MyMedsTests */ = {
			isa = PBXGroup;
			children = (
				B7C27E391A76AA8100DFB416 /* MyMedsTests.m */,
				B7C27E371A76AA8100DFB416 /* Supporting Files */,
			);
			path = MyMedsTests;
			sourceTree = "<group>";
		};
		B7C27E371A76AA8100DFB416 /* Supporting Files */ = {
			isa = PBXGroup;
			children = (
				B7C27E381A76AA8100DFB416 /* Info.plist */,
			);
			name = "Supporting Files";
			sourceTree = "<group>";
		};
		B7E1C3651A8C0D9100C7FC83 /* Calendar Controls */ = {
			isa = PBXGroup;
			children = (
				B7275DB51AC259030016D085 /* RMDateSelectionViewController.h */,
				B7275DB61AC259030016D085 /* RMDateSelectionViewController.m */,
				B7BF61AD1A8B25EF00F08413 /* CalendarButton.h */,
				B7BF61AE1A8B25EF00F08413 /* CalendarButton.m */,
				B7322A451A8AD3720057B916 /* MenuController.h */,
				B7322A461A8AD3720057B916 /* MenuController.m */,
			);
			name = "Calendar Controls";
			sourceTree = "<group>";
		};
		B7E4C06B1B5B31D600EE5226 /* Custom Views */ = {
			isa = PBXGroup;
			children = (
				B7E4C06C1B5B31FA00EE5226 /* Top Meds Control */,
				B70CC8191AED8C470042F1CE /* Day Picker */,
				B7E1C3651A8C0D9100C7FC83 /* Calendar Controls */,
				B7B43F051B519F240063FEA3 /* Bohr Settings View */,
			);
			name = "Custom Views";
			sourceTree = "<group>";
		};
		B7E4C06C1B5B31FA00EE5226 /* Top Meds Control */ = {
			isa = PBXGroup;
			children = (
				B708D8521B5AF41C0080B22B /* TopMedsTable.h */,
				B708D8531B5AF41C0080B22B /* TopMedsTable.m */,
			);
			name = "Top Meds Control";
			sourceTree = "<group>";
		};
		B7E4C06D1B5B321400EE5226 /* Custom Controls */ = {
			isa = PBXGroup;
			children = (
				B76766E61A794BBA0048AA04 /* Strikethrough Control */,
				B71815B21B3F4E170081AFC9 /* Compliance Rating */,
				B7B632781B3F8EA6008DBE12 /* Suggestion Textfield */,
			);
			name = "Custom Controls";
			sourceTree = "<group>";
		};
/* End PBXGroup section */

/* Begin PBXNativeTarget section */
		B7C27E161A76AA8100DFB416 /* MyMeds */ = {
			isa = PBXNativeTarget;
			buildConfigurationList = B7C27E3D1A76AA8100DFB416 /* Build configuration list for PBXNativeTarget "MyMeds" */;
			buildPhases = (
				B7C27E131A76AA8100DFB416 /* Sources */,
				B7C27E141A76AA8100DFB416 /* Frameworks */,
				B7C27E151A76AA8100DFB416 /* Resources */,
				B73A94211B42542E00590D79 /* ShellScript */,
			);
			buildRules = (
			);
			dependencies = (
			);
			name = MyMeds;
			productName = MyMeds;
			productReference = B7C27E171A76AA8100DFB416 /* MyMeds.app */;
			productType = "com.apple.product-type.application";
		};
		B7C27E321A76AA8100DFB416 /* MyMedsTests */ = {
			isa = PBXNativeTarget;
			buildConfigurationList = B7C27E401A76AA8100DFB416 /* Build configuration list for PBXNativeTarget "MyMedsTests" */;
			buildPhases = (
				B7C27E2F1A76AA8100DFB416 /* Sources */,
				B7C27E301A76AA8100DFB416 /* Frameworks */,
				B7C27E311A76AA8100DFB416 /* Resources */,
			);
			buildRules = (
			);
			dependencies = (
				B7C27E351A76AA8100DFB416 /* PBXTargetDependency */,
			);
			name = MyMedsTests;
			productName = MyMedsTests;
			productReference = B7C27E331A76AA8100DFB416 /* MyMedsTests.xctest */;
			productType = "com.apple.product-type.bundle.unit-test";
		};
/* End PBXNativeTarget section */

/* Begin PBXProject section */
		B7C27E0F1A76AA8100DFB416 /* Project object */ = {
			isa = PBXProject;
			attributes = {
				LastUpgradeCheck = 0600;
				ORGANIZATIONNAME = test;
				TargetAttributes = {
					B7C27E161A76AA8100DFB416 = {
						CreatedOnToolsVersion = 6.0;
						DevelopmentTeam = GTD4A7A4VW;
					};
					B7C27E321A76AA8100DFB416 = {
						CreatedOnToolsVersion = 6.0;
						TestTargetID = B7C27E161A76AA8100DFB416;
					};
				};
			};
			buildConfigurationList = B7C27E121A76AA8100DFB416 /* Build configuration list for PBXProject "MyMeds" */;
			compatibilityVersion = "Xcode 3.2";
			developmentRegion = English;
			hasScannedForEncodings = 0;
			knownRegions = (
				en,
				Base,
			);
			mainGroup = B7C27E0E1A76AA8100DFB416;
			productRefGroup = B7C27E181A76AA8100DFB416 /* Products */;
			projectDirPath = "";
			projectRoot = "";
			targets = (
				B7C27E161A76AA8100DFB416 /* MyMeds */,
				B7C27E321A76AA8100DFB416 /* MyMedsTests */,
			);
		};
/* End PBXProject section */

/* Begin PBXResourcesBuildPhase section */
		B7C27E151A76AA8100DFB416 /* Resources */ = {
			isa = PBXResourcesBuildPhase;
			buildActionMask = 2147483647;
			files = (
				B777650E1B63376000F85E00 /* drugsdb.json in Resources */,
				B7B118681B6E8F7600C79E2C /* Walkthrough.storyboard in Resources */,
				B737A4D31B6ED7A800E86F31 /* SVWebViewController.strings in Resources */,
				B737A4E61B6ED8A000E86F31 /* SVWebViewControllerActivityChrome-iPad.png in Resources */,
				B737A4D11B6ED7A800E86F31 /* SVWebViewController.bundle in Resources */,
				B7B118741B6E90AD00C79E2C /* leftarrow@2x.png in Resources */,
				B700AB1D1A7ECE280034EF14 /* Main.storyboard in Resources */,
				B737A4E71B6ED8A000E86F31 /* SVWebViewControllerActivityChrome-iPad@2x.png in Resources */,
				B737A4C21B6ECF3E00E86F31 /* gestures.png in Resources */,
				B737A4C41B6ECF6200E86F31 /* passcode.png in Resources */,
				B737A4BF1B6ECF0500E86F31 /* notifs@2x.png in Resources */,
				B737A4EF1B6ED8AC00E86F31 /* SVWebViewControllerActivitySafari-iPad.png in Resources */,
				B7C27E2B1A76AA8100DFB416 /* Images.xcassets in Resources */,
				B7B118781B6E90AD00C79E2C /* iPhoneScreen@2x.png in Resources */,
				B737A4C61B6ECF8200E86F31 /* notifs.png in Resources */,
				B737A4F01B6ED8AC00E86F31 /* SVWebViewControllerActivitySafari-iPad@2x.png in Resources */,
				B737A4BE1B6ECF0500E86F31 /* gestures@2x.png in Resources */,
				B737A4F21B6ED8AC00E86F31 /* SVWebViewControllerActivitySafari@2x.png in Resources */,
				B737A4C01B6ECF0500E86F31 /* passcode@2x.png in Resources */,
				B737A4E91B6ED8A000E86F31 /* SVWebViewControllerActivityChrome@2x.png in Resources */,
				B7B118751B6E90AD00C79E2C /* rightarrow@2x.png in Resources */,
			);
			runOnlyForDeploymentPostprocessing = 0;
		};
		B7C27E311A76AA8100DFB416 /* Resources */ = {
			isa = PBXResourcesBuildPhase;
			buildActionMask = 2147483647;
			files = (
			);
			runOnlyForDeploymentPostprocessing = 0;
		};
/* End PBXResourcesBuildPhase section */

/* Begin PBXShellScriptBuildPhase section */
		B73A94211B42542E00590D79 /* ShellScript */ = {
			isa = PBXShellScriptBuildPhase;
			buildActionMask = 2147483647;
			files = (
			);
			inputPaths = (
			);
			outputPaths = (
			);
			runOnlyForDeploymentPostprocessing = 0;
			shellPath = /bin/sh;
			shellScript = "./Fabric.framework/run caf09784435bc8e8979d731e54dbf2b3c4da39dc 3c6397dcea5f10aafcf1832e383ec5c65889af03db47ea9c978e1d71011ce27a";
		};
/* End PBXShellScriptBuildPhase section */

/* Begin PBXSourcesBuildPhase section */
		B7C27E131A76AA8100DFB416 /* Sources */ = {
			isa = PBXSourcesBuildPhase;
			buildActionMask = 2147483647;
			files = (
				B7988D601A7B350A0061DF8C /* MedsCell.m in Sources */,
				B7A669541B40C27500AE7566 /* EventLogger.m in Sources */,
				B7B1184D1B6DB50F00C79E2C /* LTHKeychainUtils.m in Sources */,
				B764A1941AB9041B0068A119 /* AddMedViewController.m in Sources */,
				B7698C081B576CF1008B6AFA /* GraphData.m in Sources */,
				B7B43F171B51B7220063FEA3 /* BEMPermanentPopupView.m in Sources */,
				B7A275101B40F927008F2BD4 /* Amplitude.m in Sources */,
				B7A275121B40F927008F2BD4 /* AMPLocationManagerDelegate.m in Sources */,
				B7C27E261A76AA8100DFB416 /* OverviewViewController.m in Sources */,
				B7A5FBF81B5A1BCF00C7BAC8 /* UIImage+OrientationFix.m in Sources */,
				B7A1FD4E1A8298D40003CD52 /* InfoViewController.m in Sources */,
				B7A275141B40F927008F2BD4 /* AMPURLConnection.m in Sources */,
				B7B43F161B51B7220063FEA3 /* BEMAverageLine.m in Sources */,
				B7B43EFF1B519F1F0063FEA3 /* BOTextTableViewCell.m in Sources */,
				B71815B11B3F4A370081AFC9 /* ComplianceCircle.m in Sources */,
				B7A2750E1B40F927008F2BD4 /* AMPDeviceInfo.m in Sources */,
				B7C27E201A76AA8100DFB416 /* AppDelegate.m in Sources */,
				B7B43F081B519F730063FEA3 /* SettingsViewController.m in Sources */,
				B7196A4B1B4644110014DF3B /* CoreMedication.m in Sources */,
				B7B43F021B519F1F0063FEA3 /* BOOptionTableViewCell.m in Sources */,
				B7212D6D1B49E042005C89B8 /* NotificationScheduler.m in Sources */,
				B772FC4E1AFD60A2001CB237 /* EditMedsController.m in Sources */,
				B7B118651B6E8F4F00C79E2C /* RTWalkthroughPageViewController.m in Sources */,
				B7B43EFC1B519F1F0063FEA3 /* BOTableViewController.m in Sources */,
				B737A4D01B6ED7A800E86F31 /* SVModalWebViewController.m in Sources */,
				B7C27E231A76AA8100DFB416 /* TodayViewController.m in Sources */,
				B7C27E1D1A76AA8100DFB416 /* main.m in Sources */,
				B7B43EFD1B519F1F0063FEA3 /* BOTableViewCell.m in Sources */,
				B7322A471A8AD3720057B916 /* MenuController.m in Sources */,
				B7B1184E1B6DB50F00C79E2C /* LTHPasscodeViewController.m in Sources */,
				B7B43F041B519F1F0063FEA3 /* BOSetting.m in Sources */,
				B7B43F031B519F1F0063FEA3 /* BOButtonTableViewCell.m in Sources */,
				B7B43F131B51B7220063FEA3 /* BEMSimpleLineGraphView.m in Sources */,
				B7A2750C1B40F927008F2BD4 /* AMPConstants.m in Sources */,
				B7B43F001B519F1F0063FEA3 /* BOTimeTableViewCell.m in Sources */,
				B737A4F11B6ED8AC00E86F31 /* SVWebViewControllerActivitySafari.m in Sources */,
				B76070EA1B5A11CA0075176B /* ImageProcessor.m in Sources */,
				B7275DB71AC259030016D085 /* RMDateSelectionViewController.m in Sources */,
				B737A4D21B6ED7A800E86F31 /* SVWebViewController.m in Sources */,
				B71815AE1B3F47FE0081AFC9 /* ComplianceAnalyzer.m in Sources */,
				B70CC81D1AED8E9B0042F1CE /* Constants.m in Sources */,
				B7B43F151B51B7220063FEA3 /* BEMLine.m in Sources */,
				B7B43EFE1B519F1F0063FEA3 /* BOSwitchTableViewCell.m in Sources */,
				B7B1187B1B6E911400C79E2C /* RTCustomPageViewController.m in Sources */,
				B7B43F011B519F1F0063FEA3 /* BOChoiceTableViewCell.m in Sources */,
				B7196A4E1B478B670014DF3B /* Event.m in Sources */,
				B737A4E81B6ED8A000E86F31 /* SVWebViewControllerActivityChrome.m in Sources */,
				B73A942E1B44F4AA00590D79 /* TodayMedication.m in Sources */,
				B75A08EE1AB945D8009D2056 /* DayPicker.m in Sources */,
				B708D8541B5AF41C0080B22B /* TopMedsTable.m in Sources */,
				B7B43F141B51B7220063FEA3 /* BEMCircle.m in Sources */,
				B7BF61AF1A8B25EF00F08413 /* CalendarButton.m in Sources */,
				B7B632771B3F8E9D008DBE12 /* MPGTextField.m in Sources */,
				B7AAC02D1A834A1300BC6B2C /* Medication.m in Sources */,
				B7B118641B6E8F4F00C79E2C /* RTWalkthroughViewController.m in Sources */,
				B737A4D61B6ED7B300E86F31 /* SVWebViewControllerActivity.m in Sources */,
				B7988D641A7B38C50061DF8C /* StrikeThroughLabel.m in Sources */,
				B7C27E571A76E65A00DFB416 /* AnalyzeViewController.m in Sources */,
				B75FAD681A9FBE140094ACE5 /* MissedViewController.m in Sources */,
				B75A08F11AB9DC79009D2056 /* DayPickerButton.m in Sources */,
			);
			runOnlyForDeploymentPostprocessing = 0;
		};
		B7C27E2F1A76AA8100DFB416 /* Sources */ = {
			isa = PBXSourcesBuildPhase;
			buildActionMask = 2147483647;
			files = (
				B7A2750F1B40F927008F2BD4 /* AMPDeviceInfo.m in Sources */,
				B7A275151B40F927008F2BD4 /* AMPURLConnection.m in Sources */,
				B73A942F1B44F4AA00590D79 /* TodayMedication.m in Sources */,
				B7C27E3A1A76AA8100DFB416 /* MyMedsTests.m in Sources */,
				B7A275111B40F927008F2BD4 /* Amplitude.m in Sources */,
				B7A275131B40F927008F2BD4 /* AMPLocationManagerDelegate.m in Sources */,
				B7A2750D1B40F927008F2BD4 /* AMPConstants.m in Sources */,
			);
			runOnlyForDeploymentPostprocessing = 0;
		};
/* End PBXSourcesBuildPhase section */

/* Begin PBXTargetDependency section */
		B7C27E351A76AA8100DFB416 /* PBXTargetDependency */ = {
			isa = PBXTargetDependency;
			target = B7C27E161A76AA8100DFB416 /* MyMeds */;
			targetProxy = B7C27E341A76AA8100DFB416 /* PBXContainerItemProxy */;
		};
/* End PBXTargetDependency section */

/* Begin PBXVariantGroup section */
		B7C27E2C1A76AA8100DFB416 /* LaunchScreen.xib */ = {
			isa = PBXVariantGroup;
			children = (
				B7C27E2D1A76AA8100DFB416 /* Base */,
			);
			name = LaunchScreen.xib;
			sourceTree = "<group>";
		};
/* End PBXVariantGroup section */

/* Begin XCBuildConfiguration section */
		B7C27E3B1A76AA8100DFB416 /* Debug */ = {
			isa = XCBuildConfiguration;
			buildSettings = {
				ALWAYS_SEARCH_USER_PATHS = NO;
				CLANG_CXX_LANGUAGE_STANDARD = "gnu++0x";
				CLANG_CXX_LIBRARY = "libc++";
				CLANG_ENABLE_MODULES = YES;
				CLANG_ENABLE_OBJC_ARC = YES;
				CLANG_WARN_BOOL_CONVERSION = YES;
				CLANG_WARN_CONSTANT_CONVERSION = YES;
				CLANG_WARN_DIRECT_OBJC_ISA_USAGE = YES_ERROR;
				CLANG_WARN_EMPTY_BODY = YES;
				CLANG_WARN_ENUM_CONVERSION = YES;
				CLANG_WARN_INT_CONVERSION = YES;
				CLANG_WARN_OBJC_ROOT_CLASS = YES_ERROR;
				CLANG_WARN_UNREACHABLE_CODE = YES;
				CLANG_WARN__DUPLICATE_METHOD_MATCH = YES;
				"CODE_SIGN_IDENTITY[sdk=iphoneos*]" = "iPhone Developer";
				COPY_PHASE_STRIP = NO;
				ENABLE_STRICT_OBJC_MSGSEND = YES;
				GCC_C_LANGUAGE_STANDARD = gnu99;
				GCC_DYNAMIC_NO_PIC = NO;
				GCC_OPTIMIZATION_LEVEL = 0;
				GCC_PREPROCESSOR_DEFINITIONS = (
					"DEBUG=1",
					"$(inherited)",
				);
				GCC_SYMBOLS_PRIVATE_EXTERN = NO;
				GCC_WARN_64_TO_32_BIT_CONVERSION = YES;
				GCC_WARN_ABOUT_RETURN_TYPE = YES_ERROR;
				GCC_WARN_UNDECLARED_SELECTOR = YES;
				GCC_WARN_UNINITIALIZED_AUTOS = YES_AGGRESSIVE;
				GCC_WARN_UNUSED_FUNCTION = YES;
				GCC_WARN_UNUSED_VARIABLE = YES;
				IPHONEOS_DEPLOYMENT_TARGET = 7.0;
				MTL_ENABLE_DEBUG_INFO = YES;
				ONLY_ACTIVE_ARCH = YES;
				SDKROOT = iphoneos;
			};
			name = Debug;
		};
		B7C27E3C1A76AA8100DFB416 /* Release */ = {
			isa = XCBuildConfiguration;
			buildSettings = {
				ALWAYS_SEARCH_USER_PATHS = NO;
				CLANG_CXX_LANGUAGE_STANDARD = "gnu++0x";
				CLANG_CXX_LIBRARY = "libc++";
				CLANG_ENABLE_MODULES = YES;
				CLANG_ENABLE_OBJC_ARC = YES;
				CLANG_WARN_BOOL_CONVERSION = YES;
				CLANG_WARN_CONSTANT_CONVERSION = YES;
				CLANG_WARN_DIRECT_OBJC_ISA_USAGE = YES_ERROR;
				CLANG_WARN_EMPTY_BODY = YES;
				CLANG_WARN_ENUM_CONVERSION = YES;
				CLANG_WARN_INT_CONVERSION = YES;
				CLANG_WARN_OBJC_ROOT_CLASS = YES_ERROR;
				CLANG_WARN_UNREACHABLE_CODE = YES;
				CLANG_WARN__DUPLICATE_METHOD_MATCH = YES;
				"CODE_SIGN_IDENTITY[sdk=iphoneos*]" = "iPhone Developer";
				COPY_PHASE_STRIP = YES;
				ENABLE_NS_ASSERTIONS = NO;
				ENABLE_STRICT_OBJC_MSGSEND = YES;
				GCC_C_LANGUAGE_STANDARD = gnu99;
				GCC_WARN_64_TO_32_BIT_CONVERSION = YES;
				GCC_WARN_ABOUT_RETURN_TYPE = YES_ERROR;
				GCC_WARN_UNDECLARED_SELECTOR = YES;
				GCC_WARN_UNINITIALIZED_AUTOS = YES_AGGRESSIVE;
				GCC_WARN_UNUSED_FUNCTION = YES;
				GCC_WARN_UNUSED_VARIABLE = YES;
				IPHONEOS_DEPLOYMENT_TARGET = 7.0;
				MTL_ENABLE_DEBUG_INFO = NO;
				SDKROOT = iphoneos;
				VALIDATE_PRODUCT = YES;
			};
			name = Release;
		};
		B7C27E3E1A76AA8100DFB416 /* Debug */ = {
			isa = XCBuildConfiguration;
			buildSettings = {
				ASSETCATALOG_COMPILER_APPICON_NAME = AppIcon;
				ASSETCATALOG_COMPILER_LAUNCHIMAGE_NAME = LaunchImage;
				CODE_SIGN_IDENTITY = "iPhone Distribution";
				"CODE_SIGN_IDENTITY[sdk=iphoneos*]" = "iPhone Distribution";
				FRAMEWORK_SEARCH_PATHS = (
					"$(inherited)",
					"$(PROJECT_DIR)",
					"$(PROJECT_DIR)/MyMedsTests",
				);
				INFOPLIST_FILE = MyMeds/Info.plist;
				IPHONEOS_DEPLOYMENT_TARGET = 7.0;
				LD_RUNPATH_SEARCH_PATHS = "$(inherited) @executable_path/Frameworks";
				LIBRARY_SEARCH_PATHS = (
					"$(inerited)",
					"$(PROJECT_DIR)",
					"$(PROJECT_DIR)/MyMedsTests",
				);
				PRODUCT_NAME = "$(TARGET_NAME)";
				PROVISIONING_PROFILE = "";
			};
			name = Debug;
		};
		B7C27E3F1A76AA8100DFB416 /* Release */ = {
			isa = XCBuildConfiguration;
			buildSettings = {
				ASSETCATALOG_COMPILER_APPICON_NAME = AppIcon;
				ASSETCATALOG_COMPILER_LAUNCHIMAGE_NAME = LaunchImage;
				CODE_SIGN_IDENTITY = "iPhone Distribution";
				"CODE_SIGN_IDENTITY[sdk=iphoneos*]" = "iPhone Distribution";
				FRAMEWORK_SEARCH_PATHS = (
					"$(inherited)",
					"$(PROJECT_DIR)",
					"$(PROJECT_DIR)/MyMedsTests",
				);
				INFOPLIST_FILE = MyMeds/Info.plist;
				IPHONEOS_DEPLOYMENT_TARGET = 7.0;
				LD_RUNPATH_SEARCH_PATHS = "$(inherited) @executable_path/Frameworks";
				LIBRARY_SEARCH_PATHS = (
					"$(inherited)",
					"$(PROJECT_DIR)",
					"$(PROJECT_DIR)/MyMedsTests",
				);
				PRODUCT_NAME = "$(TARGET_NAME)";
				PROVISIONING_PROFILE = "";
			};
			name = Release;
		};
		B7C27E411A76AA8100DFB416 /* Debug */ = {
			isa = XCBuildConfiguration;
			buildSettings = {
				BUNDLE_LOADER = "$(TEST_HOST)";
				FRAMEWORK_SEARCH_PATHS = (
					"$(SDKROOT)/Developer/Library/Frameworks",
					"$(inherited)",
					"$(PROJECT_DIR)/MyMedsTests",
				);
				GCC_PREPROCESSOR_DEFINITIONS = (
					"DEBUG=1",
					"$(inherited)",
				);
				INFOPLIST_FILE = MyMedsTests/Info.plist;
				LD_RUNPATH_SEARCH_PATHS = "$(inherited) @executable_path/Frameworks @loader_path/Frameworks";
				LIBRARY_SEARCH_PATHS = (
					"$(inherited)",
					"$(PROJECT_DIR)/MyMeds",
				);
				PRODUCT_NAME = "$(TARGET_NAME)";
				TEST_HOST = "$(BUILT_PRODUCTS_DIR)/MyMeds.app/MyMeds";
			};
			name = Debug;
		};
		B7C27E421A76AA8100DFB416 /* Release */ = {
			isa = XCBuildConfiguration;
			buildSettings = {
				BUNDLE_LOADER = "$(TEST_HOST)";
				FRAMEWORK_SEARCH_PATHS = (
					"$(SDKROOT)/Developer/Library/Frameworks",
					"$(inherited)",
					"$(PROJECT_DIR)/MyMedsTests",
				);
				INFOPLIST_FILE = MyMedsTests/Info.plist;
				LD_RUNPATH_SEARCH_PATHS = "$(inherited) @executable_path/Frameworks @loader_path/Frameworks";
				LIBRARY_SEARCH_PATHS = (
					"$(inherited)",
					"$(PROJECT_DIR)/MyMeds",
				);
				PRODUCT_NAME = "$(TARGET_NAME)";
				TEST_HOST = "$(BUILT_PRODUCTS_DIR)/MyMeds.app/MyMeds";
			};
			name = Release;
		};
/* End XCBuildConfiguration section */

/* Begin XCConfigurationList section */
		B7C27E121A76AA8100DFB416 /* Build configuration list for PBXProject "MyMeds" */ = {
			isa = XCConfigurationList;
			buildConfigurations = (
				B7C27E3B1A76AA8100DFB416 /* Debug */,
				B7C27E3C1A76AA8100DFB416 /* Release */,
			);
			defaultConfigurationIsVisible = 0;
			defaultConfigurationName = Release;
		};
		B7C27E3D1A76AA8100DFB416 /* Build configuration list for PBXNativeTarget "MyMeds" */ = {
			isa = XCConfigurationList;
			buildConfigurations = (
				B7C27E3E1A76AA8100DFB416 /* Debug */,
				B7C27E3F1A76AA8100DFB416 /* Release */,
			);
			defaultConfigurationIsVisible = 0;
			defaultConfigurationName = Release;
		};
		B7C27E401A76AA8100DFB416 /* Build configuration list for PBXNativeTarget "MyMedsTests" */ = {
			isa = XCConfigurationList;
			buildConfigurations = (
				B7C27E411A76AA8100DFB416 /* Debug */,
				B7C27E421A76AA8100DFB416 /* Release */,
			);
			defaultConfigurationIsVisible = 0;
			defaultConfigurationName = Release;
		};
/* End XCConfigurationList section */
	};
	rootObject = B7C27E0F1A76AA8100DFB416 /* Project object */;
}
