// !$*UTF8*$!
{
	archiveVersion = 1;
	classes = {
	};
	objectVersion = 46;
	objects = {

/* Begin PBXBuildFile section */
		B700AB1D1A7ECE280034EF14 /* Main.storyboard in Resources */ = {isa = PBXBuildFile; fileRef = B700AB1C1A7ECE280034EF14 /* Main.storyboard */; };
		B70CC81D1AED8E9B0042F1CE /* Constants.m in Sources */ = {isa = PBXBuildFile; fileRef = B70CC81C1AED8E9B0042F1CE /* Constants.m */; };
		B71815AE1B3F47FE0081AFC9 /* ComplianceAnalyzer.m in Sources */ = {isa = PBXBuildFile; fileRef = B71815AD1B3F47FE0081AFC9 /* ComplianceAnalyzer.m */; };
		B71815B11B3F4A370081AFC9 /* ComplianceCircle.m in Sources */ = {isa = PBXBuildFile; fileRef = B71815B01B3F4A370081AFC9 /* ComplianceCircle.m */; };
		B7196A4B1B4644110014DF3B /* CoreMedication.m in Sources */ = {isa = PBXBuildFile; fileRef = B7196A4A1B4644110014DF3B /* CoreMedication.m */; };
		B7196A4E1B478B670014DF3B /* Event.m in Sources */ = {isa = PBXBuildFile; fileRef = B7196A4D1B478B670014DF3B /* Event.m */; };
		B7212D6D1B49E042005C89B8 /* NotificationScheduler.m in Sources */ = {isa = PBXBuildFile; fileRef = B7212D6C1B49E042005C89B8 /* NotificationScheduler.m */; };
		B7275DB71AC259030016D085 /* RMDateSelectionViewController.m in Sources */ = {isa = PBXBuildFile; fileRef = B7275DB61AC259030016D085 /* RMDateSelectionViewController.m */; };
		B7322A471A8AD3720057B916 /* MenuController.m in Sources */ = {isa = PBXBuildFile; fileRef = B7322A461A8AD3720057B916 /* MenuController.m */; };
		B73A94241B42546900590D79 /* Fabric.framework in Frameworks */ = {isa = PBXBuildFile; fileRef = B73A94221B42546900590D79 /* Fabric.framework */; };
		B73A94251B42546900590D79 /* Crashlytics.framework in Frameworks */ = {isa = PBXBuildFile; fileRef = B73A94231B42546900590D79 /* Crashlytics.framework */; };
		B73A942A1B44F36E00590D79 /* DBAccess.framework in Frameworks */ = {isa = PBXBuildFile; fileRef = B73A94291B44F36E00590D79 /* DBAccess.framework */; };
		B73A942B1B44F36E00590D79 /* DBAccess.framework in Frameworks */ = {isa = PBXBuildFile; fileRef = B73A94291B44F36E00590D79 /* DBAccess.framework */; };
		B73A942E1B44F4AA00590D79 /* TodayMedication.m in Sources */ = {isa = PBXBuildFile; fileRef = B73A942D1B44F4AA00590D79 /* TodayMedication.m */; };
		B73A942F1B44F4AA00590D79 /* TodayMedication.m in Sources */ = {isa = PBXBuildFile; fileRef = B73A942D1B44F4AA00590D79 /* TodayMedication.m */; };
		B755187F1B00337600CE23A3 /* AZNotification.m in Sources */ = {isa = PBXBuildFile; fileRef = B755187A1B00337600CE23A3 /* AZNotification.m */; };
		B75518801B00337600CE23A3 /* AZNotificationView.m in Sources */ = {isa = PBXBuildFile; fileRef = B755187C1B00337600CE23A3 /* AZNotificationView.m */; };
		B75518811B00337600CE23A3 /* UIColor+Additions.m in Sources */ = {isa = PBXBuildFile; fileRef = B755187E1B00337600CE23A3 /* UIColor+Additions.m */; };
		B75A08EE1AB945D8009D2056 /* DayPicker.m in Sources */ = {isa = PBXBuildFile; fileRef = B75A08ED1AB945D8009D2056 /* DayPicker.m */; };
		B75A08F11AB9DC79009D2056 /* DayPickerButton.m in Sources */ = {isa = PBXBuildFile; fileRef = B75A08F01AB9DC79009D2056 /* DayPickerButton.m */; };
		B75FAD681A9FBE140094ACE5 /* MissedViewController.m in Sources */ = {isa = PBXBuildFile; fileRef = B75FAD671A9FBE140094ACE5 /* MissedViewController.m */; };
		B764A1941AB9041B0068A119 /* AddMedViewController.m in Sources */ = {isa = PBXBuildFile; fileRef = B764A1931AB9041B0068A119 /* AddMedViewController.m */; };
		B772FC4E1AFD60A2001CB237 /* EditMedsController.m in Sources */ = {isa = PBXBuildFile; fileRef = B772FC4D1AFD60A2001CB237 /* EditMedsController.m */; };
		B78E711D1B3E3CAE00D4350F /* SettingsViewController.m in Sources */ = {isa = PBXBuildFile; fileRef = B78E711C1B3E3CAE00D4350F /* SettingsViewController.m */; };
		B78E711E1B3E3CAE00D4350F /* SettingsViewController.m in Sources */ = {isa = PBXBuildFile; fileRef = B78E711C1B3E3CAE00D4350F /* SettingsViewController.m */; };
		B7988D601A7B350A0061DF8C /* MedsCell.m in Sources */ = {isa = PBXBuildFile; fileRef = B7988D5F1A7B350A0061DF8C /* MedsCell.m */; };
		B7988D641A7B38C50061DF8C /* StrikeThroughLabel.m in Sources */ = {isa = PBXBuildFile; fileRef = B7988D631A7B38C50061DF8C /* StrikeThroughLabel.m */; };
		B7A1FD4E1A8298D40003CD52 /* InfoViewController.m in Sources */ = {isa = PBXBuildFile; fileRef = B7A1FD4D1A8298D40003CD52 /* InfoViewController.m */; };
		B7A2750C1B40F927008F2BD4 /* AMPConstants.m in Sources */ = {isa = PBXBuildFile; fileRef = B7A275021B40F927008F2BD4 /* AMPConstants.m */; };
		B7A2750D1B40F927008F2BD4 /* AMPConstants.m in Sources */ = {isa = PBXBuildFile; fileRef = B7A275021B40F927008F2BD4 /* AMPConstants.m */; };
		B7A2750E1B40F927008F2BD4 /* AMPDeviceInfo.m in Sources */ = {isa = PBXBuildFile; fileRef = B7A275041B40F927008F2BD4 /* AMPDeviceInfo.m */; };
		B7A2750F1B40F927008F2BD4 /* AMPDeviceInfo.m in Sources */ = {isa = PBXBuildFile; fileRef = B7A275041B40F927008F2BD4 /* AMPDeviceInfo.m */; };
		B7A275101B40F927008F2BD4 /* Amplitude.m in Sources */ = {isa = PBXBuildFile; fileRef = B7A275061B40F927008F2BD4 /* Amplitude.m */; };
		B7A275111B40F927008F2BD4 /* Amplitude.m in Sources */ = {isa = PBXBuildFile; fileRef = B7A275061B40F927008F2BD4 /* Amplitude.m */; };
		B7A275121B40F927008F2BD4 /* AMPLocationManagerDelegate.m in Sources */ = {isa = PBXBuildFile; fileRef = B7A275091B40F927008F2BD4 /* AMPLocationManagerDelegate.m */; };
		B7A275131B40F927008F2BD4 /* AMPLocationManagerDelegate.m in Sources */ = {isa = PBXBuildFile; fileRef = B7A275091B40F927008F2BD4 /* AMPLocationManagerDelegate.m */; };
		B7A275141B40F927008F2BD4 /* AMPURLConnection.m in Sources */ = {isa = PBXBuildFile; fileRef = B7A2750B1B40F927008F2BD4 /* AMPURLConnection.m */; };
		B7A275151B40F927008F2BD4 /* AMPURLConnection.m in Sources */ = {isa = PBXBuildFile; fileRef = B7A2750B1B40F927008F2BD4 /* AMPURLConnection.m */; };
		B7A669541B40C27500AE7566 /* EventLogger.m in Sources */ = {isa = PBXBuildFile; fileRef = B7A669531B40C27500AE7566 /* EventLogger.m */; };
		B7AAC02D1A834A1300BC6B2C /* Medication.m in Sources */ = {isa = PBXBuildFile; fileRef = B7AAC02C1A834A1300BC6B2C /* Medication.m */; };
		B7B632771B3F8E9D008DBE12 /* MPGTextField.m in Sources */ = {isa = PBXBuildFile; fileRef = B7B632761B3F8E9D008DBE12 /* MPGTextField.m */; };
		B7B6327A1B3F914E008DBE12 /* sample_data.json in Resources */ = {isa = PBXBuildFile; fileRef = B7B632791B3F914E008DBE12 /* sample_data.json */; };
		B7BF61AF1A8B25EF00F08413 /* CalendarButton.m in Sources */ = {isa = PBXBuildFile; fileRef = B7BF61AE1A8B25EF00F08413 /* CalendarButton.m */; };
		B7C27E1D1A76AA8100DFB416 /* main.m in Sources */ = {isa = PBXBuildFile; fileRef = B7C27E1C1A76AA8100DFB416 /* main.m */; };
		B7C27E201A76AA8100DFB416 /* AppDelegate.m in Sources */ = {isa = PBXBuildFile; fileRef = B7C27E1F1A76AA8100DFB416 /* AppDelegate.m */; };
		B7C27E231A76AA8100DFB416 /* TodayViewController.m in Sources */ = {isa = PBXBuildFile; fileRef = B7C27E221A76AA8100DFB416 /* TodayViewController.m */; };
		B7C27E261A76AA8100DFB416 /* OverviewViewController.m in Sources */ = {isa = PBXBuildFile; fileRef = B7C27E251A76AA8100DFB416 /* OverviewViewController.m */; };
		B7C27E2B1A76AA8100DFB416 /* Images.xcassets in Resources */ = {isa = PBXBuildFile; fileRef = B7C27E2A1A76AA8100DFB416 /* Images.xcassets */; };
		B7C27E3A1A76AA8100DFB416 /* MyMedsTests.m in Sources */ = {isa = PBXBuildFile; fileRef = B7C27E391A76AA8100DFB416 /* MyMedsTests.m */; };
		B7C27E461A76AB0700DFB416 /* UIKit.framework in Frameworks */ = {isa = PBXBuildFile; fileRef = B7C27E451A76AB0700DFB416 /* UIKit.framework */; };
		B7C27E491A76AB2600DFB416 /* libsqlite3.0.dylib in Frameworks */ = {isa = PBXBuildFile; fileRef = B7C27E471A76AB2600DFB416 /* libsqlite3.0.dylib */; };
		B7C27E4A1A76AB2600DFB416 /* libsqlite3.dylib in Frameworks */ = {isa = PBXBuildFile; fileRef = B7C27E481A76AB2600DFB416 /* libsqlite3.dylib */; };
		B7C27E511A76E63200DFB416 /* HistoryViewController.m in Sources */ = {isa = PBXBuildFile; fileRef = B7C27E501A76E63200DFB416 /* HistoryViewController.m */; };
		B7C27E571A76E65A00DFB416 /* AnalyzeViewController.m in Sources */ = {isa = PBXBuildFile; fileRef = B7C27E561A76E65A00DFB416 /* AnalyzeViewController.m */; };
		B7FC56FD1B0E4BAC00A1828A /* CoreData.framework in Frameworks */ = {isa = PBXBuildFile; fileRef = B7FC56FC1B0E4BAC00A1828A /* CoreData.framework */; };
		B7FC56FE1B0E4BBB00A1828A /* SystemConfiguration.framework in Frameworks */ = {isa = PBXBuildFile; fileRef = B784391B1B0C6A6500507D0A /* SystemConfiguration.framework */; };
		B7FC57001B0E4BC400A1828A /* libz.dylib in Frameworks */ = {isa = PBXBuildFile; fileRef = B7FC56FF1B0E4BC400A1828A /* libz.dylib */; };
		B7FC574E1B0E67C000A1828A /* CoreGraphics.framework in Frameworks */ = {isa = PBXBuildFile; fileRef = B78439171B0C6A4E00507D0A /* CoreGraphics.framework */; };
/* End PBXBuildFile section */

/* Begin PBXContainerItemProxy section */
		B7C27E341A76AA8100DFB416 /* PBXContainerItemProxy */ = {
			isa = PBXContainerItemProxy;
			containerPortal = B7C27E0F1A76AA8100DFB416 /* Project object */;
			proxyType = 1;
			remoteGlobalIDString = B7C27E161A76AA8100DFB416;
			remoteInfo = MyMeds;
		};
/* End PBXContainerItemProxy section */

/* Begin PBXFileReference section */
		B700AB1C1A7ECE280034EF14 /* Main.storyboard */ = {isa = PBXFileReference; fileEncoding = 4; lastKnownFileType = file.storyboard; path = Main.storyboard; sourceTree = "<group>"; };
		B70CC81B1AED8E9B0042F1CE /* Constants.h */ = {isa = PBXFileReference; fileEncoding = 4; lastKnownFileType = sourcecode.c.h; path = Constants.h; sourceTree = "<group>"; };
		B70CC81C1AED8E9B0042F1CE /* Constants.m */ = {isa = PBXFileReference; fileEncoding = 4; lastKnownFileType = sourcecode.c.objc; path = Constants.m; sourceTree = "<group>"; };
		B71815AC1B3F47FE0081AFC9 /* ComplianceAnalyzer.h */ = {isa = PBXFileReference; fileEncoding = 4; lastKnownFileType = sourcecode.c.h; path = ComplianceAnalyzer.h; sourceTree = "<group>"; };
		B71815AD1B3F47FE0081AFC9 /* ComplianceAnalyzer.m */ = {isa = PBXFileReference; fileEncoding = 4; lastKnownFileType = sourcecode.c.objc; path = ComplianceAnalyzer.m; sourceTree = "<group>"; };
		B71815AF1B3F4A370081AFC9 /* ComplianceCircle.h */ = {isa = PBXFileReference; fileEncoding = 4; lastKnownFileType = sourcecode.c.h; path = ComplianceCircle.h; sourceTree = "<group>"; };
		B71815B01B3F4A370081AFC9 /* ComplianceCircle.m */ = {isa = PBXFileReference; fileEncoding = 4; lastKnownFileType = sourcecode.c.objc; path = ComplianceCircle.m; sourceTree = "<group>"; };
		B7196A491B4644110014DF3B /* CoreMedication.h */ = {isa = PBXFileReference; fileEncoding = 4; lastKnownFileType = sourcecode.c.h; path = CoreMedication.h; sourceTree = "<group>"; };
		B7196A4A1B4644110014DF3B /* CoreMedication.m */ = {isa = PBXFileReference; fileEncoding = 4; lastKnownFileType = sourcecode.c.objc; path = CoreMedication.m; sourceTree = "<group>"; };
		B7196A4C1B478B670014DF3B /* Event.h */ = {isa = PBXFileReference; fileEncoding = 4; lastKnownFileType = sourcecode.c.h; path = Event.h; sourceTree = "<group>"; };
		B7196A4D1B478B670014DF3B /* Event.m */ = {isa = PBXFileReference; fileEncoding = 4; lastKnownFileType = sourcecode.c.objc; path = Event.m; sourceTree = "<group>"; };
		B7212D6B1B49E042005C89B8 /* NotificationScheduler.h */ = {isa = PBXFileReference; fileEncoding = 4; lastKnownFileType = sourcecode.c.h; path = NotificationScheduler.h; sourceTree = "<group>"; };
		B7212D6C1B49E042005C89B8 /* NotificationScheduler.m */ = {isa = PBXFileReference; fileEncoding = 4; lastKnownFileType = sourcecode.c.objc; path = NotificationScheduler.m; sourceTree = "<group>"; };
		B7275DB51AC259030016D085 /* RMDateSelectionViewController.h */ = {isa = PBXFileReference; fileEncoding = 4; lastKnownFileType = sourcecode.c.h; path = RMDateSelectionViewController.h; sourceTree = "<group>"; };
		B7275DB61AC259030016D085 /* RMDateSelectionViewController.m */ = {isa = PBXFileReference; fileEncoding = 4; lastKnownFileType = sourcecode.c.objc; path = RMDateSelectionViewController.m; sourceTree = "<group>"; };
		B7322A451A8AD3720057B916 /* MenuController.h */ = {isa = PBXFileReference; fileEncoding = 4; lastKnownFileType = sourcecode.c.h; path = MenuController.h; sourceTree = "<group>"; };
		B7322A461A8AD3720057B916 /* MenuController.m */ = {isa = PBXFileReference; fileEncoding = 4; lastKnownFileType = sourcecode.c.objc; path = MenuController.m; sourceTree = "<group>"; };
		B73A94221B42546900590D79 /* Fabric.framework */ = {isa = PBXFileReference; lastKnownFileType = wrapper.framework; path = Fabric.framework; sourceTree = SOURCE_ROOT; };
		B73A94231B42546900590D79 /* Crashlytics.framework */ = {isa = PBXFileReference; lastKnownFileType = wrapper.framework; path = Crashlytics.framework; sourceTree = SOURCE_ROOT; };
		B73A94291B44F36E00590D79 /* DBAccess.framework */ = {isa = PBXFileReference; lastKnownFileType = wrapper.framework; name = DBAccess.framework; path = MyMedsTests/DBAccess.framework; sourceTree = SOURCE_ROOT; };
		B73A942C1B44F4AA00590D79 /* TodayMedication.h */ = {isa = PBXFileReference; fileEncoding = 4; lastKnownFileType = sourcecode.c.h; path = TodayMedication.h; sourceTree = "<group>"; };
		B73A942D1B44F4AA00590D79 /* TodayMedication.m */ = {isa = PBXFileReference; fileEncoding = 4; lastKnownFileType = sourcecode.c.objc; path = TodayMedication.m; sourceTree = "<group>"; };
		B75518791B00337600CE23A3 /* AZNotification.h */ = {isa = PBXFileReference; fileEncoding = 4; lastKnownFileType = sourcecode.c.h; path = AZNotification.h; sourceTree = "<group>"; };
		B755187A1B00337600CE23A3 /* AZNotification.m */ = {isa = PBXFileReference; fileEncoding = 4; lastKnownFileType = sourcecode.c.objc; path = AZNotification.m; sourceTree = "<group>"; };
		B755187B1B00337600CE23A3 /* AZNotificationView.h */ = {isa = PBXFileReference; fileEncoding = 4; lastKnownFileType = sourcecode.c.h; path = AZNotificationView.h; sourceTree = "<group>"; };
		B755187C1B00337600CE23A3 /* AZNotificationView.m */ = {isa = PBXFileReference; fileEncoding = 4; lastKnownFileType = sourcecode.c.objc; path = AZNotificationView.m; sourceTree = "<group>"; };
		B755187D1B00337600CE23A3 /* UIColor+Additions.h */ = {isa = PBXFileReference; fileEncoding = 4; lastKnownFileType = sourcecode.c.h; path = "UIColor+Additions.h"; sourceTree = "<group>"; };
		B755187E1B00337600CE23A3 /* UIColor+Additions.m */ = {isa = PBXFileReference; fileEncoding = 4; lastKnownFileType = sourcecode.c.objc; path = "UIColor+Additions.m"; sourceTree = "<group>"; };
		B75A08EC1AB945D8009D2056 /* DayPicker.h */ = {isa = PBXFileReference; fileEncoding = 4; lastKnownFileType = sourcecode.c.h; name = DayPicker.h; path = ../DayPicker.h; sourceTree = "<group>"; };
		B75A08ED1AB945D8009D2056 /* DayPicker.m */ = {isa = PBXFileReference; fileEncoding = 4; lastKnownFileType = sourcecode.c.objc; name = DayPicker.m; path = ../DayPicker.m; sourceTree = "<group>"; };
		B75A08EF1AB9DC79009D2056 /* DayPickerButton.h */ = {isa = PBXFileReference; fileEncoding = 4; lastKnownFileType = sourcecode.c.h; path = DayPickerButton.h; sourceTree = "<group>"; };
		B75A08F01AB9DC79009D2056 /* DayPickerButton.m */ = {isa = PBXFileReference; fileEncoding = 4; lastKnownFileType = sourcecode.c.objc; path = DayPickerButton.m; sourceTree = "<group>"; };
		B75FAD661A9FBE140094ACE5 /* MissedViewController.h */ = {isa = PBXFileReference; fileEncoding = 4; lastKnownFileType = sourcecode.c.h; path = MissedViewController.h; sourceTree = "<group>"; };
		B75FAD671A9FBE140094ACE5 /* MissedViewController.m */ = {isa = PBXFileReference; fileEncoding = 4; lastKnownFileType = sourcecode.c.objc; path = MissedViewController.m; sourceTree = "<group>"; };
		B764A1921AB9041B0068A119 /* AddMedViewController.h */ = {isa = PBXFileReference; fileEncoding = 4; lastKnownFileType = sourcecode.c.h; path = AddMedViewController.h; sourceTree = "<group>"; };
		B764A1931AB9041B0068A119 /* AddMedViewController.m */ = {isa = PBXFileReference; fileEncoding = 4; lastKnownFileType = sourcecode.c.objc; path = AddMedViewController.m; sourceTree = "<group>"; };
		B772FC4C1AFD60A2001CB237 /* EditMedsController.h */ = {isa = PBXFileReference; fileEncoding = 4; lastKnownFileType = sourcecode.c.h; path = EditMedsController.h; sourceTree = "<group>"; };
		B772FC4D1AFD60A2001CB237 /* EditMedsController.m */ = {isa = PBXFileReference; fileEncoding = 4; lastKnownFileType = sourcecode.c.objc; path = EditMedsController.m; sourceTree = "<group>"; };
		B78439171B0C6A4E00507D0A /* CoreGraphics.framework */ = {isa = PBXFileReference; lastKnownFileType = wrapper.framework; name = CoreGraphics.framework; path = System/Library/Frameworks/CoreGraphics.framework; sourceTree = SDKROOT; };
		B78439191B0C6A5700507D0A /* Security.framework */ = {isa = PBXFileReference; lastKnownFileType = wrapper.framework; name = Security.framework; path = System/Library/Frameworks/Security.framework; sourceTree = SDKROOT; };
		B784391B1B0C6A6500507D0A /* SystemConfiguration.framework */ = {isa = PBXFileReference; lastKnownFileType = wrapper.framework; name = SystemConfiguration.framework; path = System/Library/Frameworks/SystemConfiguration.framework; sourceTree = SDKROOT; };
		B78E711B1B3E3CAE00D4350F /* SettingsViewController.h */ = {isa = PBXFileReference; fileEncoding = 4; lastKnownFileType = sourcecode.c.h; path = SettingsViewController.h; sourceTree = "<group>"; };
		B78E711C1B3E3CAE00D4350F /* SettingsViewController.m */ = {isa = PBXFileReference; fileEncoding = 4; lastKnownFileType = sourcecode.c.objc; path = SettingsViewController.m; sourceTree = "<group>"; };
		B7988D5E1A7B350A0061DF8C /* MedsCell.h */ = {isa = PBXFileReference; fileEncoding = 4; lastKnownFileType = sourcecode.c.h; path = MedsCell.h; sourceTree = "<group>"; };
		B7988D5F1A7B350A0061DF8C /* MedsCell.m */ = {isa = PBXFileReference; fileEncoding = 4; lastKnownFileType = sourcecode.c.objc; path = MedsCell.m; sourceTree = "<group>"; };
		B7988D621A7B38C50061DF8C /* StrikeThroughLabel.h */ = {isa = PBXFileReference; fileEncoding = 4; lastKnownFileType = sourcecode.c.h; path = StrikeThroughLabel.h; sourceTree = "<group>"; };
		B7988D631A7B38C50061DF8C /* StrikeThroughLabel.m */ = {isa = PBXFileReference; fileEncoding = 4; lastKnownFileType = sourcecode.c.objc; path = StrikeThroughLabel.m; sourceTree = "<group>"; };
		B7A1FD4C1A8298D40003CD52 /* InfoViewController.h */ = {isa = PBXFileReference; fileEncoding = 4; lastKnownFileType = sourcecode.c.h; path = InfoViewController.h; sourceTree = "<group>"; };
		B7A1FD4D1A8298D40003CD52 /* InfoViewController.m */ = {isa = PBXFileReference; fileEncoding = 4; lastKnownFileType = sourcecode.c.objc; path = InfoViewController.m; sourceTree = "<group>"; };
		B7A275001B40F926008F2BD4 /* AMPARCMacros.h */ = {isa = PBXFileReference; fileEncoding = 4; lastKnownFileType = sourcecode.c.h; path = AMPARCMacros.h; sourceTree = "<group>"; };
		B7A275011B40F926008F2BD4 /* AMPConstants.h */ = {isa = PBXFileReference; fileEncoding = 4; lastKnownFileType = sourcecode.c.h; path = AMPConstants.h; sourceTree = "<group>"; };
		B7A275021B40F927008F2BD4 /* AMPConstants.m */ = {isa = PBXFileReference; fileEncoding = 4; lastKnownFileType = sourcecode.c.objc; path = AMPConstants.m; sourceTree = "<group>"; };
		B7A275031B40F927008F2BD4 /* AMPDeviceInfo.h */ = {isa = PBXFileReference; fileEncoding = 4; lastKnownFileType = sourcecode.c.h; path = AMPDeviceInfo.h; sourceTree = "<group>"; };
		B7A275041B40F927008F2BD4 /* AMPDeviceInfo.m */ = {isa = PBXFileReference; fileEncoding = 4; lastKnownFileType = sourcecode.c.objc; path = AMPDeviceInfo.m; sourceTree = "<group>"; };
		B7A275051B40F927008F2BD4 /* Amplitude.h */ = {isa = PBXFileReference; fileEncoding = 4; lastKnownFileType = sourcecode.c.h; path = Amplitude.h; sourceTree = "<group>"; };
		B7A275061B40F927008F2BD4 /* Amplitude.m */ = {isa = PBXFileReference; fileEncoding = 4; lastKnownFileType = sourcecode.c.objc; path = Amplitude.m; sourceTree = "<group>"; };
		B7A275071B40F927008F2BD4 /* Amplitude+SSLPinning.h */ = {isa = PBXFileReference; fileEncoding = 4; lastKnownFileType = sourcecode.c.h; path = "Amplitude+SSLPinning.h"; sourceTree = "<group>"; };
		B7A275081B40F927008F2BD4 /* AMPLocationManagerDelegate.h */ = {isa = PBXFileReference; fileEncoding = 4; lastKnownFileType = sourcecode.c.h; path = AMPLocationManagerDelegate.h; sourceTree = "<group>"; };
		B7A275091B40F927008F2BD4 /* AMPLocationManagerDelegate.m */ = {isa = PBXFileReference; fileEncoding = 4; lastKnownFileType = sourcecode.c.objc; path = AMPLocationManagerDelegate.m; sourceTree = "<group>"; };
		B7A2750A1B40F927008F2BD4 /* AMPURLConnection.h */ = {isa = PBXFileReference; fileEncoding = 4; lastKnownFileType = sourcecode.c.h; path = AMPURLConnection.h; sourceTree = "<group>"; };
		B7A2750B1B40F927008F2BD4 /* AMPURLConnection.m */ = {isa = PBXFileReference; fileEncoding = 4; lastKnownFileType = sourcecode.c.objc; path = AMPURLConnection.m; sourceTree = "<group>"; };
		B7A669521B40C27500AE7566 /* EventLogger.h */ = {isa = PBXFileReference; fileEncoding = 4; lastKnownFileType = sourcecode.c.h; path = EventLogger.h; sourceTree = "<group>"; };
		B7A669531B40C27500AE7566 /* EventLogger.m */ = {isa = PBXFileReference; fileEncoding = 4; lastKnownFileType = sourcecode.c.objc; path = EventLogger.m; sourceTree = "<group>"; };
		B7AAC02B1A834A1300BC6B2C /* Medication.h */ = {isa = PBXFileReference; fileEncoding = 4; lastKnownFileType = sourcecode.c.h; path = Medication.h; sourceTree = "<group>"; };
		B7AAC02C1A834A1300BC6B2C /* Medication.m */ = {isa = PBXFileReference; fileEncoding = 4; lastKnownFileType = sourcecode.c.objc; path = Medication.m; sourceTree = "<group>"; };
		B7B632751B3F8E9D008DBE12 /* MPGTextField.h */ = {isa = PBXFileReference; fileEncoding = 4; lastKnownFileType = sourcecode.c.h; path = MPGTextField.h; sourceTree = "<group>"; };
		B7B632761B3F8E9D008DBE12 /* MPGTextField.m */ = {isa = PBXFileReference; fileEncoding = 4; lastKnownFileType = sourcecode.c.objc; path = MPGTextField.m; sourceTree = "<group>"; };
		B7B632791B3F914E008DBE12 /* sample_data.json */ = {isa = PBXFileReference; fileEncoding = 4; lastKnownFileType = text.json; path = sample_data.json; sourceTree = "<group>"; };
		B7BF61AD1A8B25EF00F08413 /* CalendarButton.h */ = {isa = PBXFileReference; fileEncoding = 4; lastKnownFileType = sourcecode.c.h; path = CalendarButton.h; sourceTree = "<group>"; };
		B7BF61AE1A8B25EF00F08413 /* CalendarButton.m */ = {isa = PBXFileReference; fileEncoding = 4; lastKnownFileType = sourcecode.c.objc; path = CalendarButton.m; sourceTree = "<group>"; };
		B7C27E171A76AA8100DFB416 /* MyMeds.app */ = {isa = PBXFileReference; explicitFileType = wrapper.application; includeInIndex = 0; path = MyMeds.app; sourceTree = BUILT_PRODUCTS_DIR; };
		B7C27E1B1A76AA8100DFB416 /* Info.plist */ = {isa = PBXFileReference; lastKnownFileType = text.plist.xml; path = Info.plist; sourceTree = "<group>"; };
		B7C27E1C1A76AA8100DFB416 /* main.m */ = {isa = PBXFileReference; lastKnownFileType = sourcecode.c.objc; path = main.m; sourceTree = "<group>"; };
		B7C27E1E1A76AA8100DFB416 /* AppDelegate.h */ = {isa = PBXFileReference; lastKnownFileType = sourcecode.c.h; path = AppDelegate.h; sourceTree = "<group>"; };
		B7C27E1F1A76AA8100DFB416 /* AppDelegate.m */ = {isa = PBXFileReference; lastKnownFileType = sourcecode.c.objc; path = AppDelegate.m; sourceTree = "<group>"; };
		B7C27E211A76AA8100DFB416 /* TodayViewController.h */ = {isa = PBXFileReference; lastKnownFileType = sourcecode.c.h; path = TodayViewController.h; sourceTree = "<group>"; };
		B7C27E221A76AA8100DFB416 /* TodayViewController.m */ = {isa = PBXFileReference; lastKnownFileType = sourcecode.c.objc; path = TodayViewController.m; sourceTree = "<group>"; };
		B7C27E241A76AA8100DFB416 /* OverviewViewController.h */ = {isa = PBXFileReference; lastKnownFileType = sourcecode.c.h; path = OverviewViewController.h; sourceTree = "<group>"; };
		B7C27E251A76AA8100DFB416 /* OverviewViewController.m */ = {isa = PBXFileReference; lastKnownFileType = sourcecode.c.objc; path = OverviewViewController.m; sourceTree = "<group>"; };
		B7C27E2A1A76AA8100DFB416 /* Images.xcassets */ = {isa = PBXFileReference; lastKnownFileType = folder.assetcatalog; path = Images.xcassets; sourceTree = "<group>"; };
		B7C27E2D1A76AA8100DFB416 /* Base */ = {isa = PBXFileReference; lastKnownFileType = file.xib; name = Base; path = Base.lproj/LaunchScreen.xib; sourceTree = "<group>"; };
		B7C27E331A76AA8100DFB416 /* MyMedsTests.xctest */ = {isa = PBXFileReference; explicitFileType = wrapper.cfbundle; includeInIndex = 0; path = MyMedsTests.xctest; sourceTree = BUILT_PRODUCTS_DIR; };
		B7C27E381A76AA8100DFB416 /* Info.plist */ = {isa = PBXFileReference; lastKnownFileType = text.plist.xml; path = Info.plist; sourceTree = "<group>"; };
		B7C27E391A76AA8100DFB416 /* MyMedsTests.m */ = {isa = PBXFileReference; lastKnownFileType = sourcecode.c.objc; path = MyMedsTests.m; sourceTree = "<group>"; };
		B7C27E431A76AAFA00DFB416 /* Foundation.framework */ = {isa = PBXFileReference; lastKnownFileType = wrapper.framework; name = Foundation.framework; path = System/Library/Frameworks/Foundation.framework; sourceTree = SDKROOT; };
		B7C27E451A76AB0700DFB416 /* UIKit.framework */ = {isa = PBXFileReference; lastKnownFileType = wrapper.framework; name = UIKit.framework; path = System/Library/Frameworks/UIKit.framework; sourceTree = SDKROOT; };
		B7C27E471A76AB2600DFB416 /* libsqlite3.0.dylib */ = {isa = PBXFileReference; lastKnownFileType = "compiled.mach-o.dylib"; name = libsqlite3.0.dylib; path = usr/lib/libsqlite3.0.dylib; sourceTree = SDKROOT; };
		B7C27E481A76AB2600DFB416 /* libsqlite3.dylib */ = {isa = PBXFileReference; lastKnownFileType = "compiled.mach-o.dylib"; name = libsqlite3.dylib; path = usr/lib/libsqlite3.dylib; sourceTree = SDKROOT; };
		B7C27E4F1A76E63200DFB416 /* HistoryViewController.h */ = {isa = PBXFileReference; fileEncoding = 4; lastKnownFileType = sourcecode.c.h; path = HistoryViewController.h; sourceTree = "<group>"; };
		B7C27E501A76E63200DFB416 /* HistoryViewController.m */ = {isa = PBXFileReference; fileEncoding = 4; lastKnownFileType = sourcecode.c.objc; path = HistoryViewController.m; sourceTree = "<group>"; };
		B7C27E551A76E65A00DFB416 /* AnalyzeViewController.h */ = {isa = PBXFileReference; fileEncoding = 4; lastKnownFileType = sourcecode.c.h; path = AnalyzeViewController.h; sourceTree = "<group>"; };
		B7C27E561A76E65A00DFB416 /* AnalyzeViewController.m */ = {isa = PBXFileReference; fileEncoding = 4; lastKnownFileType = sourcecode.c.objc; path = AnalyzeViewController.m; sourceTree = "<group>"; };
		B7FC56FC1B0E4BAC00A1828A /* CoreData.framework */ = {isa = PBXFileReference; lastKnownFileType = wrapper.framework; name = CoreData.framework; path = System/Library/Frameworks/CoreData.framework; sourceTree = SDKROOT; };
		B7FC56FF1B0E4BC400A1828A /* libz.dylib */ = {isa = PBXFileReference; lastKnownFileType = "compiled.mach-o.dylib"; name = libz.dylib; path = usr/lib/libz.dylib; sourceTree = SDKROOT; };
/* End PBXFileReference section */

/* Begin PBXFrameworksBuildPhase section */
		B7C27E141A76AA8100DFB416 /* Frameworks */ = {
			isa = PBXFrameworksBuildPhase;
			buildActionMask = 2147483647;
			files = (
				B7FC574E1B0E67C000A1828A /* CoreGraphics.framework in Frameworks */,
				B73A94251B42546900590D79 /* Crashlytics.framework in Frameworks */,
				B7FC57001B0E4BC400A1828A /* libz.dylib in Frameworks */,
				B7FC56FE1B0E4BBB00A1828A /* SystemConfiguration.framework in Frameworks */,
				B73A94241B42546900590D79 /* Fabric.framework in Frameworks */,
				B7FC56FD1B0E4BAC00A1828A /* CoreData.framework in Frameworks */,
				B73A942A1B44F36E00590D79 /* DBAccess.framework in Frameworks */,
				B7C27E491A76AB2600DFB416 /* libsqlite3.0.dylib in Frameworks */,
				B7C27E4A1A76AB2600DFB416 /* libsqlite3.dylib in Frameworks */,
				B7C27E461A76AB0700DFB416 /* UIKit.framework in Frameworks */,
			);
			runOnlyForDeploymentPostprocessing = 0;
		};
		B7C27E301A76AA8100DFB416 /* Frameworks */ = {
			isa = PBXFrameworksBuildPhase;
			buildActionMask = 2147483647;
			files = (
				B73A942B1B44F36E00590D79 /* DBAccess.framework in Frameworks */,
			);
			runOnlyForDeploymentPostprocessing = 0;
		};
/* End PBXFrameworksBuildPhase section */

/* Begin PBXGroup section */
		B70CC8181AED8BA40042F1CE /* Models */ = {
			isa = PBXGroup;
			children = (
				B7A669521B40C27500AE7566 /* EventLogger.h */,
				B7A669531B40C27500AE7566 /* EventLogger.m */,
				B7196A4C1B478B670014DF3B /* Event.h */,
				B7196A4D1B478B670014DF3B /* Event.m */,
				B73A942C1B44F4AA00590D79 /* TodayMedication.h */,
				B73A942D1B44F4AA00590D79 /* TodayMedication.m */,
				B7AAC02B1A834A1300BC6B2C /* Medication.h */,
				B7AAC02C1A834A1300BC6B2C /* Medication.m */,
				B7196A491B4644110014DF3B /* CoreMedication.h */,
				B7196A4A1B4644110014DF3B /* CoreMedication.m */,
			);
			name = Models;
			sourceTree = "<group>";
		};
		B70CC8191AED8C470042F1CE /* Day Picker */ = {
			isa = PBXGroup;
			children = (
				B75A08EC1AB945D8009D2056 /* DayPicker.h */,
				B75A08ED1AB945D8009D2056 /* DayPicker.m */,
				B75A08EF1AB9DC79009D2056 /* DayPickerButton.h */,
				B75A08F01AB9DC79009D2056 /* DayPickerButton.m */,
			);
			name = "Day Picker";
			sourceTree = "<group>";
		};
		B70CC81A1AED8C940042F1CE /* View Controllers */ = {
			isa = PBXGroup;
			children = (
				B78E711B1B3E3CAE00D4350F /* SettingsViewController.h */,
				B78E711C1B3E3CAE00D4350F /* SettingsViewController.m */,
				B7C27E551A76E65A00DFB416 /* AnalyzeViewController.h */,
				B7C27E561A76E65A00DFB416 /* AnalyzeViewController.m */,
				B764A1921AB9041B0068A119 /* AddMedViewController.h */,
				B764A1931AB9041B0068A119 /* AddMedViewController.m */,
				B7C27E4F1A76E63200DFB416 /* HistoryViewController.h */,
				B7C27E501A76E63200DFB416 /* HistoryViewController.m */,
				B7C27E241A76AA8100DFB416 /* OverviewViewController.h */,
				B7C27E251A76AA8100DFB416 /* OverviewViewController.m */,
				B7A1FD4C1A8298D40003CD52 /* InfoViewController.h */,
				B7A1FD4D1A8298D40003CD52 /* InfoViewController.m */,
				B7C27E211A76AA8100DFB416 /* TodayViewController.h */,
				B7C27E221A76AA8100DFB416 /* TodayViewController.m */,
				B75FAD661A9FBE140094ACE5 /* MissedViewController.h */,
				B75FAD671A9FBE140094ACE5 /* MissedViewController.m */,
				B772FC4C1AFD60A2001CB237 /* EditMedsController.h */,
				B772FC4D1AFD60A2001CB237 /* EditMedsController.m */,
			);
			name = "View Controllers";
			sourceTree = "<group>";
		};
		B71815B21B3F4E170081AFC9 /* Compliance Rating */ = {
			isa = PBXGroup;
			children = (
				B71815AC1B3F47FE0081AFC9 /* ComplianceAnalyzer.h */,
				B71815AD1B3F47FE0081AFC9 /* ComplianceAnalyzer.m */,
				B71815AF1B3F4A370081AFC9 /* ComplianceCircle.h */,
				B71815B01B3F4A370081AFC9 /* ComplianceCircle.m */,
			);
			name = "Compliance Rating";
			sourceTree = "<group>";
		};
		B75518681B002FE600CE23A3 /* Notification Toast */ = {
			isa = PBXGroup;
			children = (
				B75518791B00337600CE23A3 /* AZNotification.h */,
				B755187A1B00337600CE23A3 /* AZNotification.m */,
				B755187B1B00337600CE23A3 /* AZNotificationView.h */,
				B755187C1B00337600CE23A3 /* AZNotificationView.m */,
				B755187D1B00337600CE23A3 /* UIColor+Additions.h */,
				B755187E1B00337600CE23A3 /* UIColor+Additions.m */,
			);
			name = "Notification Toast";
			sourceTree = "<group>";
		};
		B76766E61A794BBA0048AA04 /* Strikethrough Control */ = {
			isa = PBXGroup;
			children = (
				B7988D5E1A7B350A0061DF8C /* MedsCell.h */,
				B7988D5F1A7B350A0061DF8C /* MedsCell.m */,
				B7988D621A7B38C50061DF8C /* StrikeThroughLabel.h */,
				B7988D631A7B38C50061DF8C /* StrikeThroughLabel.m */,
			);
			name = "Strikethrough Control";
			sourceTree = "<group>";
		};
		B78E711F1B3E3CE900D4350F /* Constants */ = {
			isa = PBXGroup;
			children = (
				B7212D6B1B49E042005C89B8 /* NotificationScheduler.h */,
				B7212D6C1B49E042005C89B8 /* NotificationScheduler.m */,
				B70CC81B1AED8E9B0042F1CE /* Constants.h */,
				B70CC81C1AED8E9B0042F1CE /* Constants.m */,
			);
			name = Constants;
			sourceTree = "<group>";
		};
		B7A275161B40FA73008F2BD4 /* Amplitude SDK */ = {
			isa = PBXGroup;
			children = (
				B7A275001B40F926008F2BD4 /* AMPARCMacros.h */,
				B7A275011B40F926008F2BD4 /* AMPConstants.h */,
				B7A275021B40F927008F2BD4 /* AMPConstants.m */,
				B7A275031B40F927008F2BD4 /* AMPDeviceInfo.h */,
				B7A275041B40F927008F2BD4 /* AMPDeviceInfo.m */,
				B7A275051B40F927008F2BD4 /* Amplitude.h */,
				B7A275061B40F927008F2BD4 /* Amplitude.m */,
				B7A275071B40F927008F2BD4 /* Amplitude+SSLPinning.h */,
				B7A275081B40F927008F2BD4 /* AMPLocationManagerDelegate.h */,
				B7A275091B40F927008F2BD4 /* AMPLocationManagerDelegate.m */,
				B7A2750A1B40F927008F2BD4 /* AMPURLConnection.h */,
				B7A2750B1B40F927008F2BD4 /* AMPURLConnection.m */,
			);
			name = "Amplitude SDK";
			sourceTree = "<group>";
		};
		B7B632781B3F8EA6008DBE12 /* Suggestion Textfield */ = {
			isa = PBXGroup;
			children = (
				B7B632751B3F8E9D008DBE12 /* MPGTextField.h */,
				B7B632761B3F8E9D008DBE12 /* MPGTextField.m */,
				B7B632791B3F914E008DBE12 /* sample_data.json */,
			);
			name = "Suggestion Textfield";
			sourceTree = "<group>";
		};
		B7C27E0E1A76AA8100DFB416 = {
			isa = PBXGroup;
			children = (
				B7C27E191A76AA8100DFB416 /* MyMeds */,
				B7C27E361A76AA8100DFB416 /* MyMedsTests */,
				B7C27E181A76AA8100DFB416 /* Products */,
			);
			sourceTree = "<group>";
		};
		B7C27E181A76AA8100DFB416 /* Products */ = {
			isa = PBXGroup;
			children = (
				B7C27E171A76AA8100DFB416 /* MyMeds.app */,
				B7C27E331A76AA8100DFB416 /* MyMedsTests.xctest */,
			);
			name = Products;
			sourceTree = "<group>";
		};
		B7C27E191A76AA8100DFB416 /* MyMeds */ = {
			isa = PBXGroup;
			children = (
				B7A275161B40FA73008F2BD4 /* Amplitude SDK */,
				B7B632781B3F8EA6008DBE12 /* Suggestion Textfield */,
				B71815B21B3F4E170081AFC9 /* Compliance Rating */,
				B78E711F1B3E3CE900D4350F /* Constants */,
				B75518681B002FE600CE23A3 /* Notification Toast */,
				B70CC81A1AED8C940042F1CE /* View Controllers */,
				B70CC8191AED8C470042F1CE /* Day Picker */,
				B70CC8181AED8BA40042F1CE /* Models */,
				B7E1C3651A8C0D9100C7FC83 /* Calendar Controls */,
				B76766E61A794BBA0048AA04 /* Strikethrough Control */,
				B7C27E1E1A76AA8100DFB416 /* AppDelegate.h */,
				B7C27E1F1A76AA8100DFB416 /* AppDelegate.m */,
				B700AB1C1A7ECE280034EF14 /* Main.storyboard */,
				B7C27E2A1A76AA8100DFB416 /* Images.xcassets */,
				B7C27E2C1A76AA8100DFB416 /* LaunchScreen.xib */,
				B7C27E1A1A76AA8100DFB416 /* Supporting Files */,
			);
			path = MyMeds;
			sourceTree = "<group>";
		};
		B7C27E1A1A76AA8100DFB416 /* Supporting Files */ = {
			isa = PBXGroup;
			children = (
				B73A94291B44F36E00590D79 /* DBAccess.framework */,
				B73A94221B42546900590D79 /* Fabric.framework */,
				B73A94231B42546900590D79 /* Crashlytics.framework */,
				B7FC56FF1B0E4BC400A1828A /* libz.dylib */,
				B7FC56FC1B0E4BAC00A1828A /* CoreData.framework */,
				B784391B1B0C6A6500507D0A /* SystemConfiguration.framework */,
				B78439191B0C6A5700507D0A /* Security.framework */,
				B78439171B0C6A4E00507D0A /* CoreGraphics.framework */,
				B7C27E471A76AB2600DFB416 /* libsqlite3.0.dylib */,
				B7C27E481A76AB2600DFB416 /* libsqlite3.dylib */,
				B7C27E451A76AB0700DFB416 /* UIKit.framework */,
				B7C27E431A76AAFA00DFB416 /* Foundation.framework */,
				B7C27E1B1A76AA8100DFB416 /* Info.plist */,
				B7C27E1C1A76AA8100DFB416 /* main.m */,
			);
			name = "Supporting Files";
			sourceTree = "<group>";
		};
		B7C27E361A76AA8100DFB416 /* MyMedsTests */ = {
			isa = PBXGroup;
			children = (
				B7C27E391A76AA8100DFB416 /* MyMedsTests.m */,
				B7C27E371A76AA8100DFB416 /* Supporting Files */,
			);
			path = MyMedsTests;
			sourceTree = "<group>";
		};
		B7C27E371A76AA8100DFB416 /* Supporting Files */ = {
			isa = PBXGroup;
			children = (
				B7C27E381A76AA8100DFB416 /* Info.plist */,
			);
			name = "Supporting Files";
			sourceTree = "<group>";
		};
		B7E1C3651A8C0D9100C7FC83 /* Calendar Controls */ = {
			isa = PBXGroup;
			children = (
				B7275DB51AC259030016D085 /* RMDateSelectionViewController.h */,
				B7275DB61AC259030016D085 /* RMDateSelectionViewController.m */,
				B7BF61AD1A8B25EF00F08413 /* CalendarButton.h */,
				B7BF61AE1A8B25EF00F08413 /* CalendarButton.m */,
				B7322A451A8AD3720057B916 /* MenuController.h */,
				B7322A461A8AD3720057B916 /* MenuController.m */,
			);
			name = "Calendar Controls";
			sourceTree = "<group>";
		};
/* End PBXGroup section */

/* Begin PBXNativeTarget section */
		B7C27E161A76AA8100DFB416 /* MyMeds */ = {
			isa = PBXNativeTarget;
			buildConfigurationList = B7C27E3D1A76AA8100DFB416 /* Build configuration list for PBXNativeTarget "MyMeds" */;
			buildPhases = (
				B7C27E131A76AA8100DFB416 /* Sources */,
				B7C27E141A76AA8100DFB416 /* Frameworks */,
				B7C27E151A76AA8100DFB416 /* Resources */,
				B73A94211B42542E00590D79 /* ShellScript */,
			);
			buildRules = (
			);
			dependencies = (
			);
			name = MyMeds;
			productName = MyMeds;
			productReference = B7C27E171A76AA8100DFB416 /* MyMeds.app */;
			productType = "com.apple.product-type.application";
		};
		B7C27E321A76AA8100DFB416 /* MyMedsTests */ = {
			isa = PBXNativeTarget;
			buildConfigurationList = B7C27E401A76AA8100DFB416 /* Build configuration list for PBXNativeTarget "MyMedsTests" */;
			buildPhases = (
				B7C27E2F1A76AA8100DFB416 /* Sources */,
				B7C27E301A76AA8100DFB416 /* Frameworks */,
				B7C27E311A76AA8100DFB416 /* Resources */,
			);
			buildRules = (
			);
			dependencies = (
				B7C27E351A76AA8100DFB416 /* PBXTargetDependency */,
			);
			name = MyMedsTests;
			productName = MyMedsTests;
			productReference = B7C27E331A76AA8100DFB416 /* MyMedsTests.xctest */;
			productType = "com.apple.product-type.bundle.unit-test";
		};
/* End PBXNativeTarget section */

/* Begin PBXProject section */
		B7C27E0F1A76AA8100DFB416 /* Project object */ = {
			isa = PBXProject;
			attributes = {
				LastUpgradeCheck = 0600;
				ORGANIZATIONNAME = test;
				TargetAttributes = {
					B7C27E161A76AA8100DFB416 = {
						CreatedOnToolsVersion = 6.0;
						DevelopmentTeam = 78Q6E8BW6Q;
					};
					B7C27E321A76AA8100DFB416 = {
						CreatedOnToolsVersion = 6.0;
						TestTargetID = B7C27E161A76AA8100DFB416;
					};
				};
			};
			buildConfigurationList = B7C27E121A76AA8100DFB416 /* Build configuration list for PBXProject "MyMeds" */;
			compatibilityVersion = "Xcode 3.2";
			developmentRegion = English;
			hasScannedForEncodings = 0;
			knownRegions = (
				en,
				Base,
			);
			mainGroup = B7C27E0E1A76AA8100DFB416;
			productRefGroup = B7C27E181A76AA8100DFB416 /* Products */;
			projectDirPath = "";
			projectRoot = "";
			targets = (
				B7C27E161A76AA8100DFB416 /* MyMeds */,
				B7C27E321A76AA8100DFB416 /* MyMedsTests */,
			);
		};
/* End PBXProject section */

/* Begin PBXResourcesBuildPhase section */
		B7C27E151A76AA8100DFB416 /* Resources */ = {
			isa = PBXResourcesBuildPhase;
			buildActionMask = 2147483647;
			files = (
				B700AB1D1A7ECE280034EF14 /* Main.storyboard in Resources */,
				B7C27E2B1A76AA8100DFB416 /* Images.xcassets in Resources */,
				B7B6327A1B3F914E008DBE12 /* sample_data.json in Resources */,
			);
			runOnlyForDeploymentPostprocessing = 0;
		};
		B7C27E311A76AA8100DFB416 /* Resources */ = {
			isa = PBXResourcesBuildPhase;
			buildActionMask = 2147483647;
			files = (
			);
			runOnlyForDeploymentPostprocessing = 0;
		};
/* End PBXResourcesBuildPhase section */

/* Begin PBXShellScriptBuildPhase section */
		B73A94211B42542E00590D79 /* ShellScript */ = {
			isa = PBXShellScriptBuildPhase;
			buildActionMask = 2147483647;
			files = (
			);
			inputPaths = (
			);
			outputPaths = (
			);
			runOnlyForDeploymentPostprocessing = 0;
			shellPath = /bin/sh;
			shellScript = "./Fabric.framework/run caf09784435bc8e8979d731e54dbf2b3c4da39dc 3c6397dcea5f10aafcf1832e383ec5c65889af03db47ea9c978e1d71011ce27a";
		};
/* End PBXShellScriptBuildPhase section */

/* Begin PBXSourcesBuildPhase section */
		B7C27E131A76AA8100DFB416 /* Sources */ = {
			isa = PBXSourcesBuildPhase;
			buildActionMask = 2147483647;
			files = (
				B7988D601A7B350A0061DF8C /* MedsCell.m in Sources */,
				B7A669541B40C27500AE7566 /* EventLogger.m in Sources */,
				B764A1941AB9041B0068A119 /* AddMedViewController.m in Sources */,
				B7A275101B40F927008F2BD4 /* Amplitude.m in Sources */,
				B7A275121B40F927008F2BD4 /* AMPLocationManagerDelegate.m in Sources */,
				B7C27E261A76AA8100DFB416 /* OverviewViewController.m in Sources */,
				B7A1FD4E1A8298D40003CD52 /* InfoViewController.m in Sources */,
				B7A275141B40F927008F2BD4 /* AMPURLConnection.m in Sources */,
				B71815B11B3F4A370081AFC9 /* ComplianceCircle.m in Sources */,
				B7A2750E1B40F927008F2BD4 /* AMPDeviceInfo.m in Sources */,
				B7C27E201A76AA8100DFB416 /* AppDelegate.m in Sources */,
				B7196A4B1B4644110014DF3B /* CoreMedication.m in Sources */,
				B7212D6D1B49E042005C89B8 /* NotificationScheduler.m in Sources */,
				B772FC4E1AFD60A2001CB237 /* EditMedsController.m in Sources */,
				B7C27E231A76AA8100DFB416 /* TodayViewController.m in Sources */,
				B7C27E1D1A76AA8100DFB416 /* main.m in Sources */,
				B7322A471A8AD3720057B916 /* MenuController.m in Sources */,
				B7A2750C1B40F927008F2BD4 /* AMPConstants.m in Sources */,
				B7275DB71AC259030016D085 /* RMDateSelectionViewController.m in Sources */,
				B75518801B00337600CE23A3 /* AZNotificationView.m in Sources */,
				B71815AE1B3F47FE0081AFC9 /* ComplianceAnalyzer.m in Sources */,
				B70CC81D1AED8E9B0042F1CE /* Constants.m in Sources */,
				B755187F1B00337600CE23A3 /* AZNotification.m in Sources */,
				B7196A4E1B478B670014DF3B /* Event.m in Sources */,
				B73A942E1B44F4AA00590D79 /* TodayMedication.m in Sources */,
				B75A08EE1AB945D8009D2056 /* DayPicker.m in Sources */,
				B7BF61AF1A8B25EF00F08413 /* CalendarButton.m in Sources */,
				B7B632771B3F8E9D008DBE12 /* MPGTextField.m in Sources */,
				B7AAC02D1A834A1300BC6B2C /* Medication.m in Sources */,
				B7988D641A7B38C50061DF8C /* StrikeThroughLabel.m in Sources */,
				B7C27E571A76E65A00DFB416 /* AnalyzeViewController.m in Sources */,
				B75FAD681A9FBE140094ACE5 /* MissedViewController.m in Sources */,
				B75A08F11AB9DC79009D2056 /* DayPickerButton.m in Sources */,
				B7C27E511A76E63200DFB416 /* HistoryViewController.m in Sources */,
				B78E711D1B3E3CAE00D4350F /* SettingsViewController.m in Sources */,
				B75518811B00337600CE23A3 /* UIColor+Additions.m in Sources */,
			);
			runOnlyForDeploymentPostprocessing = 0;
		};
		B7C27E2F1A76AA8100DFB416 /* Sources */ = {
			isa = PBXSourcesBuildPhase;
			buildActionMask = 2147483647;
			files = (
				B7A2750F1B40F927008F2BD4 /* AMPDeviceInfo.m in Sources */,
				B7A275151B40F927008F2BD4 /* AMPURLConnection.m in Sources */,
				B73A942F1B44F4AA00590D79 /* TodayMedication.m in Sources */,
				B7C27E3A1A76AA8100DFB416 /* MyMedsTests.m in Sources */,
				B7A275111B40F927008F2BD4 /* Amplitude.m in Sources */,
				B78E711E1B3E3CAE00D4350F /* SettingsViewController.m in Sources */,
				B7A275131B40F927008F2BD4 /* AMPLocationManagerDelegate.m in Sources */,
				B7A2750D1B40F927008F2BD4 /* AMPConstants.m in Sources */,
			);
			runOnlyForDeploymentPostprocessing = 0;
		};
/* End PBXSourcesBuildPhase section */

/* Begin PBXTargetDependency section */
		B7C27E351A76AA8100DFB416 /* PBXTargetDependency */ = {
			isa = PBXTargetDependency;
			target = B7C27E161A76AA8100DFB416 /* MyMeds */;
			targetProxy = B7C27E341A76AA8100DFB416 /* PBXContainerItemProxy */;
		};
/* End PBXTargetDependency section */

/* Begin PBXVariantGroup section */
		B7C27E2C1A76AA8100DFB416 /* LaunchScreen.xib */ = {
			isa = PBXVariantGroup;
			children = (
				B7C27E2D1A76AA8100DFB416 /* Base */,
			);
			name = LaunchScreen.xib;
			sourceTree = "<group>";
		};
/* End PBXVariantGroup section */

/* Begin XCBuildConfiguration section */
		B7C27E3B1A76AA8100DFB416 /* Debug */ = {
			isa = XCBuildConfiguration;
			buildSettings = {
				ALWAYS_SEARCH_USER_PATHS = NO;
				CLANG_CXX_LANGUAGE_STANDARD = "gnu++0x";
				CLANG_CXX_LIBRARY = "libc++";
				CLANG_ENABLE_MODULES = YES;
				CLANG_ENABLE_OBJC_ARC = YES;
				CLANG_WARN_BOOL_CONVERSION = YES;
				CLANG_WARN_CONSTANT_CONVERSION = YES;
				CLANG_WARN_DIRECT_OBJC_ISA_USAGE = YES_ERROR;
				CLANG_WARN_EMPTY_BODY = YES;
				CLANG_WARN_ENUM_CONVERSION = YES;
				CLANG_WARN_INT_CONVERSION = YES;
				CLANG_WARN_OBJC_ROOT_CLASS = YES_ERROR;
				CLANG_WARN_UNREACHABLE_CODE = YES;
				CLANG_WARN__DUPLICATE_METHOD_MATCH = YES;
				"CODE_SIGN_IDENTITY[sdk=iphoneos*]" = "iPhone Developer";
				COPY_PHASE_STRIP = NO;
				ENABLE_STRICT_OBJC_MSGSEND = YES;
				GCC_C_LANGUAGE_STANDARD = gnu99;
				GCC_DYNAMIC_NO_PIC = NO;
				GCC_OPTIMIZATION_LEVEL = 0;
				GCC_PREPROCESSOR_DEFINITIONS = (
					"DEBUG=1",
					"$(inherited)",
				);
				GCC_SYMBOLS_PRIVATE_EXTERN = NO;
				GCC_WARN_64_TO_32_BIT_CONVERSION = YES;
				GCC_WARN_ABOUT_RETURN_TYPE = YES_ERROR;
				GCC_WARN_UNDECLARED_SELECTOR = YES;
				GCC_WARN_UNINITIALIZED_AUTOS = YES_AGGRESSIVE;
				GCC_WARN_UNUSED_FUNCTION = YES;
				GCC_WARN_UNUSED_VARIABLE = YES;
				IPHONEOS_DEPLOYMENT_TARGET = 7.0;
				MTL_ENABLE_DEBUG_INFO = YES;
				ONLY_ACTIVE_ARCH = YES;
				SDKROOT = iphoneos;
			};
			name = Debug;
		};
		B7C27E3C1A76AA8100DFB416 /* Release */ = {
			isa = XCBuildConfiguration;
			buildSettings = {
				ALWAYS_SEARCH_USER_PATHS = NO;
				CLANG_CXX_LANGUAGE_STANDARD = "gnu++0x";
				CLANG_CXX_LIBRARY = "libc++";
				CLANG_ENABLE_MODULES = YES;
				CLANG_ENABLE_OBJC_ARC = YES;
				CLANG_WARN_BOOL_CONVERSION = YES;
				CLANG_WARN_CONSTANT_CONVERSION = YES;
				CLANG_WARN_DIRECT_OBJC_ISA_USAGE = YES_ERROR;
				CLANG_WARN_EMPTY_BODY = YES;
				CLANG_WARN_ENUM_CONVERSION = YES;
				CLANG_WARN_INT_CONVERSION = YES;
				CLANG_WARN_OBJC_ROOT_CLASS = YES_ERROR;
				CLANG_WARN_UNREACHABLE_CODE = YES;
				CLANG_WARN__DUPLICATE_METHOD_MATCH = YES;
				"CODE_SIGN_IDENTITY[sdk=iphoneos*]" = "iPhone Developer";
				COPY_PHASE_STRIP = YES;
				ENABLE_NS_ASSERTIONS = NO;
				ENABLE_STRICT_OBJC_MSGSEND = YES;
				GCC_C_LANGUAGE_STANDARD = gnu99;
				GCC_WARN_64_TO_32_BIT_CONVERSION = YES;
				GCC_WARN_ABOUT_RETURN_TYPE = YES_ERROR;
				GCC_WARN_UNDECLARED_SELECTOR = YES;
				GCC_WARN_UNINITIALIZED_AUTOS = YES_AGGRESSIVE;
				GCC_WARN_UNUSED_FUNCTION = YES;
				GCC_WARN_UNUSED_VARIABLE = YES;
				IPHONEOS_DEPLOYMENT_TARGET = 7.0;
				MTL_ENABLE_DEBUG_INFO = NO;
				SDKROOT = iphoneos;
				VALIDATE_PRODUCT = YES;
			};
			name = Release;
		};
		B7C27E3E1A76AA8100DFB416 /* Debug */ = {
			isa = XCBuildConfiguration;
			buildSettings = {
				ASSETCATALOG_COMPILER_APPICON_NAME = AppIcon;
				ASSETCATALOG_COMPILER_LAUNCHIMAGE_NAME = LaunchImage;
				CODE_SIGN_IDENTITY = "iPhone Developer";
				"CODE_SIGN_IDENTITY[sdk=iphoneos*]" = "iPhone Developer";
				FRAMEWORK_SEARCH_PATHS = (
					"$(inherited)",
					"$(PROJECT_DIR)",
					"$(PROJECT_DIR)/MyMedsTests",
				);
				INFOPLIST_FILE = MyMeds/Info.plist;
				IPHONEOS_DEPLOYMENT_TARGET = 7.0;
				LD_RUNPATH_SEARCH_PATHS = "$(inherited) @executable_path/Frameworks";
				LIBRARY_SEARCH_PATHS = (
					"$(inherited)",
					"$(PROJECT_DIR)/MyMeds/Flurry",
					"$(PROJECT_DIR)/MyMeds",
					/Users/Rahul/Downloads/GoogleAnalyticsServicesiOS_3.12,
				);
				PRODUCT_NAME = "$(TARGET_NAME)";
				PROVISIONING_PROFILE = "";
			};
			name = Debug;
		};
		B7C27E3F1A76AA8100DFB416 /* Release */ = {
			isa = XCBuildConfiguration;
			buildSettings = {
				ASSETCATALOG_COMPILER_APPICON_NAME = AppIcon;
				ASSETCATALOG_COMPILER_LAUNCHIMAGE_NAME = LaunchImage;
				CODE_SIGN_IDENTITY = "iPhone Developer";
				"CODE_SIGN_IDENTITY[sdk=iphoneos*]" = "iPhone Developer";
				FRAMEWORK_SEARCH_PATHS = (
					"$(inherited)",
					"$(PROJECT_DIR)",
					"$(PROJECT_DIR)/MyMedsTests",
				);
				INFOPLIST_FILE = MyMeds/Info.plist;
				IPHONEOS_DEPLOYMENT_TARGET = 7.0;
				LD_RUNPATH_SEARCH_PATHS = "$(inherited) @executable_path/Frameworks";
				LIBRARY_SEARCH_PATHS = (
					"$(inherited)",
					"$(PROJECT_DIR)/MyMeds/Flurry",
					"$(PROJECT_DIR)/MyMeds",
					/Users/Rahul/Downloads/GoogleAnalyticsServicesiOS_3.12,
				);
				PRODUCT_NAME = "$(TARGET_NAME)";
				PROVISIONING_PROFILE = "";
			};
			name = Release;
		};
		B7C27E411A76AA8100DFB416 /* Debug */ = {
			isa = XCBuildConfiguration;
			buildSettings = {
				BUNDLE_LOADER = "$(TEST_HOST)";
				FRAMEWORK_SEARCH_PATHS = (
					"$(SDKROOT)/Developer/Library/Frameworks",
					"$(inherited)",
					"$(PROJECT_DIR)/MyMedsTests",
				);
				GCC_PREPROCESSOR_DEFINITIONS = (
					"DEBUG=1",
					"$(inherited)",
				);
				INFOPLIST_FILE = MyMedsTests/Info.plist;
				LD_RUNPATH_SEARCH_PATHS = "$(inherited) @executable_path/Frameworks @loader_path/Frameworks";
				LIBRARY_SEARCH_PATHS = (
					"$(inherited)",
					"$(PROJECT_DIR)/MyMeds",
				);
				PRODUCT_NAME = "$(TARGET_NAME)";
				TEST_HOST = "$(BUILT_PRODUCTS_DIR)/MyMeds.app/MyMeds";
			};
			name = Debug;
		};
		B7C27E421A76AA8100DFB416 /* Release */ = {
			isa = XCBuildConfiguration;
			buildSettings = {
				BUNDLE_LOADER = "$(TEST_HOST)";
				FRAMEWORK_SEARCH_PATHS = (
					"$(SDKROOT)/Developer/Library/Frameworks",
					"$(inherited)",
					"$(PROJECT_DIR)/MyMedsTests",
				);
				INFOPLIST_FILE = MyMedsTests/Info.plist;
				LD_RUNPATH_SEARCH_PATHS = "$(inherited) @executable_path/Frameworks @loader_path/Frameworks";
				LIBRARY_SEARCH_PATHS = (
					"$(inherited)",
					"$(PROJECT_DIR)/MyMeds",
				);
				PRODUCT_NAME = "$(TARGET_NAME)";
				TEST_HOST = "$(BUILT_PRODUCTS_DIR)/MyMeds.app/MyMeds";
			};
			name = Release;
		};
/* End XCBuildConfiguration section */

/* Begin XCConfigurationList section */
		B7C27E121A76AA8100DFB416 /* Build configuration list for PBXProject "MyMeds" */ = {
			isa = XCConfigurationList;
			buildConfigurations = (
				B7C27E3B1A76AA8100DFB416 /* Debug */,
				B7C27E3C1A76AA8100DFB416 /* Release */,
			);
			defaultConfigurationIsVisible = 0;
			defaultConfigurationName = Release;
		};
		B7C27E3D1A76AA8100DFB416 /* Build configuration list for PBXNativeTarget "MyMeds" */ = {
			isa = XCConfigurationList;
			buildConfigurations = (
				B7C27E3E1A76AA8100DFB416 /* Debug */,
				B7C27E3F1A76AA8100DFB416 /* Release */,
			);
			defaultConfigurationIsVisible = 0;
			defaultConfigurationName = Release;
		};
		B7C27E401A76AA8100DFB416 /* Build configuration list for PBXNativeTarget "MyMedsTests" */ = {
			isa = XCConfigurationList;
			buildConfigurations = (
				B7C27E411A76AA8100DFB416 /* Debug */,
				B7C27E421A76AA8100DFB416 /* Release */,
			);
			defaultConfigurationIsVisible = 0;
			defaultConfigurationName = Release;
		};
/* End XCConfigurationList section */
	};
	rootObject = B7C27E0F1A76AA8100DFB416 /* Project object */;
}
